// !$*UTF8*$!
{
	archiveVersion = 1;
	classes = {
	};
	objectVersion = 60;
	objects = {

/* Begin PBXBuildFile section */
		0C3BFD842C3118EA00A7D716 /* LonginesFirebase.framework in Frameworks */ = {isa = PBXBuildFile; fileRef = 0CE78EE82C2FFE1C00B4284B /* LonginesFirebase.framework */; };
		0C3BFD852C3118EA00A7D716 /* LonginesFirebase.framework in Embed Frameworks */ = {isa = PBXBuildFile; fileRef = 0CE78EE82C2FFE1C00B4284B /* LonginesFirebase.framework */; settings = {ATTRIBUTES = (CodeSignOnCopy, RemoveHeadersOnCopy, ); }; };
		0C3BFD882C31193C00A7D716 /* LKBannerAdsPlugin.swift in Sources */ = {isa = PBXBuildFile; fileRef = 0CC661462C3071D100E869A9 /* LKBannerAdsPlugin.swift */; };
		0C6B88342C3002FD00CA41AF /* LonginesKit.h in Headers */ = {isa = PBXBuildFile; fileRef = 21FFCC862C29508A00BD543A /* LonginesKit.h */; settings = {ATTRIBUTES = (Public, ); }; };
		0C6B88362C3002FD00CA41AF /* LKBaseView.swift in Sources */ = {isa = PBXBuildFile; fileRef = 21FFCCCB2C29717700BD543A /* LKBaseView.swift */; };
		0C6B88372C3002FD00CA41AF /* LKAppAppearance.swift in Sources */ = {isa = PBXBuildFile; fileRef = 21FFCC8F2C29510000BD543A /* LKAppAppearance.swift */; };
		0C6B88392C3002FD00CA41AF /* LKUserDefaultsWrapper.swift in Sources */ = {isa = PBXBuildFile; fileRef = 21FFCCC12C296DC900BD543A /* LKUserDefaultsWrapper.swift */; };
		0C6B883A2C3002FD00CA41AF /* UIStackView Ext.swift in Sources */ = {isa = PBXBuildFile; fileRef = 21FFCCC32C296ED800BD543A /* UIStackView Ext.swift */; };
		0C6B883B2C3002FD00CA41AF /* Bundle Ext.swift in Sources */ = {isa = PBXBuildFile; fileRef = 21FFCCB52C29661200BD543A /* Bundle Ext.swift */; };
		0C6B883C2C3002FD00CA41AF /* LKPluggableTool.swift in Sources */ = {isa = PBXBuildFile; fileRef = 0C898A7F2C2EB11B00296E0B /* LKPluggableTool.swift */; };
		0C6B883D2C3002FD00CA41AF /* UIColor Ext.swift in Sources */ = {isa = PBXBuildFile; fileRef = 21FFCCB72C2966C200BD543A /* UIColor Ext.swift */; };
		0C6B883E2C3002FD00CA41AF /* UIViewController Ext.swift in Sources */ = {isa = PBXBuildFile; fileRef = 21FFCCBF2C296AC300BD543A /* UIViewController Ext.swift */; };
		0C6B883F2C3002FD00CA41AF /* UIView Ext.swift in Sources */ = {isa = PBXBuildFile; fileRef = 21FFCCBB2C29681400BD543A /* UIView Ext.swift */; };
		0C6B88402C3002FD00CA41AF /* LKPluggableApplicationDelegate.swift in Sources */ = {isa = PBXBuildFile; fileRef = 0C898A7D2C2EB11B00296E0B /* LKPluggableApplicationDelegate.swift */; };
		0C6B88412C3002FD00CA41AF /* LKLoggingPrint.swift in Sources */ = {isa = PBXBuildFile; fileRef = 21FFCCB32C2964D100BD543A /* LKLoggingPrint.swift */; };
		0C6B88422C3002FD00CA41AF /* LKPluggableServiceProviderProtocol.swift in Sources */ = {isa = PBXBuildFile; fileRef = 0C898A7C2C2EB11B00296E0B /* LKPluggableServiceProviderProtocol.swift */; };
		0C6B88432C3002FD00CA41AF /* Data Ext.swift in Sources */ = {isa = PBXBuildFile; fileRef = 21FFCCBD2C296A6D00BD543A /* Data Ext.swift */; };
		0C6B88442C3002FD00CA41AF /* LKBaseNavigationController.swift in Sources */ = {isa = PBXBuildFile; fileRef = 21FFCCCD2C29717700BD543A /* LKBaseNavigationController.swift */; };
		0C6B88452C3002FD00CA41AF /* LKCell.swift in Sources */ = {isa = PBXBuildFile; fileRef = 21FFCCC52C296FA200BD543A /* LKCell.swift */; };
		0C6B88462C3002FD00CA41AF /* LKBaseViewController.swift in Sources */ = {isa = PBXBuildFile; fileRef = 21FFCCC82C2970DF00BD543A /* LKBaseViewController.swift */; };
		0C6B88472C3002FD00CA41AF /* Dictionary Ext.swift in Sources */ = {isa = PBXBuildFile; fileRef = 21FFCCB92C2967CE00BD543A /* Dictionary Ext.swift */; };
		0C6B884E2C3004D500CA41AF /* FirebaseCore.xcframework in Frameworks */ = {isa = PBXBuildFile; fileRef = 0C898AB52C2ED2E500296E0B /* FirebaseCore.xcframework */; };
		0C6B88502C3004D500CA41AF /* FBLPromises.xcframework in Frameworks */ = {isa = PBXBuildFile; fileRef = 0C898AB32C2ED2E500296E0B /* FBLPromises.xcframework */; };
		0C6B88522C3004D500CA41AF /* FirebaseABTesting.xcframework in Frameworks */ = {isa = PBXBuildFile; fileRef = 0C898AB42C2ED2E500296E0B /* FirebaseABTesting.xcframework */; };
		0C6B88542C3004D500CA41AF /* FirebaseAnalytics.xcframework in Frameworks */ = {isa = PBXBuildFile; fileRef = 0C898AEB2C2F1EBA00296E0B /* FirebaseAnalytics.xcframework */; };
		0C6B88562C3004D500CA41AF /* FirebaseCoreExtension.xcframework in Frameworks */ = {isa = PBXBuildFile; fileRef = 0C898AB62C2ED2E500296E0B /* FirebaseCoreExtension.xcframework */; };
		0C6B88582C3004D500CA41AF /* FirebaseCoreInternal.xcframework in Frameworks */ = {isa = PBXBuildFile; fileRef = 0C898B4E2C2F235F00296E0B /* FirebaseCoreInternal.xcframework */; };
		0C6B885A2C3004D500CA41AF /* FirebaseCrashlytics.xcframework in Frameworks */ = {isa = PBXBuildFile; fileRef = 0C898B4F2C2F235F00296E0B /* FirebaseCrashlytics.xcframework */; };
		0C6B885C2C3004D500CA41AF /* FirebaseInstallations.xcframework in Frameworks */ = {isa = PBXBuildFile; fileRef = 0C898AB72C2ED2E500296E0B /* FirebaseInstallations.xcframework */; };
		0C6B885E2C3004D500CA41AF /* FirebaseMessaging.xcframework in Frameworks */ = {isa = PBXBuildFile; fileRef = 0C898AB82C2ED2E500296E0B /* FirebaseMessaging.xcframework */; };
		0C6B88602C3004D500CA41AF /* FirebaseRemoteConfig.xcframework in Frameworks */ = {isa = PBXBuildFile; fileRef = 0C898AF52C2F1F1300296E0B /* FirebaseRemoteConfig.xcframework */; };
		0C6B88622C3004D500CA41AF /* FirebaseRemoteConfigInterop.xcframework in Frameworks */ = {isa = PBXBuildFile; fileRef = 0C898AB92C2ED2E500296E0B /* FirebaseRemoteConfigInterop.xcframework */; };
		0C6B88642C3004D600CA41AF /* FirebaseSessions.xcframework in Frameworks */ = {isa = PBXBuildFile; fileRef = 0C898B4D2C2F235F00296E0B /* FirebaseSessions.xcframework */; };
		0C6B88662C3004D600CA41AF /* FirebaseSharedSwift.xcframework in Frameworks */ = {isa = PBXBuildFile; fileRef = 0C898B502C2F235F00296E0B /* FirebaseSharedSwift.xcframework */; };
		0C6B88682C3004D600CA41AF /* GoogleAppMeasurement.xcframework in Frameworks */ = {isa = PBXBuildFile; fileRef = 0C898ABA2C2ED2E500296E0B /* GoogleAppMeasurement.xcframework */; };
		0C6B886A2C3004D600CA41AF /* GoogleAppMeasurementIdentitySupport.xcframework in Frameworks */ = {isa = PBXBuildFile; fileRef = 0C898ABB2C2ED2E500296E0B /* GoogleAppMeasurementIdentitySupport.xcframework */; };
		0C6B886C2C3004D600CA41AF /* GoogleDataTransport.xcframework in Frameworks */ = {isa = PBXBuildFile; fileRef = 0C898ABC2C2ED2E500296E0B /* GoogleDataTransport.xcframework */; };
		0C6B886E2C3004D600CA41AF /* GoogleMobileAds.xcframework in Frameworks */ = {isa = PBXBuildFile; fileRef = 0C898ABD2C2ED2E500296E0B /* GoogleMobileAds.xcframework */; };
		0C6B88702C3004D600CA41AF /* GoogleUtilities.xcframework in Frameworks */ = {isa = PBXBuildFile; fileRef = 0C898ABE2C2ED2E500296E0B /* GoogleUtilities.xcframework */; };
		0C6B88762C3004D600CA41AF /* nanopb.xcframework in Frameworks */ = {isa = PBXBuildFile; fileRef = 0C898ABF2C2ED2E500296E0B /* nanopb.xcframework */; };
		0C6B88782C3004D600CA41AF /* Promises.xcframework in Frameworks */ = {isa = PBXBuildFile; fileRef = 0C898AC02C2ED2E500296E0B /* Promises.xcframework */; };
		0C6B887A2C3004D600CA41AF /* UserMessagingPlatform.xcframework in Frameworks */ = {isa = PBXBuildFile; fileRef = 0C898AC12C2ED2E500296E0B /* UserMessagingPlatform.xcframework */; };
		0C6B887D2C30057E00CA41AF /* LonginesKit.framework in Frameworks */ = {isa = PBXBuildFile; fileRef = 0C6B884D2C3002FD00CA41AF /* LonginesKit.framework */; };
		0C6B88832C3038E000CA41AF /* LKPluggableApplicationDelegateService.swift in Sources */ = {isa = PBXBuildFile; fileRef = 0C898A7E2C2EB11B00296E0B /* LKPluggableApplicationDelegateService.swift */; };
		0C7B414F2C31B3890089E2D6 /* LKInterstitialAdsPlugin.swift in Sources */ = {isa = PBXBuildFile; fileRef = 0C7B414D2C31B37C0089E2D6 /* LKInterstitialAdsPlugin.swift */; };
		0C7B41532C31B8560089E2D6 /* LKRewardedAdsPlugin.swift in Sources */ = {isa = PBXBuildFile; fileRef = 0C7B41502C31B8480089E2D6 /* LKRewardedAdsPlugin.swift */; };
		0CC661442C306DDE00E869A9 /* LKAnalyticPlugin.swift in Sources */ = {isa = PBXBuildFile; fileRef = 0CC661422C306D9800E869A9 /* LKAnalyticPlugin.swift */; };
		0CC6614B2C30749F00E869A9 /* LKHelper.swift in Sources */ = {isa = PBXBuildFile; fileRef = 0CC6614A2C30749F00E869A9 /* LKHelper.swift */; };
		0CC661592C30787600E869A9 /* LonginesQonversion.docc in Sources */ = {isa = PBXBuildFile; fileRef = 0CC661582C30787600E869A9 /* LonginesQonversion.docc */; };
		0CC661672C30787700E869A9 /* LonginesQonversion.h in Headers */ = {isa = PBXBuildFile; fileRef = 0CC661572C30787600E869A9 /* LonginesQonversion.h */; settings = {ATTRIBUTES = (Public, ); }; };
		0CC661722C30789700E869A9 /* LonginesKit.framework in Frameworks */ = {isa = PBXBuildFile; fileRef = 0C6B884D2C3002FD00CA41AF /* LonginesKit.framework */; platformFilter = ios; };
		0CC6617A2C30797D00E869A9 /* Qonversion.xcframework in Frameworks */ = {isa = PBXBuildFile; fileRef = 0CC661792C30797D00E869A9 /* Qonversion.xcframework */; };
		0CC661812C3079A300E869A9 /* LKIAPPlugin.swift in Sources */ = {isa = PBXBuildFile; fileRef = 0CC6617D2C3079A300E869A9 /* LKIAPPlugin.swift */; };
		0CC661832C3079A300E869A9 /* LKIAPPurchaseModel.swift in Sources */ = {isa = PBXBuildFile; fileRef = 0CC6617F2C3079A300E869A9 /* LKIAPPurchaseModel.swift */; };
		0CC661842C3079A300E869A9 /* LKIAPModel.swift in Sources */ = {isa = PBXBuildFile; fileRef = 0CC661802C3079A300E869A9 /* LKIAPModel.swift */; };
		0CC661892C307C8D00E869A9 /* LKIAPError.swift in Sources */ = {isa = PBXBuildFile; fileRef = 0CC661872C307C2C00E869A9 /* LKIAPError.swift */; };
		0CC6618A2C307C9000E869A9 /* LKIAPEventTracking.swift in Sources */ = {isa = PBXBuildFile; fileRef = 0CC661852C307BC300E869A9 /* LKIAPEventTracking.swift */; };
		0CC6618D2C31012200E869A9 /* GoogleService-Info.plist in Resources */ = {isa = PBXBuildFile; fileRef = 0CC6618B2C3100BA00E869A9 /* GoogleService-Info.plist */; };
		0CC661912C31040A00E869A9 /* LonginesKit.framework in Frameworks */ = {isa = PBXBuildFile; fileRef = 0C6B884D2C3002FD00CA41AF /* LonginesKit.framework */; };
		0CC661922C31040A00E869A9 /* LonginesKit.framework in Embed Frameworks */ = {isa = PBXBuildFile; fileRef = 0C6B884D2C3002FD00CA41AF /* LonginesKit.framework */; settings = {ATTRIBUTES = (CodeSignOnCopy, RemoveHeadersOnCopy, ); }; };
		0CC661932C31041500E869A9 /* LonginesQonversion.framework in Frameworks */ = {isa = PBXBuildFile; fileRef = 0CC661552C30787600E869A9 /* LonginesQonversion.framework */; };
		0CC661942C31041500E869A9 /* LonginesQonversion.framework in Embed Frameworks */ = {isa = PBXBuildFile; fileRef = 0CC661552C30787600E869A9 /* LonginesQonversion.framework */; settings = {ATTRIBUTES = (CodeSignOnCopy, RemoveHeadersOnCopy, ); }; };
		0CC661992C31050200E869A9 /* Qonversion.xcframework in Frameworks */ = {isa = PBXBuildFile; fileRef = 0CC661792C30797D00E869A9 /* Qonversion.xcframework */; };
		0CC6619A2C31050200E869A9 /* Qonversion.xcframework in Embed Frameworks */ = {isa = PBXBuildFile; fileRef = 0CC661792C30797D00E869A9 /* Qonversion.xcframework */; settings = {ATTRIBUTES = (CodeSignOnCopy, RemoveHeadersOnCopy, ); }; };
		0CE78F342C30004A00B4284B /* LKFirebaseConfigPlugin.swift in Sources */ = {isa = PBXBuildFile; fileRef = 0C898AE52C2F1E0100296E0B /* LKFirebaseConfigPlugin.swift */; };
		0CE78F352C30004A00B4284B /* LKRemoteConfigPlugin.swift in Sources */ = {isa = PBXBuildFile; fileRef = 0C898AE32C2F1E0100296E0B /* LKRemoteConfigPlugin.swift */; };
		0CE78F362C30004A00B4284B /* LKUserPropertyPlugin.swift in Sources */ = {isa = PBXBuildFile; fileRef = 0C898AE42C2F1E0100296E0B /* LKUserPropertyPlugin.swift */; };
		0CFB004A2C461E1E007282D8 /* LonginesFirebase.framework in Frameworks */ = {isa = PBXBuildFile; fileRef = 0CE78EE82C2FFE1C00B4284B /* LonginesFirebase.framework */; };
		0CFB00782C463F39007282D8 /* LKNativeAdsPlugin.swift in Sources */ = {isa = PBXBuildFile; fileRef = 0CFB00762C463EF1007282D8 /* LKNativeAdsPlugin.swift */; };
		0CFB007A2C46450C007282D8 /* ReplayValueSubject.swift in Sources */ = {isa = PBXBuildFile; fileRef = 0CFB00792C46450C007282D8 /* ReplayValueSubject.swift */; };
		0CFB00902C468650007282D8 /* AdSupport.framework in Frameworks */ = {isa = PBXBuildFile; fileRef = 0CFB008E2C468650007282D8 /* AdSupport.framework */; };
		0CFB00912C468650007282D8 /* AdServices.framework in Frameworks */ = {isa = PBXBuildFile; fileRef = 0CFB008F2C468650007282D8 /* AdServices.framework */; };
		21FFCC9C2C295D9000BD543A /* AppDelegate.swift in Sources */ = {isa = PBXBuildFile; fileRef = 21FFCC9B2C295D9000BD543A /* AppDelegate.swift */; };
		21FFCCA02C295D9000BD543A /* HomeViewController.swift in Sources */ = {isa = PBXBuildFile; fileRef = 21FFCC9F2C295D9000BD543A /* HomeViewController.swift */; };
		21FFCCA52C295D9200BD543A /* Assets.xcassets in Resources */ = {isa = PBXBuildFile; fileRef = 21FFCCA42C295D9200BD543A /* Assets.xcassets */; };
		21FFCCA82C295D9200BD543A /* LaunchScreen.storyboard in Resources */ = {isa = PBXBuildFile; fileRef = 21FFCCA62C295D9200BD543A /* LaunchScreen.storyboard */; };
/* End PBXBuildFile section */

/* Begin PBXContainerItemProxy section */
		0C3BFD862C3118EA00A7D716 /* PBXContainerItemProxy */ = {
			isa = PBXContainerItemProxy;
			containerPortal = 21FFCC7A2C29508A00BD543A /* Project object */;
			proxyType = 1;
			remoteGlobalIDString = 0CE78EE72C2FFE1C00B4284B;
			remoteInfo = LonginesFirebase;
		};
		0C6B887F2C30057E00CA41AF /* PBXContainerItemProxy */ = {
			isa = PBXContainerItemProxy;
			containerPortal = 21FFCC7A2C29508A00BD543A /* Project object */;
			proxyType = 1;
			remoteGlobalIDString = 0C6B88322C3002FD00CA41AF;
			remoteInfo = "LonginesKit copy";
		};
		0CC6613A2C30653C00E869A9 /* PBXContainerItemProxy */ = {
			isa = PBXContainerItemProxy;
			containerPortal = 21FFCC7A2C29508A00BD543A /* Project object */;
			proxyType = 1;
			remoteGlobalIDString = 0C6B88322C3002FD00CA41AF;
			remoteInfo = LonginesKit;
		};
		0CC661742C30789700E869A9 /* PBXContainerItemProxy */ = {
			isa = PBXContainerItemProxy;
			containerPortal = 21FFCC7A2C29508A00BD543A /* Project object */;
			proxyType = 1;
			remoteGlobalIDString = 0C6B88322C3002FD00CA41AF;
			remoteInfo = LonginesKit;
		};
		0CC661952C31041500E869A9 /* PBXContainerItemProxy */ = {
			isa = PBXContainerItemProxy;
			containerPortal = 21FFCC7A2C29508A00BD543A /* Project object */;
			proxyType = 1;
			remoteGlobalIDString = 0CC661542C30787600E869A9;
			remoteInfo = LonginesQonversion;
		};
		0CFB004C2C461E1E007282D8 /* PBXContainerItemProxy */ = {
			isa = PBXContainerItemProxy;
			containerPortal = 21FFCC7A2C29508A00BD543A /* Project object */;
			proxyType = 1;
			remoteGlobalIDString = 0CE78EE72C2FFE1C00B4284B;
			remoteInfo = LonginesFirebase;
		};
/* End PBXContainerItemProxy section */

/* Begin PBXCopyFilesBuildPhase section */
		0CC661902C31040800E869A9 /* Embed Frameworks */ = {
			isa = PBXCopyFilesBuildPhase;
			buildActionMask = 2147483647;
			dstPath = "";
			dstSubfolderSpec = 10;
			files = (
				0CC661942C31041500E869A9 /* LonginesQonversion.framework in Embed Frameworks */,
				0CC6619A2C31050200E869A9 /* Qonversion.xcframework in Embed Frameworks */,
				0C3BFD852C3118EA00A7D716 /* LonginesFirebase.framework in Embed Frameworks */,
				0CC661922C31040A00E869A9 /* LonginesKit.framework in Embed Frameworks */,
			);
			name = "Embed Frameworks";
			runOnlyForDeploymentPostprocessing = 0;
		};
/* End PBXCopyFilesBuildPhase section */

/* Begin PBXFileReference section */
		0C6B884D2C3002FD00CA41AF /* LonginesKit.framework */ = {isa = PBXFileReference; explicitFileType = wrapper.framework; includeInIndex = 0; path = LonginesKit.framework; sourceTree = BUILT_PRODUCTS_DIR; };
		0C7B414D2C31B37C0089E2D6 /* LKInterstitialAdsPlugin.swift */ = {isa = PBXFileReference; lastKnownFileType = sourcecode.swift; path = LKInterstitialAdsPlugin.swift; sourceTree = "<group>"; };
		0C7B41502C31B8480089E2D6 /* LKRewardedAdsPlugin.swift */ = {isa = PBXFileReference; lastKnownFileType = sourcecode.swift; path = LKRewardedAdsPlugin.swift; sourceTree = "<group>"; };
		0C898A7C2C2EB11B00296E0B /* LKPluggableServiceProviderProtocol.swift */ = {isa = PBXFileReference; fileEncoding = 4; lastKnownFileType = sourcecode.swift; path = LKPluggableServiceProviderProtocol.swift; sourceTree = "<group>"; };
		0C898A7D2C2EB11B00296E0B /* LKPluggableApplicationDelegate.swift */ = {isa = PBXFileReference; fileEncoding = 4; lastKnownFileType = sourcecode.swift; path = LKPluggableApplicationDelegate.swift; sourceTree = "<group>"; };
		0C898A7E2C2EB11B00296E0B /* LKPluggableApplicationDelegateService.swift */ = {isa = PBXFileReference; fileEncoding = 4; lastKnownFileType = sourcecode.swift; path = LKPluggableApplicationDelegateService.swift; sourceTree = "<group>"; };
		0C898A7F2C2EB11B00296E0B /* LKPluggableTool.swift */ = {isa = PBXFileReference; fileEncoding = 4; lastKnownFileType = sourcecode.swift; path = LKPluggableTool.swift; sourceTree = "<group>"; };
		0C898A922C2ED2C900296E0B /* LonginesFirebase.h */ = {isa = PBXFileReference; lastKnownFileType = sourcecode.c.h; path = LonginesFirebase.h; sourceTree = "<group>"; };
		0C898A932C2ED2C900296E0B /* LonginesFirebase.docc */ = {isa = PBXFileReference; lastKnownFileType = folder.documentationcatalog; path = LonginesFirebase.docc; sourceTree = "<group>"; };
		0C898AAD2C2ED2E500296E0B /* Firebase.framework */ = {isa = PBXFileReference; lastKnownFileType = wrapper.framework; path = Firebase.framework; sourceTree = "<group>"; };
		0C898AAE2C2ED2E500296E0B /* Protobuf.framework */ = {isa = PBXFileReference; lastKnownFileType = wrapper.framework; path = Protobuf.framework; sourceTree = "<group>"; };
		0C898AB02C2ED2E500296E0B /* .FirebaseAdMobBinary.version */ = {isa = PBXFileReference; lastKnownFileType = text; path = .FirebaseAdMobBinary.version; sourceTree = "<group>"; };
		0C898AB12C2ED2E500296E0B /* .FirebaseMessagingBinary.version */ = {isa = PBXFileReference; lastKnownFileType = text; path = .FirebaseMessagingBinary.version; sourceTree = "<group>"; };
		0C898AB22C2ED2E500296E0B /* .FirebaseProtobufBinary.version */ = {isa = PBXFileReference; lastKnownFileType = text; path = .FirebaseProtobufBinary.version; sourceTree = "<group>"; };
		0C898AB32C2ED2E500296E0B /* FBLPromises.xcframework */ = {isa = PBXFileReference; expectedSignature = "AppleDeveloperProgram:EQHXZ8M8AV:Google LLC"; lastKnownFileType = wrapper.xcframework; path = FBLPromises.xcframework; sourceTree = "<group>"; };
		0C898AB42C2ED2E500296E0B /* FirebaseABTesting.xcframework */ = {isa = PBXFileReference; expectedSignature = "AppleDeveloperProgram:EQHXZ8M8AV:Google LLC"; lastKnownFileType = wrapper.xcframework; path = FirebaseABTesting.xcframework; sourceTree = "<group>"; };
		0C898AB52C2ED2E500296E0B /* FirebaseCore.xcframework */ = {isa = PBXFileReference; expectedSignature = "AppleDeveloperProgram:EQHXZ8M8AV:Google LLC"; lastKnownFileType = wrapper.xcframework; path = FirebaseCore.xcframework; sourceTree = "<group>"; };
		0C898AB62C2ED2E500296E0B /* FirebaseCoreExtension.xcframework */ = {isa = PBXFileReference; expectedSignature = "AppleDeveloperProgram:EQHXZ8M8AV:Google LLC"; lastKnownFileType = wrapper.xcframework; path = FirebaseCoreExtension.xcframework; sourceTree = "<group>"; };
		0C898AB72C2ED2E500296E0B /* FirebaseInstallations.xcframework */ = {isa = PBXFileReference; expectedSignature = "AppleDeveloperProgram:EQHXZ8M8AV:Google LLC"; lastKnownFileType = wrapper.xcframework; path = FirebaseInstallations.xcframework; sourceTree = "<group>"; };
		0C898AB82C2ED2E500296E0B /* FirebaseMessaging.xcframework */ = {isa = PBXFileReference; expectedSignature = "AppleDeveloperProgram:EQHXZ8M8AV:Google LLC"; lastKnownFileType = wrapper.xcframework; path = FirebaseMessaging.xcframework; sourceTree = "<group>"; };
		0C898AB92C2ED2E500296E0B /* FirebaseRemoteConfigInterop.xcframework */ = {isa = PBXFileReference; expectedSignature = "AppleDeveloperProgram:EQHXZ8M8AV:Google LLC"; lastKnownFileType = wrapper.xcframework; path = FirebaseRemoteConfigInterop.xcframework; sourceTree = "<group>"; };
		0C898ABA2C2ED2E500296E0B /* GoogleAppMeasurement.xcframework */ = {isa = PBXFileReference; expectedSignature = "AppleDeveloperProgram:EQHXZ8M8AV:Google LLC"; lastKnownFileType = wrapper.xcframework; path = GoogleAppMeasurement.xcframework; sourceTree = "<group>"; };
		0C898ABB2C2ED2E500296E0B /* GoogleAppMeasurementIdentitySupport.xcframework */ = {isa = PBXFileReference; expectedSignature = "AppleDeveloperProgram:EQHXZ8M8AV:Google LLC"; lastKnownFileType = wrapper.xcframework; path = GoogleAppMeasurementIdentitySupport.xcframework; sourceTree = "<group>"; };
		0C898ABC2C2ED2E500296E0B /* GoogleDataTransport.xcframework */ = {isa = PBXFileReference; expectedSignature = "AppleDeveloperProgram:EQHXZ8M8AV:Google LLC"; lastKnownFileType = wrapper.xcframework; path = GoogleDataTransport.xcframework; sourceTree = "<group>"; };
		0C898ABD2C2ED2E500296E0B /* GoogleMobileAds.xcframework */ = {isa = PBXFileReference; expectedSignature = "AppleDeveloperProgram:EQHXZ8M8AV:Google LLC"; lastKnownFileType = wrapper.xcframework; path = GoogleMobileAds.xcframework; sourceTree = "<group>"; };
		0C898ABE2C2ED2E500296E0B /* GoogleUtilities.xcframework */ = {isa = PBXFileReference; expectedSignature = "AppleDeveloperProgram:EQHXZ8M8AV:Google LLC"; lastKnownFileType = wrapper.xcframework; path = GoogleUtilities.xcframework; sourceTree = "<group>"; };
		0C898ABF2C2ED2E500296E0B /* nanopb.xcframework */ = {isa = PBXFileReference; expectedSignature = "AppleDeveloperProgram:EQHXZ8M8AV:Google LLC"; lastKnownFileType = wrapper.xcframework; path = nanopb.xcframework; sourceTree = "<group>"; };
		0C898AC02C2ED2E500296E0B /* Promises.xcframework */ = {isa = PBXFileReference; expectedSignature = "AppleDeveloperProgram:EQHXZ8M8AV:Google LLC"; lastKnownFileType = wrapper.xcframework; path = Promises.xcframework; sourceTree = "<group>"; };
		0C898AC12C2ED2E500296E0B /* UserMessagingPlatform.xcframework */ = {isa = PBXFileReference; expectedSignature = "AppleDeveloperProgram:EQHXZ8M8AV:Google LLC"; lastKnownFileType = wrapper.xcframework; path = UserMessagingPlatform.xcframework; sourceTree = "<group>"; };
		0C898AE32C2F1E0100296E0B /* LKRemoteConfigPlugin.swift */ = {isa = PBXFileReference; fileEncoding = 4; lastKnownFileType = sourcecode.swift; path = LKRemoteConfigPlugin.swift; sourceTree = "<group>"; };
		0C898AE42C2F1E0100296E0B /* LKUserPropertyPlugin.swift */ = {isa = PBXFileReference; fileEncoding = 4; lastKnownFileType = sourcecode.swift; path = LKUserPropertyPlugin.swift; sourceTree = "<group>"; };
		0C898AE52C2F1E0100296E0B /* LKFirebaseConfigPlugin.swift */ = {isa = PBXFileReference; fileEncoding = 4; lastKnownFileType = sourcecode.swift; path = LKFirebaseConfigPlugin.swift; sourceTree = "<group>"; };
		0C898AEB2C2F1EBA00296E0B /* FirebaseAnalytics.xcframework */ = {isa = PBXFileReference; expectedSignature = "AppleDeveloperProgram:EQHXZ8M8AV:Google LLC"; lastKnownFileType = wrapper.xcframework; name = FirebaseAnalytics.xcframework; path = Carthage/Build/FirebaseAnalytics.xcframework; sourceTree = "<group>"; };
		0C898AF52C2F1F1300296E0B /* FirebaseRemoteConfig.xcframework */ = {isa = PBXFileReference; expectedSignature = "AppleDeveloperProgram:EQHXZ8M8AV:Google LLC"; lastKnownFileType = wrapper.xcframework; name = FirebaseRemoteConfig.xcframework; path = Carthage/Build/FirebaseRemoteConfig.xcframework; sourceTree = "<group>"; };
		0C898B4D2C2F235F00296E0B /* FirebaseSessions.xcframework */ = {isa = PBXFileReference; expectedSignature = "AppleDeveloperProgram:EQHXZ8M8AV:Google LLC"; lastKnownFileType = wrapper.xcframework; name = FirebaseSessions.xcframework; path = Carthage/Build/FirebaseSessions.xcframework; sourceTree = "<group>"; };
		0C898B4E2C2F235F00296E0B /* FirebaseCoreInternal.xcframework */ = {isa = PBXFileReference; expectedSignature = "AppleDeveloperProgram:EQHXZ8M8AV:Google LLC"; lastKnownFileType = wrapper.xcframework; name = FirebaseCoreInternal.xcframework; path = Carthage/Build/FirebaseCoreInternal.xcframework; sourceTree = "<group>"; };
		0C898B4F2C2F235F00296E0B /* FirebaseCrashlytics.xcframework */ = {isa = PBXFileReference; expectedSignature = "AppleDeveloperProgram:EQHXZ8M8AV:Google LLC"; lastKnownFileType = wrapper.xcframework; name = FirebaseCrashlytics.xcframework; path = Carthage/Build/FirebaseCrashlytics.xcframework; sourceTree = "<group>"; };
		0C898B502C2F235F00296E0B /* FirebaseSharedSwift.xcframework */ = {isa = PBXFileReference; expectedSignature = "AppleDeveloperProgram:EQHXZ8M8AV:Google LLC"; lastKnownFileType = wrapper.xcframework; name = FirebaseSharedSwift.xcframework; path = Carthage/Build/FirebaseSharedSwift.xcframework; sourceTree = "<group>"; };
		0C898B8E2C2F29D100296E0B /* libc++.tbd */ = {isa = PBXFileReference; lastKnownFileType = "sourcecode.text-based-dylib-definition"; name = "libc++.tbd"; path = "usr/lib/libc++.tbd"; sourceTree = SDKROOT; };
		0C898B902C2F29E000296E0B /* libsqlite3.tbd */ = {isa = PBXFileReference; lastKnownFileType = "sourcecode.text-based-dylib-definition"; name = libsqlite3.tbd; path = usr/lib/libsqlite3.tbd; sourceTree = SDKROOT; };
		0C898B922C2F29F000296E0B /* libz.tbd */ = {isa = PBXFileReference; lastKnownFileType = "sourcecode.text-based-dylib-definition"; name = libz.tbd; path = usr/lib/libz.tbd; sourceTree = SDKROOT; };
		0CC661422C306D9800E869A9 /* LKAnalyticPlugin.swift */ = {isa = PBXFileReference; lastKnownFileType = sourcecode.swift; path = LKAnalyticPlugin.swift; sourceTree = "<group>"; };
		0CC661462C3071D100E869A9 /* LKBannerAdsPlugin.swift */ = {isa = PBXFileReference; lastKnownFileType = sourcecode.swift; path = LKBannerAdsPlugin.swift; sourceTree = "<group>"; };
		0CC6614A2C30749F00E869A9 /* LKHelper.swift */ = {isa = PBXFileReference; lastKnownFileType = sourcecode.swift; path = LKHelper.swift; sourceTree = "<group>"; };
		0CC661552C30787600E869A9 /* LonginesQonversion.framework */ = {isa = PBXFileReference; explicitFileType = wrapper.framework; includeInIndex = 0; path = LonginesQonversion.framework; sourceTree = BUILT_PRODUCTS_DIR; };
		0CC661572C30787600E869A9 /* LonginesQonversion.h */ = {isa = PBXFileReference; lastKnownFileType = sourcecode.c.h; path = LonginesQonversion.h; sourceTree = "<group>"; };
		0CC661582C30787600E869A9 /* LonginesQonversion.docc */ = {isa = PBXFileReference; lastKnownFileType = folder.documentationcatalog; path = LonginesQonversion.docc; sourceTree = "<group>"; };
		0CC661652C30787700E869A9 /* LonginesQonversionTests.swift */ = {isa = PBXFileReference; lastKnownFileType = sourcecode.swift; path = LonginesQonversionTests.swift; sourceTree = "<group>"; };
		0CC661792C30797D00E869A9 /* Qonversion.xcframework */ = {isa = PBXFileReference; lastKnownFileType = wrapper.xcframework; name = Qonversion.xcframework; path = Carthage/Build/Qonversion.xcframework; sourceTree = "<group>"; };
		0CC6617D2C3079A300E869A9 /* LKIAPPlugin.swift */ = {isa = PBXFileReference; fileEncoding = 4; lastKnownFileType = sourcecode.swift; path = LKIAPPlugin.swift; sourceTree = "<group>"; };
		0CC6617F2C3079A300E869A9 /* LKIAPPurchaseModel.swift */ = {isa = PBXFileReference; fileEncoding = 4; lastKnownFileType = sourcecode.swift; path = LKIAPPurchaseModel.swift; sourceTree = "<group>"; };
		0CC661802C3079A300E869A9 /* LKIAPModel.swift */ = {isa = PBXFileReference; fileEncoding = 4; lastKnownFileType = sourcecode.swift; path = LKIAPModel.swift; sourceTree = "<group>"; };
		0CC661852C307BC300E869A9 /* LKIAPEventTracking.swift */ = {isa = PBXFileReference; lastKnownFileType = sourcecode.swift; path = LKIAPEventTracking.swift; sourceTree = "<group>"; };
		0CC661872C307C2C00E869A9 /* LKIAPError.swift */ = {isa = PBXFileReference; lastKnownFileType = sourcecode.swift; path = LKIAPError.swift; sourceTree = "<group>"; };
		0CC6618B2C3100BA00E869A9 /* GoogleService-Info.plist */ = {isa = PBXFileReference; fileEncoding = 4; lastKnownFileType = text.plist.xml; path = "GoogleService-Info.plist"; sourceTree = "<group>"; };
		0CE78EE82C2FFE1C00B4284B /* LonginesFirebase.framework */ = {isa = PBXFileReference; explicitFileType = wrapper.framework; includeInIndex = 0; path = LonginesFirebase.framework; sourceTree = BUILT_PRODUCTS_DIR; };
		0CFB00762C463EF1007282D8 /* LKNativeAdsPlugin.swift */ = {isa = PBXFileReference; lastKnownFileType = sourcecode.swift; path = LKNativeAdsPlugin.swift; sourceTree = "<group>"; };
		0CFB00792C46450C007282D8 /* ReplayValueSubject.swift */ = {isa = PBXFileReference; lastKnownFileType = sourcecode.swift; path = ReplayValueSubject.swift; sourceTree = "<group>"; };
		0CFB008E2C468650007282D8 /* AdSupport.framework */ = {isa = PBXFileReference; lastKnownFileType = wrapper.framework; name = AdSupport.framework; path = System/Library/Frameworks/AdSupport.framework; sourceTree = SDKROOT; };
		0CFB008F2C468650007282D8 /* AdServices.framework */ = {isa = PBXFileReference; lastKnownFileType = wrapper.framework; name = AdServices.framework; path = System/Library/Frameworks/AdServices.framework; sourceTree = SDKROOT; };
		21FFCC862C29508A00BD543A /* LonginesKit.h */ = {isa = PBXFileReference; lastKnownFileType = sourcecode.c.h; path = LonginesKit.h; sourceTree = "<group>"; };
		21FFCC8F2C29510000BD543A /* LKAppAppearance.swift */ = {isa = PBXFileReference; lastKnownFileType = sourcecode.swift; path = LKAppAppearance.swift; sourceTree = "<group>"; };
		21FFCC992C295D9000BD543A /* AppSample.app */ = {isa = PBXFileReference; explicitFileType = wrapper.application; includeInIndex = 0; path = AppSample.app; sourceTree = BUILT_PRODUCTS_DIR; };
		21FFCC9B2C295D9000BD543A /* AppDelegate.swift */ = {isa = PBXFileReference; lastKnownFileType = sourcecode.swift; path = AppDelegate.swift; sourceTree = "<group>"; };
		21FFCC9F2C295D9000BD543A /* HomeViewController.swift */ = {isa = PBXFileReference; lastKnownFileType = sourcecode.swift; path = HomeViewController.swift; sourceTree = "<group>"; };
		21FFCCA42C295D9200BD543A /* Assets.xcassets */ = {isa = PBXFileReference; lastKnownFileType = folder.assetcatalog; path = Assets.xcassets; sourceTree = "<group>"; };
		21FFCCA72C295D9200BD543A /* Base */ = {isa = PBXFileReference; lastKnownFileType = file.storyboard; name = Base; path = Base.lproj/LaunchScreen.storyboard; sourceTree = "<group>"; };
		21FFCCA92C295D9200BD543A /* Info.plist */ = {isa = PBXFileReference; lastKnownFileType = text.plist.xml; path = Info.plist; sourceTree = "<group>"; };
		21FFCCB32C2964D100BD543A /* LKLoggingPrint.swift */ = {isa = PBXFileReference; fileEncoding = 4; lastKnownFileType = sourcecode.swift; path = LKLoggingPrint.swift; sourceTree = "<group>"; };
		21FFCCB52C29661200BD543A /* Bundle Ext.swift */ = {isa = PBXFileReference; lastKnownFileType = sourcecode.swift; path = "Bundle Ext.swift"; sourceTree = "<group>"; };
		21FFCCB72C2966C200BD543A /* UIColor Ext.swift */ = {isa = PBXFileReference; lastKnownFileType = sourcecode.swift; path = "UIColor Ext.swift"; sourceTree = "<group>"; };
		21FFCCB92C2967CE00BD543A /* Dictionary Ext.swift */ = {isa = PBXFileReference; lastKnownFileType = sourcecode.swift; path = "Dictionary Ext.swift"; sourceTree = "<group>"; };
		21FFCCBB2C29681400BD543A /* UIView Ext.swift */ = {isa = PBXFileReference; lastKnownFileType = sourcecode.swift; path = "UIView Ext.swift"; sourceTree = "<group>"; };
		21FFCCBD2C296A6D00BD543A /* Data Ext.swift */ = {isa = PBXFileReference; lastKnownFileType = sourcecode.swift; path = "Data Ext.swift"; sourceTree = "<group>"; };
		21FFCCBF2C296AC300BD543A /* UIViewController Ext.swift */ = {isa = PBXFileReference; lastKnownFileType = sourcecode.swift; path = "UIViewController Ext.swift"; sourceTree = "<group>"; };
		21FFCCC12C296DC900BD543A /* LKUserDefaultsWrapper.swift */ = {isa = PBXFileReference; lastKnownFileType = sourcecode.swift; path = LKUserDefaultsWrapper.swift; sourceTree = "<group>"; };
		21FFCCC32C296ED800BD543A /* UIStackView Ext.swift */ = {isa = PBXFileReference; lastKnownFileType = sourcecode.swift; path = "UIStackView Ext.swift"; sourceTree = "<group>"; };
		21FFCCC52C296FA200BD543A /* LKCell.swift */ = {isa = PBXFileReference; lastKnownFileType = sourcecode.swift; path = LKCell.swift; sourceTree = "<group>"; };
		21FFCCC82C2970DF00BD543A /* LKBaseViewController.swift */ = {isa = PBXFileReference; lastKnownFileType = sourcecode.swift; path = LKBaseViewController.swift; sourceTree = "<group>"; };
		21FFCCCB2C29717700BD543A /* LKBaseView.swift */ = {isa = PBXFileReference; fileEncoding = 4; lastKnownFileType = sourcecode.swift; path = LKBaseView.swift; sourceTree = "<group>"; };
		21FFCCCD2C29717700BD543A /* LKBaseNavigationController.swift */ = {isa = PBXFileReference; fileEncoding = 4; lastKnownFileType = sourcecode.swift; path = LKBaseNavigationController.swift; sourceTree = "<group>"; };
/* End PBXFileReference section */

/* Begin PBXFrameworksBuildPhase section */
		0C6B88482C3002FD00CA41AF /* Frameworks */ = {
			isa = PBXFrameworksBuildPhase;
			buildActionMask = 2147483647;
			files = (
			);
			runOnlyForDeploymentPostprocessing = 0;
		};
		0CC661522C30787600E869A9 /* Frameworks */ = {
			isa = PBXFrameworksBuildPhase;
			buildActionMask = 2147483647;
			files = (
				0CFB004A2C461E1E007282D8 /* LonginesFirebase.framework in Frameworks */,
				0CC661722C30789700E869A9 /* LonginesKit.framework in Frameworks */,
				0CC6617A2C30797D00E869A9 /* Qonversion.xcframework in Frameworks */,
			);
			runOnlyForDeploymentPostprocessing = 0;
		};
		0CE78EE52C2FFE1C00B4284B /* Frameworks */ = {
			isa = PBXFrameworksBuildPhase;
			buildActionMask = 2147483647;
			files = (
				0C6B88682C3004D600CA41AF /* GoogleAppMeasurement.xcframework in Frameworks */,
				0C6B886A2C3004D600CA41AF /* GoogleAppMeasurementIdentitySupport.xcframework in Frameworks */,
				0C6B88662C3004D600CA41AF /* FirebaseSharedSwift.xcframework in Frameworks */,
				0C6B88562C3004D500CA41AF /* FirebaseCoreExtension.xcframework in Frameworks */,
				0C6B88522C3004D500CA41AF /* FirebaseABTesting.xcframework in Frameworks */,
				0C6B887A2C3004D600CA41AF /* UserMessagingPlatform.xcframework in Frameworks */,
				0CFB00902C468650007282D8 /* AdSupport.framework in Frameworks */,
				0C6B88702C3004D600CA41AF /* GoogleUtilities.xcframework in Frameworks */,
				0C6B88762C3004D600CA41AF /* nanopb.xcframework in Frameworks */,
				0C6B887D2C30057E00CA41AF /* LonginesKit.framework in Frameworks */,
				0C6B88602C3004D500CA41AF /* FirebaseRemoteConfig.xcframework in Frameworks */,
				0C6B88622C3004D500CA41AF /* FirebaseRemoteConfigInterop.xcframework in Frameworks */,
				0C6B885C2C3004D500CA41AF /* FirebaseInstallations.xcframework in Frameworks */,
				0C6B88582C3004D500CA41AF /* FirebaseCoreInternal.xcframework in Frameworks */,
				0C6B885A2C3004D500CA41AF /* FirebaseCrashlytics.xcframework in Frameworks */,
				0C6B88782C3004D600CA41AF /* Promises.xcframework in Frameworks */,
				0C6B886E2C3004D600CA41AF /* GoogleMobileAds.xcframework in Frameworks */,
				0CFB00912C468650007282D8 /* AdServices.framework in Frameworks */,
				0C6B886C2C3004D600CA41AF /* GoogleDataTransport.xcframework in Frameworks */,
				0C6B88542C3004D500CA41AF /* FirebaseAnalytics.xcframework in Frameworks */,
				0C6B88502C3004D500CA41AF /* FBLPromises.xcframework in Frameworks */,
				0C6B885E2C3004D500CA41AF /* FirebaseMessaging.xcframework in Frameworks */,
				0C6B884E2C3004D500CA41AF /* FirebaseCore.xcframework in Frameworks */,
				0C6B88642C3004D600CA41AF /* FirebaseSessions.xcframework in Frameworks */,
			);
			runOnlyForDeploymentPostprocessing = 0;
		};
		21FFCC962C295D9000BD543A /* Frameworks */ = {
			isa = PBXFrameworksBuildPhase;
			buildActionMask = 2147483647;
			files = (
				0CC661932C31041500E869A9 /* LonginesQonversion.framework in Frameworks */,
				0CC661992C31050200E869A9 /* Qonversion.xcframework in Frameworks */,
				0C3BFD842C3118EA00A7D716 /* LonginesFirebase.framework in Frameworks */,
				0CC661912C31040A00E869A9 /* LonginesKit.framework in Frameworks */,
			);
			runOnlyForDeploymentPostprocessing = 0;
		};
/* End PBXFrameworksBuildPhase section */

/* Begin PBXGroup section */
		0C898A7B2C2EB0C500296E0B /* Pluggable */ = {
			isa = PBXGroup;
			children = (
				0C898A7E2C2EB11B00296E0B /* LKPluggableApplicationDelegateService.swift */,
				0C898A7D2C2EB11B00296E0B /* LKPluggableApplicationDelegate.swift */,
				0C898A7C2C2EB11B00296E0B /* LKPluggableServiceProviderProtocol.swift */,
				0C898A7F2C2EB11B00296E0B /* LKPluggableTool.swift */,
			);
			path = Pluggable;
			sourceTree = "<group>";
		};
		0C898A912C2ED2C900296E0B /* LonginesFirebase */ = {
			isa = PBXGroup;
			children = (
				0C898A922C2ED2C900296E0B /* LonginesFirebase.h */,
				0C898A932C2ED2C900296E0B /* LonginesFirebase.docc */,
			);
			path = LonginesFirebase;
			sourceTree = "<group>";
		};
		0C898AAF2C2ED2E500296E0B /* iOS */ = {
			isa = PBXGroup;
			children = (
				0C898AAD2C2ED2E500296E0B /* Firebase.framework */,
				0C898AAE2C2ED2E500296E0B /* Protobuf.framework */,
			);
			path = iOS;
			sourceTree = "<group>";
		};
		0C898AC22C2ED2E500296E0B /* Build */ = {
			isa = PBXGroup;
			children = (
				0C898AAF2C2ED2E500296E0B /* iOS */,
				0C898AB02C2ED2E500296E0B /* .FirebaseAdMobBinary.version */,
				0C898AB12C2ED2E500296E0B /* .FirebaseMessagingBinary.version */,
				0C898AB22C2ED2E500296E0B /* .FirebaseProtobufBinary.version */,
				0C898AB32C2ED2E500296E0B /* FBLPromises.xcframework */,
				0C898AB42C2ED2E500296E0B /* FirebaseABTesting.xcframework */,
				0C898AB52C2ED2E500296E0B /* FirebaseCore.xcframework */,
				0C898AB62C2ED2E500296E0B /* FirebaseCoreExtension.xcframework */,
				0C898AB72C2ED2E500296E0B /* FirebaseInstallations.xcframework */,
				0C898AB82C2ED2E500296E0B /* FirebaseMessaging.xcframework */,
				0C898AB92C2ED2E500296E0B /* FirebaseRemoteConfigInterop.xcframework */,
				0C898ABA2C2ED2E500296E0B /* GoogleAppMeasurement.xcframework */,
				0C898ABB2C2ED2E500296E0B /* GoogleAppMeasurementIdentitySupport.xcframework */,
				0C898ABC2C2ED2E500296E0B /* GoogleDataTransport.xcframework */,
				0C898ABD2C2ED2E500296E0B /* GoogleMobileAds.xcframework */,
				0C898ABE2C2ED2E500296E0B /* GoogleUtilities.xcframework */,
				0C898ABF2C2ED2E500296E0B /* nanopb.xcframework */,
				0C898AC02C2ED2E500296E0B /* Promises.xcframework */,
				0C898AC12C2ED2E500296E0B /* UserMessagingPlatform.xcframework */,
			);
			name = Build;
			path = Carthage/Build;
			sourceTree = "<group>";
		};
		0C898AE22C2F1DEA00296E0B /* Firebase */ = {
			isa = PBXGroup;
			children = (
				0CC6618B2C3100BA00E869A9 /* GoogleService-Info.plist */,
				0CC661452C3070EC00E869A9 /* Ads */,
				0C898AE52C2F1E0100296E0B /* LKFirebaseConfigPlugin.swift */,
				0C898AE32C2F1E0100296E0B /* LKRemoteConfigPlugin.swift */,
				0C898AE42C2F1E0100296E0B /* LKUserPropertyPlugin.swift */,
				0CC661422C306D9800E869A9 /* LKAnalyticPlugin.swift */,
			);
			path = Firebase;
			sourceTree = "<group>";
		};
		0CC661452C3070EC00E869A9 /* Ads */ = {
			isa = PBXGroup;
			children = (
				0CC661462C3071D100E869A9 /* LKBannerAdsPlugin.swift */,
				0C7B414D2C31B37C0089E2D6 /* LKInterstitialAdsPlugin.swift */,
				0C7B41502C31B8480089E2D6 /* LKRewardedAdsPlugin.swift */,
				0CFB00762C463EF1007282D8 /* LKNativeAdsPlugin.swift */,
			);
			path = Ads;
			sourceTree = "<group>";
		};
		0CC661562C30787600E869A9 /* LonginesQonversion */ = {
			isa = PBXGroup;
			children = (
				0CC661572C30787600E869A9 /* LonginesQonversion.h */,
				0CC661582C30787600E869A9 /* LonginesQonversion.docc */,
			);
			path = LonginesQonversion;
			sourceTree = "<group>";
		};
		0CC661642C30787700E869A9 /* LonginesQonversionTests */ = {
			isa = PBXGroup;
			children = (
				0CC661652C30787700E869A9 /* LonginesQonversionTests.swift */,
			);
			path = LonginesQonversionTests;
			sourceTree = "<group>";
		};
		0CC661772C3078C400E869A9 /* LonginesKit */ = {
			isa = PBXGroup;
			children = (
				21FFCCC72C2970D900BD543A /* Base */,
				21FFCC8F2C29510000BD543A /* LKAppAppearance.swift */,
				21FFCCC12C296DC900BD543A /* LKUserDefaultsWrapper.swift */,
				21FFCCB32C2964D100BD543A /* LKLoggingPrint.swift */,
				21FFCCB52C29661200BD543A /* Bundle Ext.swift */,
				21FFCCB72C2966C200BD543A /* UIColor Ext.swift */,
				21FFCCB92C2967CE00BD543A /* Dictionary Ext.swift */,
				21FFCCBB2C29681400BD543A /* UIView Ext.swift */,
				21FFCCBD2C296A6D00BD543A /* Data Ext.swift */,
				21FFCCBF2C296AC300BD543A /* UIViewController Ext.swift */,
				21FFCCC32C296ED800BD543A /* UIStackView Ext.swift */,
				21FFCCC52C296FA200BD543A /* LKCell.swift */,
				0CFB00792C46450C007282D8 /* ReplayValueSubject.swift */,
			);
			path = LonginesKit;
			sourceTree = "<group>";
		};
		0CC661782C3078DB00E869A9 /* Qonversion */ = {
			isa = PBXGroup;
			children = (
				0CC661802C3079A300E869A9 /* LKIAPModel.swift */,
				0CC6617D2C3079A300E869A9 /* LKIAPPlugin.swift */,
				0CC6617F2C3079A300E869A9 /* LKIAPPurchaseModel.swift */,
				0CC661852C307BC300E869A9 /* LKIAPEventTracking.swift */,
				0CC661872C307C2C00E869A9 /* LKIAPError.swift */,
			);
			path = Qonversion;
			sourceTree = "<group>";
		};
		21FFCC792C29508A00BD543A = {
			isa = PBXGroup;
			children = (
				21FFCC852C29508A00BD543A /* LonginesKit */,
				21FFCC9A2C295D9000BD543A /* AppSample */,
				0C898A912C2ED2C900296E0B /* LonginesFirebase */,
				0CC661562C30787600E869A9 /* LonginesQonversion */,
				0CC661642C30787700E869A9 /* LonginesQonversionTests */,
				21FFCC842C29508A00BD543A /* Products */,
				21FFCCAD2C295DF200BD543A /* Frameworks */,
			);
			sourceTree = "<group>";
		};
		21FFCC842C29508A00BD543A /* Products */ = {
			isa = PBXGroup;
			children = (
				21FFCC992C295D9000BD543A /* AppSample.app */,
				0CE78EE82C2FFE1C00B4284B /* LonginesFirebase.framework */,
				0C6B884D2C3002FD00CA41AF /* LonginesKit.framework */,
				0CC661552C30787600E869A9 /* LonginesQonversion.framework */,
			);
			name = Products;
			sourceTree = "<group>";
		};
		21FFCC852C29508A00BD543A /* LonginesKit */ = {
			isa = PBXGroup;
			children = (
				0CC661782C3078DB00E869A9 /* Qonversion */,
				0CC661772C3078C400E869A9 /* LonginesKit */,
				0C898AE22C2F1DEA00296E0B /* Firebase */,
				0C898A7B2C2EB0C500296E0B /* Pluggable */,
				21FFCC862C29508A00BD543A /* LonginesKit.h */,
			);
			path = LonginesKit;
			sourceTree = "<group>";
		};
		21FFCC9A2C295D9000BD543A /* AppSample */ = {
			isa = PBXGroup;
			children = (
				21FFCC9B2C295D9000BD543A /* AppDelegate.swift */,
				21FFCC9F2C295D9000BD543A /* HomeViewController.swift */,
				21FFCCA42C295D9200BD543A /* Assets.xcassets */,
				21FFCCA62C295D9200BD543A /* LaunchScreen.storyboard */,
				21FFCCA92C295D9200BD543A /* Info.plist */,
			);
			path = AppSample;
			sourceTree = "<group>";
		};
		21FFCCAD2C295DF200BD543A /* Frameworks */ = {
			isa = PBXGroup;
			children = (
				0CFB008F2C468650007282D8 /* AdServices.framework */,
				0CFB008E2C468650007282D8 /* AdSupport.framework */,
				0CC661792C30797D00E869A9 /* Qonversion.xcframework */,
				0C898B922C2F29F000296E0B /* libz.tbd */,
				0C898B902C2F29E000296E0B /* libsqlite3.tbd */,
				0C898B8E2C2F29D100296E0B /* libc++.tbd */,
				0C898B4E2C2F235F00296E0B /* FirebaseCoreInternal.xcframework */,
				0C898B4F2C2F235F00296E0B /* FirebaseCrashlytics.xcframework */,
				0C898B4D2C2F235F00296E0B /* FirebaseSessions.xcframework */,
				0C898B502C2F235F00296E0B /* FirebaseSharedSwift.xcframework */,
				0C898AF52C2F1F1300296E0B /* FirebaseRemoteConfig.xcframework */,
				0C898AEB2C2F1EBA00296E0B /* FirebaseAnalytics.xcframework */,
				0C898AC22C2ED2E500296E0B /* Build */,
			);
			name = Frameworks;
			sourceTree = "<group>";
		};
		21FFCCC72C2970D900BD543A /* Base */ = {
			isa = PBXGroup;
			children = (
				21FFCCCD2C29717700BD543A /* LKBaseNavigationController.swift */,
				21FFCCCB2C29717700BD543A /* LKBaseView.swift */,
				21FFCCC82C2970DF00BD543A /* LKBaseViewController.swift */,
				0CC6614A2C30749F00E869A9 /* LKHelper.swift */,
			);
			path = Base;
			sourceTree = "<group>";
		};
/* End PBXGroup section */

/* Begin PBXHeadersBuildPhase section */
		0C6B88332C3002FD00CA41AF /* Headers */ = {
			isa = PBXHeadersBuildPhase;
			buildActionMask = 2147483647;
			files = (
				0C6B88342C3002FD00CA41AF /* LonginesKit.h in Headers */,
			);
			runOnlyForDeploymentPostprocessing = 0;
		};
		0CC661502C30787600E869A9 /* Headers */ = {
			isa = PBXHeadersBuildPhase;
			buildActionMask = 2147483647;
			files = (
				0CC661672C30787700E869A9 /* LonginesQonversion.h in Headers */,
			);
			runOnlyForDeploymentPostprocessing = 0;
		};
		0CE78EE32C2FFE1C00B4284B /* Headers */ = {
			isa = PBXHeadersBuildPhase;
			buildActionMask = 2147483647;
			files = (
			);
			runOnlyForDeploymentPostprocessing = 0;
		};
/* End PBXHeadersBuildPhase section */

/* Begin PBXNativeTarget section */
		0C6B88322C3002FD00CA41AF /* LonginesKit */ = {
			isa = PBXNativeTarget;
			buildConfigurationList = 0C6B884A2C3002FD00CA41AF /* Build configuration list for PBXNativeTarget "LonginesKit" */;
			buildPhases = (
				0C6B88332C3002FD00CA41AF /* Headers */,
				0C6B88352C3002FD00CA41AF /* Sources */,
				0C6B88482C3002FD00CA41AF /* Frameworks */,
				0C6B88492C3002FD00CA41AF /* Resources */,
			);
			buildRules = (
			);
			dependencies = (
			);
			name = LonginesKit;
			productName = LonginesKit;
			productReference = 0C6B884D2C3002FD00CA41AF /* LonginesKit.framework */;
			productType = "com.apple.product-type.framework";
		};
		0CC661542C30787600E869A9 /* LonginesQonversion */ = {
			isa = PBXNativeTarget;
			buildConfigurationList = 0CC6616C2C30787700E869A9 /* Build configuration list for PBXNativeTarget "LonginesQonversion" */;
			buildPhases = (
				0CC661502C30787600E869A9 /* Headers */,
				0CC661512C30787600E869A9 /* Sources */,
				0CC661522C30787600E869A9 /* Frameworks */,
				0CC661532C30787600E869A9 /* Resources */,
			);
			buildRules = (
			);
			dependencies = (
				0CC661752C30789700E869A9 /* PBXTargetDependency */,
				0CFB004D2C461E1E007282D8 /* PBXTargetDependency */,
			);
			name = LonginesQonversion;
			productName = LonginesQonversion;
			productReference = 0CC661552C30787600E869A9 /* LonginesQonversion.framework */;
			productType = "com.apple.product-type.framework";
		};
		0CE78EE72C2FFE1C00B4284B /* LonginesFirebase */ = {
			isa = PBXNativeTarget;
			buildConfigurationList = 0CE78EFF2C2FFE1C00B4284B /* Build configuration list for PBXNativeTarget "LonginesFirebase" */;
			buildPhases = (
				0CE78EE32C2FFE1C00B4284B /* Headers */,
				0CE78EE42C2FFE1C00B4284B /* Sources */,
				0CE78EE52C2FFE1C00B4284B /* Frameworks */,
				0CE78EE62C2FFE1C00B4284B /* Resources */,
			);
			buildRules = (
			);
			dependencies = (
				0C6B88802C30057E00CA41AF /* PBXTargetDependency */,
			);
			name = LonginesFirebase;
			productName = LongFirebase;
			productReference = 0CE78EE82C2FFE1C00B4284B /* LonginesFirebase.framework */;
			productType = "com.apple.product-type.framework";
		};
		21FFCC982C295D9000BD543A /* AppSample */ = {
			isa = PBXNativeTarget;
			buildConfigurationList = 21FFCCAA2C295D9200BD543A /* Build configuration list for PBXNativeTarget "AppSample" */;
			buildPhases = (
				21FFCC952C295D9000BD543A /* Sources */,
				21FFCC962C295D9000BD543A /* Frameworks */,
				21FFCC972C295D9000BD543A /* Resources */,
				0CC661902C31040800E869A9 /* Embed Frameworks */,
			);
			buildRules = (
			);
			dependencies = (
				0CC6613B2C30653C00E869A9 /* PBXTargetDependency */,
				0CC661962C31041500E869A9 /* PBXTargetDependency */,
				0C3BFD872C3118EA00A7D716 /* PBXTargetDependency */,
			);
			name = AppSample;
			productName = AppSample;
			productReference = 21FFCC992C295D9000BD543A /* AppSample.app */;
			productType = "com.apple.product-type.application";
		};
/* End PBXNativeTarget section */

/* Begin PBXProject section */
		21FFCC7A2C29508A00BD543A /* Project object */ = {
			isa = PBXProject;
			attributes = {
				BuildIndependentTargetsInParallel = 1;
				LastSwiftUpdateCheck = 1530;
				LastUpgradeCheck = 1540;
				TargetAttributes = {
					0CC661542C30787600E869A9 = {
						CreatedOnToolsVersion = 15.3;
					};
					0CE78EE72C2FFE1C00B4284B = {
						CreatedOnToolsVersion = 15.3;
					};
					21FFCC982C295D9000BD543A = {
						CreatedOnToolsVersion = 15.2;
					};
				};
			};
			buildConfigurationList = 21FFCC7D2C29508A00BD543A /* Build configuration list for PBXProject "LonginesKit" */;
			compatibilityVersion = "Xcode 15.0";
			developmentRegion = en;
			hasScannedForEncodings = 0;
			knownRegions = (
				en,
				Base,
			);
			mainGroup = 21FFCC792C29508A00BD543A;
			productRefGroup = 21FFCC842C29508A00BD543A /* Products */;
			projectDirPath = "";
			projectRoot = "";
			targets = (
				21FFCC982C295D9000BD543A /* AppSample */,
				0CE78EE72C2FFE1C00B4284B /* LonginesFirebase */,
				0C6B88322C3002FD00CA41AF /* LonginesKit */,
				0CC661542C30787600E869A9 /* LonginesQonversion */,
			);
		};
/* End PBXProject section */

/* Begin PBXResourcesBuildPhase section */
		0C6B88492C3002FD00CA41AF /* Resources */ = {
			isa = PBXResourcesBuildPhase;
			buildActionMask = 2147483647;
			files = (
			);
			runOnlyForDeploymentPostprocessing = 0;
		};
		0CC661532C30787600E869A9 /* Resources */ = {
			isa = PBXResourcesBuildPhase;
			buildActionMask = 2147483647;
			files = (
			);
			runOnlyForDeploymentPostprocessing = 0;
		};
		0CE78EE62C2FFE1C00B4284B /* Resources */ = {
			isa = PBXResourcesBuildPhase;
			buildActionMask = 2147483647;
			files = (
			);
			runOnlyForDeploymentPostprocessing = 0;
		};
		21FFCC972C295D9000BD543A /* Resources */ = {
			isa = PBXResourcesBuildPhase;
			buildActionMask = 2147483647;
			files = (
				21FFCCA82C295D9200BD543A /* LaunchScreen.storyboard in Resources */,
				21FFCCA52C295D9200BD543A /* Assets.xcassets in Resources */,
				0CC6618D2C31012200E869A9 /* GoogleService-Info.plist in Resources */,
			);
			runOnlyForDeploymentPostprocessing = 0;
		};
/* End PBXResourcesBuildPhase section */

/* Begin PBXSourcesBuildPhase section */
		0C6B88352C3002FD00CA41AF /* Sources */ = {
			isa = PBXSourcesBuildPhase;
			buildActionMask = 2147483647;
			files = (
				0C6B88362C3002FD00CA41AF /* LKBaseView.swift in Sources */,
				0C6B88372C3002FD00CA41AF /* LKAppAppearance.swift in Sources */,
				0C6B88392C3002FD00CA41AF /* LKUserDefaultsWrapper.swift in Sources */,
				0C6B883A2C3002FD00CA41AF /* UIStackView Ext.swift in Sources */,
				0C6B883B2C3002FD00CA41AF /* Bundle Ext.swift in Sources */,
				0C6B883C2C3002FD00CA41AF /* LKPluggableTool.swift in Sources */,
				0C6B883D2C3002FD00CA41AF /* UIColor Ext.swift in Sources */,
				0C6B883E2C3002FD00CA41AF /* UIViewController Ext.swift in Sources */,
				0C6B883F2C3002FD00CA41AF /* UIView Ext.swift in Sources */,
				0C6B88402C3002FD00CA41AF /* LKPluggableApplicationDelegate.swift in Sources */,
				0C6B88832C3038E000CA41AF /* LKPluggableApplicationDelegateService.swift in Sources */,
				0C6B88412C3002FD00CA41AF /* LKLoggingPrint.swift in Sources */,
				0C6B88422C3002FD00CA41AF /* LKPluggableServiceProviderProtocol.swift in Sources */,
				0C6B88432C3002FD00CA41AF /* Data Ext.swift in Sources */,
				0C6B88442C3002FD00CA41AF /* LKBaseNavigationController.swift in Sources */,
				0C6B88452C3002FD00CA41AF /* LKCell.swift in Sources */,
				0CC6614B2C30749F00E869A9 /* LKHelper.swift in Sources */,
				0CFB007A2C46450C007282D8 /* ReplayValueSubject.swift in Sources */,
				0C6B88462C3002FD00CA41AF /* LKBaseViewController.swift in Sources */,
				0C6B88472C3002FD00CA41AF /* Dictionary Ext.swift in Sources */,
			);
			runOnlyForDeploymentPostprocessing = 0;
		};
		0CC661512C30787600E869A9 /* Sources */ = {
			isa = PBXSourcesBuildPhase;
			buildActionMask = 2147483647;
			files = (
				0CC6618A2C307C9000E869A9 /* LKIAPEventTracking.swift in Sources */,
				0CC661592C30787600E869A9 /* LonginesQonversion.docc in Sources */,
				0CC661892C307C8D00E869A9 /* LKIAPError.swift in Sources */,
				0CC661812C3079A300E869A9 /* LKIAPPlugin.swift in Sources */,
				0CC661842C3079A300E869A9 /* LKIAPModel.swift in Sources */,
				0CC661832C3079A300E869A9 /* LKIAPPurchaseModel.swift in Sources */,
			);
			runOnlyForDeploymentPostprocessing = 0;
		};
		0CE78EE42C2FFE1C00B4284B /* Sources */ = {
			isa = PBXSourcesBuildPhase;
			buildActionMask = 2147483647;
			files = (
				0C7B41532C31B8560089E2D6 /* LKRewardedAdsPlugin.swift in Sources */,
				0C7B414F2C31B3890089E2D6 /* LKInterstitialAdsPlugin.swift in Sources */,
				0CC661442C306DDE00E869A9 /* LKAnalyticPlugin.swift in Sources */,
				0CE78F342C30004A00B4284B /* LKFirebaseConfigPlugin.swift in Sources */,
				0C3BFD882C31193C00A7D716 /* LKBannerAdsPlugin.swift in Sources */,
				0CE78F352C30004A00B4284B /* LKRemoteConfigPlugin.swift in Sources */,
				0CE78F362C30004A00B4284B /* LKUserPropertyPlugin.swift in Sources */,
				0CFB00782C463F39007282D8 /* LKNativeAdsPlugin.swift in Sources */,
			);
			runOnlyForDeploymentPostprocessing = 0;
		};
		21FFCC952C295D9000BD543A /* Sources */ = {
			isa = PBXSourcesBuildPhase;
			buildActionMask = 2147483647;
			files = (
				21FFCCA02C295D9000BD543A /* HomeViewController.swift in Sources */,
				21FFCC9C2C295D9000BD543A /* AppDelegate.swift in Sources */,
			);
			runOnlyForDeploymentPostprocessing = 0;
		};
/* End PBXSourcesBuildPhase section */

/* Begin PBXTargetDependency section */
		0C3BFD872C3118EA00A7D716 /* PBXTargetDependency */ = {
			isa = PBXTargetDependency;
			target = 0CE78EE72C2FFE1C00B4284B /* LonginesFirebase */;
			targetProxy = 0C3BFD862C3118EA00A7D716 /* PBXContainerItemProxy */;
		};
		0C6B88802C30057E00CA41AF /* PBXTargetDependency */ = {
			isa = PBXTargetDependency;
			target = 0C6B88322C3002FD00CA41AF /* LonginesKit */;
			targetProxy = 0C6B887F2C30057E00CA41AF /* PBXContainerItemProxy */;
		};
		0CC6613B2C30653C00E869A9 /* PBXTargetDependency */ = {
			isa = PBXTargetDependency;
			target = 0C6B88322C3002FD00CA41AF /* LonginesKit */;
			targetProxy = 0CC6613A2C30653C00E869A9 /* PBXContainerItemProxy */;
		};
		0CC661752C30789700E869A9 /* PBXTargetDependency */ = {
			isa = PBXTargetDependency;
			platformFilter = ios;
			target = 0C6B88322C3002FD00CA41AF /* LonginesKit */;
			targetProxy = 0CC661742C30789700E869A9 /* PBXContainerItemProxy */;
		};
		0CC661962C31041500E869A9 /* PBXTargetDependency */ = {
			isa = PBXTargetDependency;
			target = 0CC661542C30787600E869A9 /* LonginesQonversion */;
			targetProxy = 0CC661952C31041500E869A9 /* PBXContainerItemProxy */;
		};
		0CFB004D2C461E1E007282D8 /* PBXTargetDependency */ = {
			isa = PBXTargetDependency;
			target = 0CE78EE72C2FFE1C00B4284B /* LonginesFirebase */;
			targetProxy = 0CFB004C2C461E1E007282D8 /* PBXContainerItemProxy */;
		};
/* End PBXTargetDependency section */

/* Begin PBXVariantGroup section */
		21FFCCA62C295D9200BD543A /* LaunchScreen.storyboard */ = {
			isa = PBXVariantGroup;
			children = (
				21FFCCA72C295D9200BD543A /* Base */,
			);
			name = LaunchScreen.storyboard;
			sourceTree = "<group>";
		};
/* End PBXVariantGroup section */

/* Begin XCBuildConfiguration section */
		0C6B884B2C3002FD00CA41AF /* Debug */ = {
			isa = XCBuildConfiguration;
			buildSettings = {
				BUILD_LIBRARY_FOR_DISTRIBUTION = YES;
				CLANG_ENABLE_MODULES = YES;
				CODE_SIGN_IDENTITY = "";
				CODE_SIGN_STYLE = Manual;
				CURRENT_PROJECT_VERSION = 1;
				DEFINES_MODULE = YES;
				DEVELOPMENT_TEAM = "";
				DYLIB_COMPATIBILITY_VERSION = 1;
				DYLIB_CURRENT_VERSION = 1;
				DYLIB_INSTALL_NAME_BASE = "@rpath";
				ENABLE_MODULE_VERIFIER = YES;
				GENERATE_INFOPLIST_FILE = YES;
				INFOPLIST_KEY_NSHumanReadableCopyright = "";
				INSTALL_PATH = "$(LOCAL_LIBRARY_DIR)/Frameworks";
				IPHONEOS_DEPLOYMENT_TARGET = "$(inherited)";
				LD_RUNPATH_SEARCH_PATHS = (
					"$(inherited)",
					"@executable_path/Frameworks",
					"@loader_path/Frameworks",
				);
				MARKETING_VERSION = 1.0;
				MODULE_VERIFIER_SUPPORTED_LANGUAGES = "objective-c objective-c++";
				MODULE_VERIFIER_SUPPORTED_LANGUAGE_STANDARDS = "gnu17 gnu++20";
				OTHER_LDFLAGS = "-ObjC";
				PRODUCT_BUNDLE_IDENTIFIER = com.longines.kit.core;
				PRODUCT_NAME = "$(TARGET_NAME)";
				PROVISIONING_PROFILE_SPECIFIER = "";
				SKIP_INSTALL = YES;
				SUPPORTED_PLATFORMS = "iphoneos iphonesimulator";
				SUPPORTS_MACCATALYST = NO;
				SUPPORTS_MAC_DESIGNED_FOR_IPHONE_IPAD = NO;
				SUPPORTS_XR_DESIGNED_FOR_IPHONE_IPAD = NO;
				SWIFT_EMIT_LOC_STRINGS = YES;
				SWIFT_OPTIMIZATION_LEVEL = "-Onone";
				SWIFT_VERSION = 5.0;
				TARGETED_DEVICE_FAMILY = 1;
			};
			name = Debug;
		};
		0C6B884C2C3002FD00CA41AF /* Release */ = {
			isa = XCBuildConfiguration;
			buildSettings = {
				BUILD_LIBRARY_FOR_DISTRIBUTION = YES;
				CLANG_ENABLE_MODULES = YES;
				CODE_SIGN_IDENTITY = "";
				CODE_SIGN_STYLE = Manual;
				CURRENT_PROJECT_VERSION = 1;
				DEFINES_MODULE = YES;
				DEVELOPMENT_TEAM = "";
				DYLIB_COMPATIBILITY_VERSION = 1;
				DYLIB_CURRENT_VERSION = 1;
				DYLIB_INSTALL_NAME_BASE = "@rpath";
				ENABLE_MODULE_VERIFIER = YES;
				GENERATE_INFOPLIST_FILE = YES;
				INFOPLIST_KEY_NSHumanReadableCopyright = "";
				INSTALL_PATH = "$(LOCAL_LIBRARY_DIR)/Frameworks";
				IPHONEOS_DEPLOYMENT_TARGET = "$(inherited)";
				LD_RUNPATH_SEARCH_PATHS = (
					"$(inherited)",
					"@executable_path/Frameworks",
					"@loader_path/Frameworks",
				);
				MARKETING_VERSION = 1.0;
				MODULE_VERIFIER_SUPPORTED_LANGUAGES = "objective-c objective-c++";
				MODULE_VERIFIER_SUPPORTED_LANGUAGE_STANDARDS = "gnu17 gnu++20";
				OTHER_LDFLAGS = "-ObjC";
				PRODUCT_BUNDLE_IDENTIFIER = com.longines.kit.core;
				PRODUCT_NAME = "$(TARGET_NAME)";
				PROVISIONING_PROFILE_SPECIFIER = "";
				SKIP_INSTALL = YES;
				SUPPORTED_PLATFORMS = "iphoneos iphonesimulator";
				SUPPORTS_MACCATALYST = NO;
				SUPPORTS_MAC_DESIGNED_FOR_IPHONE_IPAD = NO;
				SUPPORTS_XR_DESIGNED_FOR_IPHONE_IPAD = NO;
				SWIFT_EMIT_LOC_STRINGS = YES;
				SWIFT_VERSION = 5.0;
				TARGETED_DEVICE_FAMILY = 1;
			};
			name = Release;
		};
		0CC6616D2C30787700E869A9 /* Debug */ = {
			isa = XCBuildConfiguration;
			buildSettings = {
				BUILD_LIBRARY_FOR_DISTRIBUTION = NO;
				CODE_SIGN_IDENTITY = "";
				CODE_SIGN_STYLE = Manual;
				CURRENT_PROJECT_VERSION = 1;
				DEFINES_MODULE = YES;
				DEVELOPMENT_TEAM = "";
				DYLIB_COMPATIBILITY_VERSION = 1;
				DYLIB_CURRENT_VERSION = 1;
				DYLIB_INSTALL_NAME_BASE = "@rpath";
				ENABLE_MODULE_VERIFIER = YES;
				FRAMEWORK_SEARCH_PATHS = (
					"$(PROJECT_DIR)/Carthage/Build/iOS",
					"$(inherited)",
				);
				GENERATE_INFOPLIST_FILE = YES;
				INFOPLIST_KEY_NSHumanReadableCopyright = "";
				INSTALL_PATH = "$(LOCAL_LIBRARY_DIR)/Frameworks";
				IPHONEOS_DEPLOYMENT_TARGET = "$(inherited)";
				LD_RUNPATH_SEARCH_PATHS = (
					"$(inherited)",
					"@executable_path/Frameworks",
					"@loader_path/Frameworks",
				);
				MARKETING_VERSION = 1.0;
				MODULE_VERIFIER_SUPPORTED_LANGUAGES = "objective-c objective-c++";
				MODULE_VERIFIER_SUPPORTED_LANGUAGE_STANDARDS = "gnu17 gnu++20";
				OTHER_LDFLAGS = "-ObjC";
				PRODUCT_BUNDLE_IDENTIFIER = com.longines.kit.qonverson;
				PRODUCT_NAME = "$(TARGET_NAME:c99extidentifier)";
				PROVISIONING_PROFILE_SPECIFIER = "";
				SKIP_INSTALL = YES;
				SUPPORTED_PLATFORMS = "iphoneos iphonesimulator";
				SUPPORTS_MACCATALYST = NO;
				SUPPORTS_MAC_DESIGNED_FOR_IPHONE_IPAD = NO;
				SUPPORTS_XR_DESIGNED_FOR_IPHONE_IPAD = NO;
				SWIFT_EMIT_LOC_STRINGS = YES;
				SWIFT_INSTALL_OBJC_HEADER = NO;
				SWIFT_VERSION = 5.0;
				TARGETED_DEVICE_FAMILY = 1;
			};
			name = Debug;
		};
		0CC6616E2C30787700E869A9 /* Release */ = {
			isa = XCBuildConfiguration;
			buildSettings = {
				BUILD_LIBRARY_FOR_DISTRIBUTION = NO;
				CODE_SIGN_IDENTITY = "";
				CODE_SIGN_STYLE = Manual;
				CURRENT_PROJECT_VERSION = 1;
				DEFINES_MODULE = YES;
				DEVELOPMENT_TEAM = "";
				DYLIB_COMPATIBILITY_VERSION = 1;
				DYLIB_CURRENT_VERSION = 1;
				DYLIB_INSTALL_NAME_BASE = "@rpath";
				ENABLE_MODULE_VERIFIER = YES;
				FRAMEWORK_SEARCH_PATHS = (
					"$(PROJECT_DIR)/Carthage/Build/iOS",
					"$(inherited)",
				);
				GENERATE_INFOPLIST_FILE = YES;
				INFOPLIST_KEY_NSHumanReadableCopyright = "";
				INSTALL_PATH = "$(LOCAL_LIBRARY_DIR)/Frameworks";
				IPHONEOS_DEPLOYMENT_TARGET = "$(inherited)";
				LD_RUNPATH_SEARCH_PATHS = (
					"$(inherited)",
					"@executable_path/Frameworks",
					"@loader_path/Frameworks",
				);
				MARKETING_VERSION = 1.0;
				MODULE_VERIFIER_SUPPORTED_LANGUAGES = "objective-c objective-c++";
				MODULE_VERIFIER_SUPPORTED_LANGUAGE_STANDARDS = "gnu17 gnu++20";
				OTHER_LDFLAGS = "-ObjC";
				PRODUCT_BUNDLE_IDENTIFIER = com.longines.kit.qonverson;
				PRODUCT_NAME = "$(TARGET_NAME:c99extidentifier)";
				PROVISIONING_PROFILE_SPECIFIER = "";
				SKIP_INSTALL = YES;
				SUPPORTED_PLATFORMS = "iphoneos iphonesimulator";
				SUPPORTS_MACCATALYST = NO;
				SUPPORTS_MAC_DESIGNED_FOR_IPHONE_IPAD = NO;
				SUPPORTS_XR_DESIGNED_FOR_IPHONE_IPAD = NO;
				SWIFT_EMIT_LOC_STRINGS = YES;
				SWIFT_INSTALL_OBJC_HEADER = NO;
				SWIFT_VERSION = 5.0;
				TARGETED_DEVICE_FAMILY = 1;
			};
			name = Release;
		};
		0CE78F002C2FFE1C00B4284B /* Debug */ = {
			isa = XCBuildConfiguration;
			buildSettings = {
				BUILD_LIBRARY_FOR_DISTRIBUTION = YES;
				CODE_SIGN_IDENTITY = "";
				CODE_SIGN_STYLE = Manual;
				CURRENT_PROJECT_VERSION = 1;
				DEFINES_MODULE = YES;
				DEVELOPMENT_TEAM = "";
				DYLIB_COMPATIBILITY_VERSION = 1;
				DYLIB_CURRENT_VERSION = 1;
				DYLIB_INSTALL_NAME_BASE = "@rpath";
				ENABLE_MODULE_VERIFIER = YES;
				FRAMEWORK_SEARCH_PATHS = (
					"$(inherited)",
					"$(PROJECT_DIR)/Carthage/Build/iOS",
				);
				GENERATE_INFOPLIST_FILE = YES;
				INFOPLIST_KEY_NSHumanReadableCopyright = "";
				INSTALL_PATH = "$(LOCAL_LIBRARY_DIR)/Frameworks";
				IPHONEOS_DEPLOYMENT_TARGET = "$(inherited)";
				LD_RUNPATH_SEARCH_PATHS = (
					"$(inherited)",
					"@executable_path/Frameworks",
					"@loader_path/Frameworks",
				);
				MARKETING_VERSION = 1.0;
				MODULE_VERIFIER_SUPPORTED_LANGUAGES = "objective-c objective-c++";
				MODULE_VERIFIER_SUPPORTED_LANGUAGE_STANDARDS = "gnu17 gnu++20";
				OTHER_LDFLAGS = "-ObjC";
				PRODUCT_BUNDLE_IDENTIFIER = com.longines.kit.firebase;
				PRODUCT_NAME = "$(TARGET_NAME:c99extidentifier)";
				PROVISIONING_PROFILE_SPECIFIER = "";
				SKIP_INSTALL = YES;
				SUPPORTED_PLATFORMS = "iphoneos iphonesimulator";
				SUPPORTS_MACCATALYST = NO;
				SUPPORTS_MAC_DESIGNED_FOR_IPHONE_IPAD = NO;
				SUPPORTS_XR_DESIGNED_FOR_IPHONE_IPAD = NO;
				SWIFT_EMIT_LOC_STRINGS = YES;
				SWIFT_INSTALL_OBJC_HEADER = NO;
				SWIFT_VERSION = 5.0;
				TARGETED_DEVICE_FAMILY = 1;
			};
			name = Debug;
		};
		0CE78F012C2FFE1C00B4284B /* Release */ = {
			isa = XCBuildConfiguration;
			buildSettings = {
				BUILD_LIBRARY_FOR_DISTRIBUTION = YES;
				CODE_SIGN_IDENTITY = "";
				CODE_SIGN_STYLE = Manual;
				CURRENT_PROJECT_VERSION = 1;
				DEFINES_MODULE = YES;
				DEVELOPMENT_TEAM = "";
				DYLIB_COMPATIBILITY_VERSION = 1;
				DYLIB_CURRENT_VERSION = 1;
				DYLIB_INSTALL_NAME_BASE = "@rpath";
				ENABLE_MODULE_VERIFIER = YES;
				FRAMEWORK_SEARCH_PATHS = (
					"$(inherited)",
					"$(PROJECT_DIR)/Carthage/Build/iOS",
				);
				GENERATE_INFOPLIST_FILE = YES;
				INFOPLIST_KEY_NSHumanReadableCopyright = "";
				INSTALL_PATH = "$(LOCAL_LIBRARY_DIR)/Frameworks";
				IPHONEOS_DEPLOYMENT_TARGET = "$(inherited)";
				LD_RUNPATH_SEARCH_PATHS = (
					"$(inherited)",
					"@executable_path/Frameworks",
					"@loader_path/Frameworks",
				);
				MARKETING_VERSION = 1.0;
				MODULE_VERIFIER_SUPPORTED_LANGUAGES = "objective-c objective-c++";
				MODULE_VERIFIER_SUPPORTED_LANGUAGE_STANDARDS = "gnu17 gnu++20";
				OTHER_LDFLAGS = "-ObjC";
				PRODUCT_BUNDLE_IDENTIFIER = com.longines.kit.firebase;
				PRODUCT_NAME = "$(TARGET_NAME:c99extidentifier)";
				PROVISIONING_PROFILE_SPECIFIER = "";
				SKIP_INSTALL = YES;
				SUPPORTED_PLATFORMS = "iphoneos iphonesimulator";
				SUPPORTS_MACCATALYST = NO;
				SUPPORTS_MAC_DESIGNED_FOR_IPHONE_IPAD = NO;
				SUPPORTS_XR_DESIGNED_FOR_IPHONE_IPAD = NO;
				SWIFT_EMIT_LOC_STRINGS = YES;
				SWIFT_INSTALL_OBJC_HEADER = NO;
				SWIFT_VERSION = 5.0;
				TARGETED_DEVICE_FAMILY = 1;
			};
			name = Release;
		};
		21FFCC882C29508A00BD543A /* Debug */ = {
			isa = XCBuildConfiguration;
			buildSettings = {
				ALWAYS_SEARCH_USER_PATHS = NO;
				ASSETCATALOG_COMPILER_GENERATE_SWIFT_ASSET_SYMBOL_EXTENSIONS = YES;
				CLANG_ANALYZER_NONNULL = YES;
				CLANG_ANALYZER_NUMBER_OBJECT_CONVERSION = YES_AGGRESSIVE;
				CLANG_CXX_LANGUAGE_STANDARD = "gnu++20";
				CLANG_ENABLE_MODULES = YES;
				CLANG_ENABLE_OBJC_ARC = YES;
				CLANG_ENABLE_OBJC_WEAK = YES;
				CLANG_WARN_BLOCK_CAPTURE_AUTORELEASING = YES;
				CLANG_WARN_BOOL_CONVERSION = YES;
				CLANG_WARN_COMMA = YES;
				CLANG_WARN_CONSTANT_CONVERSION = YES;
				CLANG_WARN_DEPRECATED_OBJC_IMPLEMENTATIONS = YES;
				CLANG_WARN_DIRECT_OBJC_ISA_USAGE = YES_ERROR;
				CLANG_WARN_DOCUMENTATION_COMMENTS = YES;
				CLANG_WARN_EMPTY_BODY = YES;
				CLANG_WARN_ENUM_CONVERSION = YES;
				CLANG_WARN_INFINITE_RECURSION = YES;
				CLANG_WARN_INT_CONVERSION = YES;
				CLANG_WARN_NON_LITERAL_NULL_CONVERSION = YES;
				CLANG_WARN_OBJC_IMPLICIT_RETAIN_SELF = YES;
				CLANG_WARN_OBJC_LITERAL_CONVERSION = YES;
				CLANG_WARN_OBJC_ROOT_CLASS = YES_ERROR;
				CLANG_WARN_QUOTED_INCLUDE_IN_FRAMEWORK_HEADER = YES;
				CLANG_WARN_RANGE_LOOP_ANALYSIS = YES;
				CLANG_WARN_STRICT_PROTOTYPES = YES;
				CLANG_WARN_SUSPICIOUS_MOVE = YES;
				CLANG_WARN_UNGUARDED_AVAILABILITY = YES_AGGRESSIVE;
				CLANG_WARN_UNREACHABLE_CODE = YES;
				CLANG_WARN__DUPLICATE_METHOD_MATCH = YES;
				COPY_PHASE_STRIP = NO;
				CURRENT_PROJECT_VERSION = 1;
				DEBUG_INFORMATION_FORMAT = dwarf;
				ENABLE_STRICT_OBJC_MSGSEND = YES;
				ENABLE_TESTABILITY = YES;
				ENABLE_USER_SCRIPT_SANDBOXING = YES;
				GCC_C_LANGUAGE_STANDARD = gnu17;
				GCC_DYNAMIC_NO_PIC = NO;
				GCC_NO_COMMON_BLOCKS = YES;
				GCC_OPTIMIZATION_LEVEL = 0;
				GCC_PREPROCESSOR_DEFINITIONS = (
					"DEBUG=1",
					"$(inherited)",
				);
				GCC_WARN_64_TO_32_BIT_CONVERSION = YES;
				GCC_WARN_ABOUT_RETURN_TYPE = YES_ERROR;
				GCC_WARN_UNDECLARED_SELECTOR = YES;
				GCC_WARN_UNINITIALIZED_AUTOS = YES_AGGRESSIVE;
				GCC_WARN_UNUSED_FUNCTION = YES;
				GCC_WARN_UNUSED_VARIABLE = YES;
				IPHONEOS_DEPLOYMENT_TARGET = 15.0;
				LOCALIZATION_PREFERS_STRING_CATALOGS = YES;
				MTL_ENABLE_DEBUG_INFO = INCLUDE_SOURCE;
				MTL_FAST_MATH = YES;
				ONLY_ACTIVE_ARCH = YES;
				SDKROOT = iphoneos;
				SWIFT_ACTIVE_COMPILATION_CONDITIONS = "DEBUG $(inherited)";
				SWIFT_OPTIMIZATION_LEVEL = "-Onone";
				VERSIONING_SYSTEM = "apple-generic";
				VERSION_INFO_PREFIX = "";
			};
			name = Debug;
		};
		21FFCC892C29508A00BD543A /* Release */ = {
			isa = XCBuildConfiguration;
			buildSettings = {
				ALWAYS_SEARCH_USER_PATHS = NO;
				ASSETCATALOG_COMPILER_GENERATE_SWIFT_ASSET_SYMBOL_EXTENSIONS = YES;
				CLANG_ANALYZER_NONNULL = YES;
				CLANG_ANALYZER_NUMBER_OBJECT_CONVERSION = YES_AGGRESSIVE;
				CLANG_CXX_LANGUAGE_STANDARD = "gnu++20";
				CLANG_ENABLE_MODULES = YES;
				CLANG_ENABLE_OBJC_ARC = YES;
				CLANG_ENABLE_OBJC_WEAK = YES;
				CLANG_WARN_BLOCK_CAPTURE_AUTORELEASING = YES;
				CLANG_WARN_BOOL_CONVERSION = YES;
				CLANG_WARN_COMMA = YES;
				CLANG_WARN_CONSTANT_CONVERSION = YES;
				CLANG_WARN_DEPRECATED_OBJC_IMPLEMENTATIONS = YES;
				CLANG_WARN_DIRECT_OBJC_ISA_USAGE = YES_ERROR;
				CLANG_WARN_DOCUMENTATION_COMMENTS = YES;
				CLANG_WARN_EMPTY_BODY = YES;
				CLANG_WARN_ENUM_CONVERSION = YES;
				CLANG_WARN_INFINITE_RECURSION = YES;
				CLANG_WARN_INT_CONVERSION = YES;
				CLANG_WARN_NON_LITERAL_NULL_CONVERSION = YES;
				CLANG_WARN_OBJC_IMPLICIT_RETAIN_SELF = YES;
				CLANG_WARN_OBJC_LITERAL_CONVERSION = YES;
				CLANG_WARN_OBJC_ROOT_CLASS = YES_ERROR;
				CLANG_WARN_QUOTED_INCLUDE_IN_FRAMEWORK_HEADER = YES;
				CLANG_WARN_RANGE_LOOP_ANALYSIS = YES;
				CLANG_WARN_STRICT_PROTOTYPES = YES;
				CLANG_WARN_SUSPICIOUS_MOVE = YES;
				CLANG_WARN_UNGUARDED_AVAILABILITY = YES_AGGRESSIVE;
				CLANG_WARN_UNREACHABLE_CODE = YES;
				CLANG_WARN__DUPLICATE_METHOD_MATCH = YES;
				COPY_PHASE_STRIP = NO;
				CURRENT_PROJECT_VERSION = 1;
				DEBUG_INFORMATION_FORMAT = "dwarf-with-dsym";
				ENABLE_NS_ASSERTIONS = NO;
				ENABLE_STRICT_OBJC_MSGSEND = YES;
				ENABLE_USER_SCRIPT_SANDBOXING = YES;
				GCC_C_LANGUAGE_STANDARD = gnu17;
				GCC_NO_COMMON_BLOCKS = YES;
				GCC_WARN_64_TO_32_BIT_CONVERSION = YES;
				GCC_WARN_ABOUT_RETURN_TYPE = YES_ERROR;
				GCC_WARN_UNDECLARED_SELECTOR = YES;
				GCC_WARN_UNINITIALIZED_AUTOS = YES_AGGRESSIVE;
				GCC_WARN_UNUSED_FUNCTION = YES;
				GCC_WARN_UNUSED_VARIABLE = YES;
				IPHONEOS_DEPLOYMENT_TARGET = 15.0;
				LOCALIZATION_PREFERS_STRING_CATALOGS = YES;
				MTL_ENABLE_DEBUG_INFO = NO;
				MTL_FAST_MATH = YES;
				SDKROOT = iphoneos;
				SWIFT_COMPILATION_MODE = wholemodule;
				VALIDATE_PRODUCT = YES;
				VERSIONING_SYSTEM = "apple-generic";
				VERSION_INFO_PREFIX = "";
			};
			name = Release;
		};
		21FFCCAB2C295D9200BD543A /* Debug */ = {
			isa = XCBuildConfiguration;
			buildSettings = {
				ASSETCATALOG_COMPILER_APPICON_NAME = AppIcon;
				ASSETCATALOG_COMPILER_GLOBAL_ACCENT_COLOR_NAME = AccentColor;
				CODE_SIGN_IDENTITY = "Apple Development";
				"CODE_SIGN_IDENTITY[sdk=iphoneos*]" = "iPhone Developer";
				CODE_SIGN_STYLE = Manual;
				CURRENT_PROJECT_VERSION = 1;
				DEVELOPMENT_TEAM = "";
				"DEVELOPMENT_TEAM[sdk=iphoneos*]" = 48SGC99S3Q;
				FRAMEWORK_SEARCH_PATHS = "$(inherited)";
				GENERATE_INFOPLIST_FILE = YES;
				INFOPLIST_FILE = AppSample/Info.plist;
				INFOPLIST_KEY_UIApplicationSupportsIndirectInputEvents = YES;
				INFOPLIST_KEY_UILaunchStoryboardName = LaunchScreen.storyboard;
				INFOPLIST_KEY_UISupportedInterfaceOrientations = UIInterfaceOrientationPortrait;
				INFOPLIST_KEY_UISupportedInterfaceOrientations_iPad = "UIInterfaceOrientationLandscapeLeft UIInterfaceOrientationLandscapeRight UIInterfaceOrientationPortrait UIInterfaceOrientationPortraitUpsideDown";
				IPHONEOS_DEPLOYMENT_TARGET = "$(inherited)";
				LD_RUNPATH_SEARCH_PATHS = (
					"$(inherited)",
					"@executable_path/Frameworks",
					"@loader_path/Frameworks",
				);
				MARKETING_VERSION = 1.0;
				OTHER_LDFLAGS = "-ObjC";
				PRODUCT_BUNDLE_IDENTIFIER = com.moniqtap.obd2carscanner;
				PRODUCT_NAME = "$(TARGET_NAME)";
				PROVISIONING_PROFILE_SPECIFIER = "";
				"PROVISIONING_PROFILE_SPECIFIER[sdk=iphoneos*]" = OBD2;
				SUPPORTED_PLATFORMS = "iphoneos iphonesimulator";
				SUPPORTS_MACCATALYST = NO;
				SUPPORTS_MAC_DESIGNED_FOR_IPHONE_IPAD = NO;
				SUPPORTS_XR_DESIGNED_FOR_IPHONE_IPAD = NO;
				SWIFT_EMIT_LOC_STRINGS = YES;
				SWIFT_VERSION = 5.0;
				TARGETED_DEVICE_FAMILY = 1;
			};
			name = Debug;
		};
		21FFCCAC2C295D9200BD543A /* Release */ = {
			isa = XCBuildConfiguration;
			buildSettings = {
				ASSETCATALOG_COMPILER_APPICON_NAME = AppIcon;
				ASSETCATALOG_COMPILER_GLOBAL_ACCENT_COLOR_NAME = AccentColor;
				CODE_SIGN_IDENTITY = "Apple Development";
				"CODE_SIGN_IDENTITY[sdk=iphoneos*]" = "iPhone Developer";
				CODE_SIGN_STYLE = Manual;
				CURRENT_PROJECT_VERSION = 1;
				DEVELOPMENT_TEAM = "";
				"DEVELOPMENT_TEAM[sdk=iphoneos*]" = 48SGC99S3Q;
				FRAMEWORK_SEARCH_PATHS = "$(inherited)";
				GENERATE_INFOPLIST_FILE = YES;
				INFOPLIST_FILE = AppSample/Info.plist;
				INFOPLIST_KEY_UIApplicationSupportsIndirectInputEvents = YES;
				INFOPLIST_KEY_UILaunchStoryboardName = LaunchScreen.storyboard;
				INFOPLIST_KEY_UISupportedInterfaceOrientations = UIInterfaceOrientationPortrait;
				INFOPLIST_KEY_UISupportedInterfaceOrientations_iPad = "UIInterfaceOrientationLandscapeLeft UIInterfaceOrientationLandscapeRight UIInterfaceOrientationPortrait UIInterfaceOrientationPortraitUpsideDown";
				IPHONEOS_DEPLOYMENT_TARGET = "$(inherited)";
				LD_RUNPATH_SEARCH_PATHS = (
					"$(inherited)",
					"@executable_path/Frameworks",
					"@loader_path/Frameworks",
				);
				MARKETING_VERSION = 1.0;
				OTHER_LDFLAGS = "-ObjC";
				PRODUCT_BUNDLE_IDENTIFIER = com.moniqtap.obd2carscanner;
				PRODUCT_NAME = "$(TARGET_NAME)";
				PROVISIONING_PROFILE_SPECIFIER = "";
				"PROVISIONING_PROFILE_SPECIFIER[sdk=iphoneos*]" = OBD2;
				SUPPORTED_PLATFORMS = "iphoneos iphonesimulator";
				SUPPORTS_MACCATALYST = NO;
				SUPPORTS_MAC_DESIGNED_FOR_IPHONE_IPAD = NO;
				SUPPORTS_XR_DESIGNED_FOR_IPHONE_IPAD = NO;
				SWIFT_EMIT_LOC_STRINGS = YES;
				SWIFT_VERSION = 5.0;
				TARGETED_DEVICE_FAMILY = 1;
			};
			name = Release;
		};
/* End XCBuildConfiguration section */

/* Begin XCConfigurationList section */
		0C6B884A2C3002FD00CA41AF /* Build configuration list for PBXNativeTarget "LonginesKit" */ = {
			isa = XCConfigurationList;
			buildConfigurations = (
				0C6B884B2C3002FD00CA41AF /* Debug */,
				0C6B884C2C3002FD00CA41AF /* Release */,
			);
			defaultConfigurationIsVisible = 0;
			defaultConfigurationName = Release;
		};
		0CC6616C2C30787700E869A9 /* Build configuration list for PBXNativeTarget "LonginesQonversion" */ = {
			isa = XCConfigurationList;
			buildConfigurations = (
				0CC6616D2C30787700E869A9 /* Debug */,
				0CC6616E2C30787700E869A9 /* Release */,
			);
			defaultConfigurationIsVisible = 0;
			defaultConfigurationName = Release;
		};
		0CE78EFF2C2FFE1C00B4284B /* Build configuration list for PBXNativeTarget "LonginesFirebase" */ = {
			isa = XCConfigurationList;
			buildConfigurations = (
				0CE78F002C2FFE1C00B4284B /* Debug */,
				0CE78F012C2FFE1C00B4284B /* Release */,
			);
			defaultConfigurationIsVisible = 0;
			defaultConfigurationName = Release;
		};
		21FFCC7D2C29508A00BD543A /* Build configuration list for PBXProject "LonginesKit" */ = {
			isa = XCConfigurationList;
			buildConfigurations = (
				21FFCC882C29508A00BD543A /* Debug */,
				21FFCC892C29508A00BD543A /* Release */,
			);
			defaultConfigurationIsVisible = 0;
			defaultConfigurationName = Release;
		};
		21FFCCAA2C295D9200BD543A /* Build configuration list for PBXNativeTarget "AppSample" */ = {
			isa = XCConfigurationList;
			buildConfigurations = (
				21FFCCAB2C295D9200BD543A /* Debug */,
				21FFCCAC2C295D9200BD543A /* Release */,
			);
			defaultConfigurationIsVisible = 0;
			defaultConfigurationName = Release;
		};
/* End XCConfigurationList section */
	};
	rootObject = 21FFCC7A2C29508A00BD543A /* Project object */;
}
