// !$*UTF8*$!
{
	archiveVersion = 1;
	classes = {
	};
	objectVersion = 60;
	objects = {

/* Begin PBXBuildFile section */
		0C898A802C2EB11B00296E0B /* LKPluggableServiceProviderProtocol.swift in Sources */ = {isa = PBXBuildFile; fileRef = 0C898A7C2C2EB11B00296E0B /* LKPluggableServiceProviderProtocol.swift */; };
		0C898A812C2EB11B00296E0B /* LKPluggableApplicationDelegate.swift in Sources */ = {isa = PBXBuildFile; fileRef = 0C898A7D2C2EB11B00296E0B /* LKPluggableApplicationDelegate.swift */; };
		0C898A822C2EB11B00296E0B /* LKPluggableApplicationDelegateService.swift in Sources */ = {isa = PBXBuildFile; fileRef = 0C898A7E2C2EB11B00296E0B /* LKPluggableApplicationDelegateService.swift */; };
		0C898A832C2EB11B00296E0B /* LKPluggableTool.swift in Sources */ = {isa = PBXBuildFile; fileRef = 0C898A7F2C2EB11B00296E0B /* LKPluggableTool.swift */; };
		0C898B5A2C2F261C00296E0B /* LKLoggingPrint.swift in Sources */ = {isa = PBXBuildFile; fileRef = 21FFCCB32C2964D100BD543A /* LKLoggingPrint.swift */; };
		0CE78EBE2C2FFCE200B4284B /* LonginesFirebase.h in Headers */ = {isa = PBXBuildFile; fileRef = 0C898A922C2ED2C900296E0B /* LonginesFirebase.h */; settings = {ATTRIBUTES = (Public, ); }; };
		0CE78EC02C2FFCE200B4284B /* LKFirebaseConfigPlugin.swift in Sources */ = {isa = PBXBuildFile; fileRef = 0C898AE52C2F1E0100296E0B /* LKFirebaseConfigPlugin.swift */; };
		0CE78EC12C2FFCE200B4284B /* LonginesFirebase.docc in Sources */ = {isa = PBXBuildFile; fileRef = 0C898A932C2ED2C900296E0B /* LonginesFirebase.docc */; };
		0CE78EC22C2FFCE200B4284B /* LKLoggingPrint.swift in Sources */ = {isa = PBXBuildFile; fileRef = 21FFCCB32C2964D100BD543A /* LKLoggingPrint.swift */; };
		0CE78EC32C2FFCE200B4284B /* LKUserPropertyPlugin.swift in Sources */ = {isa = PBXBuildFile; fileRef = 0C898AE42C2F1E0100296E0B /* LKUserPropertyPlugin.swift */; };
		0CE78EC42C2FFCE200B4284B /* LKRemoteConfigPlugin.swift in Sources */ = {isa = PBXBuildFile; fileRef = 0C898AE32C2F1E0100296E0B /* LKRemoteConfigPlugin.swift */; };
		0CE78EC62C2FFCE200B4284B /* FirebaseRemoteConfig.xcframework in Frameworks */ = {isa = PBXBuildFile; fileRef = 0C898AF52C2F1F1300296E0B /* FirebaseRemoteConfig.xcframework */; };
		0CE78EC72C2FFCE200B4284B /* GoogleAppMeasurementIdentitySupport.xcframework in Frameworks */ = {isa = PBXBuildFile; fileRef = 0C898ABB2C2ED2E500296E0B /* GoogleAppMeasurementIdentitySupport.xcframework */; };
		0CE78EC82C2FFCE200B4284B /* GoogleAppMeasurement.xcframework in Frameworks */ = {isa = PBXBuildFile; fileRef = 0C898ABA2C2ED2E500296E0B /* GoogleAppMeasurement.xcframework */; };
		0CE78EC92C2FFCE200B4284B /* nanopb.xcframework in Frameworks */ = {isa = PBXBuildFile; fileRef = 0C898ABF2C2ED2E500296E0B /* nanopb.xcframework */; };
		0CE78ECA2C2FFCE200B4284B /* FirebaseSharedSwift.xcframework in Frameworks */ = {isa = PBXBuildFile; fileRef = 0C898B502C2F235F00296E0B /* FirebaseSharedSwift.xcframework */; };
		0CE78ECB2C2FFCE200B4284B /* FirebaseCrashlytics.xcframework in Frameworks */ = {isa = PBXBuildFile; fileRef = 0C898B4F2C2F235F00296E0B /* FirebaseCrashlytics.xcframework */; };
		0CE78ECC2C2FFCE200B4284B /* GoogleDataTransport.xcframework in Frameworks */ = {isa = PBXBuildFile; fileRef = 0C898ABC2C2ED2E500296E0B /* GoogleDataTransport.xcframework */; };
		0CE78ECD2C2FFCE200B4284B /* FirebaseRemoteConfigInterop.xcframework in Frameworks */ = {isa = PBXBuildFile; fileRef = 0C898AB92C2ED2E500296E0B /* FirebaseRemoteConfigInterop.xcframework */; };
		0CE78ECE2C2FFCE200B4284B /* UserMessagingPlatform.xcframework in Frameworks */ = {isa = PBXBuildFile; fileRef = 0C898AC12C2ED2E500296E0B /* UserMessagingPlatform.xcframework */; };
		0CE78ECF2C2FFCE200B4284B /* GoogleUtilities.xcframework in Frameworks */ = {isa = PBXBuildFile; fileRef = 0C898ABE2C2ED2E500296E0B /* GoogleUtilities.xcframework */; };
		0CE78ED02C2FFCE200B4284B /* GoogleMobileAds.xcframework in Frameworks */ = {isa = PBXBuildFile; fileRef = 0C898ABD2C2ED2E500296E0B /* GoogleMobileAds.xcframework */; };
		0CE78ED12C2FFCE200B4284B /* FirebaseABTesting.xcframework in Frameworks */ = {isa = PBXBuildFile; fileRef = 0C898AB42C2ED2E500296E0B /* FirebaseABTesting.xcframework */; };
		0CE78ED22C2FFCE200B4284B /* FirebaseAnalytics.xcframework in Frameworks */ = {isa = PBXBuildFile; fileRef = 0C898AEB2C2F1EBA00296E0B /* FirebaseAnalytics.xcframework */; };
		0CE78ED32C2FFCE200B4284B /* FirebaseCore.xcframework in Frameworks */ = {isa = PBXBuildFile; fileRef = 0C898AB52C2ED2E500296E0B /* FirebaseCore.xcframework */; };
		0CE78ED42C2FFCE200B4284B /* libc++.tbd in Frameworks */ = {isa = PBXBuildFile; fileRef = 0C898B8E2C2F29D100296E0B /* libc++.tbd */; };
		0CE78ED52C2FFCE200B4284B /* FBLPromises.xcframework in Frameworks */ = {isa = PBXBuildFile; fileRef = 0C898AB32C2ED2E500296E0B /* FBLPromises.xcframework */; };
		0CE78ED62C2FFCE200B4284B /* Promises.xcframework in Frameworks */ = {isa = PBXBuildFile; fileRef = 0C898AC02C2ED2E500296E0B /* Promises.xcframework */; };
		0CE78ED72C2FFCE200B4284B /* libsqlite3.tbd in Frameworks */ = {isa = PBXBuildFile; fileRef = 0C898B902C2F29E000296E0B /* libsqlite3.tbd */; };
		0CE78ED82C2FFCE200B4284B /* FirebaseCoreExtension.xcframework in Frameworks */ = {isa = PBXBuildFile; fileRef = 0C898AB62C2ED2E500296E0B /* FirebaseCoreExtension.xcframework */; };
		0CE78ED92C2FFCE200B4284B /* FirebaseCoreInternal.xcframework in Frameworks */ = {isa = PBXBuildFile; fileRef = 0C898B4E2C2F235F00296E0B /* FirebaseCoreInternal.xcframework */; };
		0CE78EDA2C2FFCE200B4284B /* FirebaseSessions.xcframework in Frameworks */ = {isa = PBXBuildFile; fileRef = 0C898B4D2C2F235F00296E0B /* FirebaseSessions.xcframework */; };
		0CE78EDB2C2FFCE200B4284B /* FirebaseInstallations.xcframework in Frameworks */ = {isa = PBXBuildFile; fileRef = 0C898AB72C2ED2E500296E0B /* FirebaseInstallations.xcframework */; };
		0CE78EDC2C2FFCE200B4284B /* FirebaseMessaging.xcframework in Frameworks */ = {isa = PBXBuildFile; fileRef = 0C898AB82C2ED2E500296E0B /* FirebaseMessaging.xcframework */; };
		0CE78EDD2C2FFCE200B4284B /* libz.tbd in Frameworks */ = {isa = PBXBuildFile; fileRef = 0C898B922C2F29F000296E0B /* libz.tbd */; };
		0CE78EEC2C2FFE1C00B4284B /* LongFirebase.docc in Sources */ = {isa = PBXBuildFile; fileRef = 0CE78EEB2C2FFE1C00B4284B /* LongFirebase.docc */; };
		0CE78EF22C2FFE1C00B4284B /* LongFirebase.framework in Frameworks */ = {isa = PBXBuildFile; fileRef = 0CE78EE82C2FFE1C00B4284B /* LongFirebase.framework */; };
		0CE78EF92C2FFE1C00B4284B /* LongFirebaseTests.swift in Sources */ = {isa = PBXBuildFile; fileRef = 0CE78EF82C2FFE1C00B4284B /* LongFirebaseTests.swift */; };
		0CE78EFA2C2FFE1C00B4284B /* LongFirebase.h in Headers */ = {isa = PBXBuildFile; fileRef = 0CE78EEA2C2FFE1C00B4284B /* LongFirebase.h */; settings = {ATTRIBUTES = (Public, ); }; };
		0CE78EFD2C2FFE1C00B4284B /* LongFirebase.framework in Frameworks */ = {isa = PBXBuildFile; fileRef = 0CE78EE82C2FFE1C00B4284B /* LongFirebase.framework */; };
		0CE78EFE2C2FFE1C00B4284B /* LongFirebase.framework in Embed Frameworks */ = {isa = PBXBuildFile; fileRef = 0CE78EE82C2FFE1C00B4284B /* LongFirebase.framework */; settings = {ATTRIBUTES = (CodeSignOnCopy, RemoveHeadersOnCopy, ); }; };
		0CE78F052C2FFEA800B4284B /* Protobuf.framework in Frameworks */ = {isa = PBXBuildFile; fileRef = 0C898AAE2C2ED2E500296E0B /* Protobuf.framework */; };
		0CE78F062C2FFEA800B4284B /* Protobuf.framework in Embed Frameworks */ = {isa = PBXBuildFile; fileRef = 0C898AAE2C2ED2E500296E0B /* Protobuf.framework */; settings = {ATTRIBUTES = (CodeSignOnCopy, RemoveHeadersOnCopy, ); }; };
		0CE78F072C2FFEA800B4284B /* FBLPromises.xcframework in Frameworks */ = {isa = PBXBuildFile; fileRef = 0C898AB32C2ED2E500296E0B /* FBLPromises.xcframework */; };
		0CE78F082C2FFEA800B4284B /* FBLPromises.xcframework in Embed Frameworks */ = {isa = PBXBuildFile; fileRef = 0C898AB32C2ED2E500296E0B /* FBLPromises.xcframework */; settings = {ATTRIBUTES = (CodeSignOnCopy, RemoveHeadersOnCopy, ); }; };
		0CE78F092C2FFEA800B4284B /* FirebaseABTesting.xcframework in Frameworks */ = {isa = PBXBuildFile; fileRef = 0C898AB42C2ED2E500296E0B /* FirebaseABTesting.xcframework */; };
		0CE78F0A2C2FFEA800B4284B /* FirebaseABTesting.xcframework in Embed Frameworks */ = {isa = PBXBuildFile; fileRef = 0C898AB42C2ED2E500296E0B /* FirebaseABTesting.xcframework */; settings = {ATTRIBUTES = (CodeSignOnCopy, RemoveHeadersOnCopy, ); }; };
		0CE78F0B2C2FFEA800B4284B /* FirebaseAnalytics.xcframework in Frameworks */ = {isa = PBXBuildFile; fileRef = 0C898AEB2C2F1EBA00296E0B /* FirebaseAnalytics.xcframework */; };
		0CE78F0C2C2FFEA800B4284B /* FirebaseAnalytics.xcframework in Embed Frameworks */ = {isa = PBXBuildFile; fileRef = 0C898AEB2C2F1EBA00296E0B /* FirebaseAnalytics.xcframework */; settings = {ATTRIBUTES = (CodeSignOnCopy, RemoveHeadersOnCopy, ); }; };
		0CE78F0D2C2FFEA800B4284B /* FirebaseCore.xcframework in Frameworks */ = {isa = PBXBuildFile; fileRef = 0C898AB52C2ED2E500296E0B /* FirebaseCore.xcframework */; };
		0CE78F0E2C2FFEA800B4284B /* FirebaseCore.xcframework in Embed Frameworks */ = {isa = PBXBuildFile; fileRef = 0C898AB52C2ED2E500296E0B /* FirebaseCore.xcframework */; settings = {ATTRIBUTES = (CodeSignOnCopy, RemoveHeadersOnCopy, ); }; };
		0CE78F0F2C2FFEA800B4284B /* FirebaseCoreExtension.xcframework in Frameworks */ = {isa = PBXBuildFile; fileRef = 0C898AB62C2ED2E500296E0B /* FirebaseCoreExtension.xcframework */; };
		0CE78F102C2FFEA800B4284B /* FirebaseCoreExtension.xcframework in Embed Frameworks */ = {isa = PBXBuildFile; fileRef = 0C898AB62C2ED2E500296E0B /* FirebaseCoreExtension.xcframework */; settings = {ATTRIBUTES = (CodeSignOnCopy, RemoveHeadersOnCopy, ); }; };
		0CE78F112C2FFEA800B4284B /* FirebaseCoreInternal.xcframework in Frameworks */ = {isa = PBXBuildFile; fileRef = 0C898B4E2C2F235F00296E0B /* FirebaseCoreInternal.xcframework */; };
		0CE78F122C2FFEA800B4284B /* FirebaseCoreInternal.xcframework in Embed Frameworks */ = {isa = PBXBuildFile; fileRef = 0C898B4E2C2F235F00296E0B /* FirebaseCoreInternal.xcframework */; settings = {ATTRIBUTES = (CodeSignOnCopy, RemoveHeadersOnCopy, ); }; };
		0CE78F132C2FFEA800B4284B /* FirebaseCrashlytics.xcframework in Frameworks */ = {isa = PBXBuildFile; fileRef = 0C898B4F2C2F235F00296E0B /* FirebaseCrashlytics.xcframework */; };
		0CE78F142C2FFEA800B4284B /* FirebaseCrashlytics.xcframework in Embed Frameworks */ = {isa = PBXBuildFile; fileRef = 0C898B4F2C2F235F00296E0B /* FirebaseCrashlytics.xcframework */; settings = {ATTRIBUTES = (CodeSignOnCopy, RemoveHeadersOnCopy, ); }; };
		0CE78F152C2FFEA800B4284B /* FirebaseInstallations.xcframework in Frameworks */ = {isa = PBXBuildFile; fileRef = 0C898AB72C2ED2E500296E0B /* FirebaseInstallations.xcframework */; };
		0CE78F162C2FFEA800B4284B /* FirebaseInstallations.xcframework in Embed Frameworks */ = {isa = PBXBuildFile; fileRef = 0C898AB72C2ED2E500296E0B /* FirebaseInstallations.xcframework */; settings = {ATTRIBUTES = (CodeSignOnCopy, RemoveHeadersOnCopy, ); }; };
		0CE78F172C2FFEA800B4284B /* FirebaseMessaging.xcframework in Frameworks */ = {isa = PBXBuildFile; fileRef = 0C898AB82C2ED2E500296E0B /* FirebaseMessaging.xcframework */; };
		0CE78F182C2FFEA800B4284B /* FirebaseMessaging.xcframework in Embed Frameworks */ = {isa = PBXBuildFile; fileRef = 0C898AB82C2ED2E500296E0B /* FirebaseMessaging.xcframework */; settings = {ATTRIBUTES = (CodeSignOnCopy, RemoveHeadersOnCopy, ); }; };
		0CE78F192C2FFEA800B4284B /* FirebaseRemoteConfig.xcframework in Frameworks */ = {isa = PBXBuildFile; fileRef = 0C898AF52C2F1F1300296E0B /* FirebaseRemoteConfig.xcframework */; };
		0CE78F1A2C2FFEA800B4284B /* FirebaseRemoteConfig.xcframework in Embed Frameworks */ = {isa = PBXBuildFile; fileRef = 0C898AF52C2F1F1300296E0B /* FirebaseRemoteConfig.xcframework */; settings = {ATTRIBUTES = (CodeSignOnCopy, RemoveHeadersOnCopy, ); }; };
		0CE78F1B2C2FFEA800B4284B /* FirebaseRemoteConfigInterop.xcframework in Frameworks */ = {isa = PBXBuildFile; fileRef = 0C898AB92C2ED2E500296E0B /* FirebaseRemoteConfigInterop.xcframework */; };
		0CE78F1C2C2FFEA800B4284B /* FirebaseRemoteConfigInterop.xcframework in Embed Frameworks */ = {isa = PBXBuildFile; fileRef = 0C898AB92C2ED2E500296E0B /* FirebaseRemoteConfigInterop.xcframework */; settings = {ATTRIBUTES = (CodeSignOnCopy, RemoveHeadersOnCopy, ); }; };
		0CE78F1D2C2FFEA800B4284B /* FirebaseSessions.xcframework in Frameworks */ = {isa = PBXBuildFile; fileRef = 0C898B4D2C2F235F00296E0B /* FirebaseSessions.xcframework */; };
		0CE78F1E2C2FFEA800B4284B /* FirebaseSessions.xcframework in Embed Frameworks */ = {isa = PBXBuildFile; fileRef = 0C898B4D2C2F235F00296E0B /* FirebaseSessions.xcframework */; settings = {ATTRIBUTES = (CodeSignOnCopy, RemoveHeadersOnCopy, ); }; };
		0CE78F1F2C2FFEA800B4284B /* FirebaseSharedSwift.xcframework in Frameworks */ = {isa = PBXBuildFile; fileRef = 0C898B502C2F235F00296E0B /* FirebaseSharedSwift.xcframework */; };
		0CE78F202C2FFEA800B4284B /* FirebaseSharedSwift.xcframework in Embed Frameworks */ = {isa = PBXBuildFile; fileRef = 0C898B502C2F235F00296E0B /* FirebaseSharedSwift.xcframework */; settings = {ATTRIBUTES = (CodeSignOnCopy, RemoveHeadersOnCopy, ); }; };
		0CE78F212C2FFEA800B4284B /* GoogleAppMeasurement.xcframework in Frameworks */ = {isa = PBXBuildFile; fileRef = 0C898ABA2C2ED2E500296E0B /* GoogleAppMeasurement.xcframework */; };
		0CE78F222C2FFEA800B4284B /* GoogleAppMeasurement.xcframework in Embed Frameworks */ = {isa = PBXBuildFile; fileRef = 0C898ABA2C2ED2E500296E0B /* GoogleAppMeasurement.xcframework */; settings = {ATTRIBUTES = (CodeSignOnCopy, RemoveHeadersOnCopy, ); }; };
		0CE78F232C2FFEA800B4284B /* GoogleAppMeasurementIdentitySupport.xcframework in Frameworks */ = {isa = PBXBuildFile; fileRef = 0C898ABB2C2ED2E500296E0B /* GoogleAppMeasurementIdentitySupport.xcframework */; };
		0CE78F242C2FFEA800B4284B /* GoogleAppMeasurementIdentitySupport.xcframework in Embed Frameworks */ = {isa = PBXBuildFile; fileRef = 0C898ABB2C2ED2E500296E0B /* GoogleAppMeasurementIdentitySupport.xcframework */; settings = {ATTRIBUTES = (CodeSignOnCopy, RemoveHeadersOnCopy, ); }; };
		0CE78F252C2FFEA900B4284B /* GoogleDataTransport.xcframework in Frameworks */ = {isa = PBXBuildFile; fileRef = 0C898ABC2C2ED2E500296E0B /* GoogleDataTransport.xcframework */; };
		0CE78F262C2FFEA900B4284B /* GoogleDataTransport.xcframework in Embed Frameworks */ = {isa = PBXBuildFile; fileRef = 0C898ABC2C2ED2E500296E0B /* GoogleDataTransport.xcframework */; settings = {ATTRIBUTES = (CodeSignOnCopy, RemoveHeadersOnCopy, ); }; };
		0CE78F272C2FFEA900B4284B /* GoogleMobileAds.xcframework in Frameworks */ = {isa = PBXBuildFile; fileRef = 0C898ABD2C2ED2E500296E0B /* GoogleMobileAds.xcframework */; };
		0CE78F282C2FFEA900B4284B /* GoogleMobileAds.xcframework in Embed Frameworks */ = {isa = PBXBuildFile; fileRef = 0C898ABD2C2ED2E500296E0B /* GoogleMobileAds.xcframework */; settings = {ATTRIBUTES = (CodeSignOnCopy, RemoveHeadersOnCopy, ); }; };
		0CE78F292C2FFEA900B4284B /* GoogleUtilities.xcframework in Frameworks */ = {isa = PBXBuildFile; fileRef = 0C898ABE2C2ED2E500296E0B /* GoogleUtilities.xcframework */; };
		0CE78F2A2C2FFEA900B4284B /* GoogleUtilities.xcframework in Embed Frameworks */ = {isa = PBXBuildFile; fileRef = 0C898ABE2C2ED2E500296E0B /* GoogleUtilities.xcframework */; settings = {ATTRIBUTES = (CodeSignOnCopy, RemoveHeadersOnCopy, ); }; };
		0CE78F2B2C2FFEA900B4284B /* Firebase.framework in Frameworks */ = {isa = PBXBuildFile; fileRef = 0C898AAD2C2ED2E500296E0B /* Firebase.framework */; };
		0CE78F2C2C2FFEA900B4284B /* Firebase.framework in Embed Frameworks */ = {isa = PBXBuildFile; fileRef = 0C898AAD2C2ED2E500296E0B /* Firebase.framework */; settings = {ATTRIBUTES = (CodeSignOnCopy, RemoveHeadersOnCopy, ); }; };
		0CE78F2D2C2FFEA900B4284B /* nanopb.xcframework in Frameworks */ = {isa = PBXBuildFile; fileRef = 0C898ABF2C2ED2E500296E0B /* nanopb.xcframework */; };
		0CE78F2E2C2FFEA900B4284B /* nanopb.xcframework in Embed Frameworks */ = {isa = PBXBuildFile; fileRef = 0C898ABF2C2ED2E500296E0B /* nanopb.xcframework */; settings = {ATTRIBUTES = (CodeSignOnCopy, RemoveHeadersOnCopy, ); }; };
		0CE78F2F2C2FFEA900B4284B /* Promises.xcframework in Frameworks */ = {isa = PBXBuildFile; fileRef = 0C898AC02C2ED2E500296E0B /* Promises.xcframework */; };
		0CE78F302C2FFEA900B4284B /* Promises.xcframework in Embed Frameworks */ = {isa = PBXBuildFile; fileRef = 0C898AC02C2ED2E500296E0B /* Promises.xcframework */; settings = {ATTRIBUTES = (CodeSignOnCopy, RemoveHeadersOnCopy, ); }; };
		0CE78F312C2FFEA900B4284B /* UserMessagingPlatform.xcframework in Frameworks */ = {isa = PBXBuildFile; fileRef = 0C898AC12C2ED2E500296E0B /* UserMessagingPlatform.xcframework */; };
		0CE78F322C2FFEA900B4284B /* UserMessagingPlatform.xcframework in Embed Frameworks */ = {isa = PBXBuildFile; fileRef = 0C898AC12C2ED2E500296E0B /* UserMessagingPlatform.xcframework */; settings = {ATTRIBUTES = (CodeSignOnCopy, RemoveHeadersOnCopy, ); }; };
		21FFCC872C29508A00BD543A /* LonginesKit.h in Headers */ = {isa = PBXBuildFile; fileRef = 21FFCC862C29508A00BD543A /* LonginesKit.h */; settings = {ATTRIBUTES = (Public, ); }; };
		21FFCC902C29510000BD543A /* LKAppAppearance.swift in Sources */ = {isa = PBXBuildFile; fileRef = 21FFCC8F2C29510000BD543A /* LKAppAppearance.swift */; };
		21FFCC9C2C295D9000BD543A /* AppDelegate.swift in Sources */ = {isa = PBXBuildFile; fileRef = 21FFCC9B2C295D9000BD543A /* AppDelegate.swift */; };
		21FFCCA02C295D9000BD543A /* HomeViewController.swift in Sources */ = {isa = PBXBuildFile; fileRef = 21FFCC9F2C295D9000BD543A /* HomeViewController.swift */; };
		21FFCCA52C295D9200BD543A /* Assets.xcassets in Resources */ = {isa = PBXBuildFile; fileRef = 21FFCCA42C295D9200BD543A /* Assets.xcassets */; };
		21FFCCA82C295D9200BD543A /* LaunchScreen.storyboard in Resources */ = {isa = PBXBuildFile; fileRef = 21FFCCA62C295D9200BD543A /* LaunchScreen.storyboard */; };
		21FFCCAE2C295DF200BD543A /* LonginesKit.framework in Frameworks */ = {isa = PBXBuildFile; fileRef = 21FFCC832C29508A00BD543A /* LonginesKit.framework */; };
		21FFCCAF2C295DF200BD543A /* LonginesKit.framework in Embed Frameworks */ = {isa = PBXBuildFile; fileRef = 21FFCC832C29508A00BD543A /* LonginesKit.framework */; settings = {ATTRIBUTES = (CodeSignOnCopy, RemoveHeadersOnCopy, ); }; };
		21FFCCB42C2964D200BD543A /* LKLoggingPrint.swift in Sources */ = {isa = PBXBuildFile; fileRef = 21FFCCB32C2964D100BD543A /* LKLoggingPrint.swift */; };
		21FFCCB62C29661200BD543A /* Bundle Ext.swift in Sources */ = {isa = PBXBuildFile; fileRef = 21FFCCB52C29661200BD543A /* Bundle Ext.swift */; };
		21FFCCB82C2966C200BD543A /* UIColor Ext.swift in Sources */ = {isa = PBXBuildFile; fileRef = 21FFCCB72C2966C200BD543A /* UIColor Ext.swift */; };
		21FFCCBA2C2967CE00BD543A /* Dictionary Ext.swift in Sources */ = {isa = PBXBuildFile; fileRef = 21FFCCB92C2967CE00BD543A /* Dictionary Ext.swift */; };
		21FFCCBC2C29681400BD543A /* UIView Ext.swift in Sources */ = {isa = PBXBuildFile; fileRef = 21FFCCBB2C29681400BD543A /* UIView Ext.swift */; };
		21FFCCBE2C296A6D00BD543A /* Data Ext.swift in Sources */ = {isa = PBXBuildFile; fileRef = 21FFCCBD2C296A6D00BD543A /* Data Ext.swift */; };
		21FFCCC02C296AC300BD543A /* UIViewController Ext.swift in Sources */ = {isa = PBXBuildFile; fileRef = 21FFCCBF2C296AC300BD543A /* UIViewController Ext.swift */; };
		21FFCCC22C296DC900BD543A /* LKUserDefaultsWrapper.swift in Sources */ = {isa = PBXBuildFile; fileRef = 21FFCCC12C296DC900BD543A /* LKUserDefaultsWrapper.swift */; };
		21FFCCC42C296ED800BD543A /* UIStackView Ext.swift in Sources */ = {isa = PBXBuildFile; fileRef = 21FFCCC32C296ED800BD543A /* UIStackView Ext.swift */; };
		21FFCCC62C296FA200BD543A /* LKCell.swift in Sources */ = {isa = PBXBuildFile; fileRef = 21FFCCC52C296FA200BD543A /* LKCell.swift */; };
		21FFCCC92C2970DF00BD543A /* LKBaseViewController.swift in Sources */ = {isa = PBXBuildFile; fileRef = 21FFCCC82C2970DF00BD543A /* LKBaseViewController.swift */; };
		21FFCCD02C29717700BD543A /* LKBaseView.swift in Sources */ = {isa = PBXBuildFile; fileRef = 21FFCCCB2C29717700BD543A /* LKBaseView.swift */; };
		21FFCCD22C29717700BD543A /* LKBaseNavigationController.swift in Sources */ = {isa = PBXBuildFile; fileRef = 21FFCCCD2C29717700BD543A /* LKBaseNavigationController.swift */; };
/* End PBXBuildFile section */

/* Begin PBXContainerItemProxy section */
		0CE78EF32C2FFE1C00B4284B /* PBXContainerItemProxy */ = {
			isa = PBXContainerItemProxy;
			containerPortal = 21FFCC7A2C29508A00BD543A /* Project object */;
			proxyType = 1;
			remoteGlobalIDString = 0CE78EE72C2FFE1C00B4284B;
			remoteInfo = LongFirebase;
		};
		0CE78EF52C2FFE1C00B4284B /* PBXContainerItemProxy */ = {
			isa = PBXContainerItemProxy;
			containerPortal = 21FFCC7A2C29508A00BD543A /* Project object */;
			proxyType = 1;
			remoteGlobalIDString = 21FFCC982C295D9000BD543A;
			remoteInfo = AppSample;
		};
		0CE78EFB2C2FFE1C00B4284B /* PBXContainerItemProxy */ = {
			isa = PBXContainerItemProxy;
			containerPortal = 21FFCC7A2C29508A00BD543A /* Project object */;
			proxyType = 1;
			remoteGlobalIDString = 0CE78EE72C2FFE1C00B4284B;
			remoteInfo = LongFirebase;
		};
		21FFCCB02C295DF200BD543A /* PBXContainerItemProxy */ = {
			isa = PBXContainerItemProxy;
			containerPortal = 21FFCC7A2C29508A00BD543A /* Project object */;
			proxyType = 1;
			remoteGlobalIDString = 21FFCC822C29508A00BD543A;
			remoteInfo = LonginesKit;
		};
/* End PBXContainerItemProxy section */

/* Begin PBXCopyFilesBuildPhase section */
		0CE78F332C2FFEA900B4284B /* Embed Frameworks */ = {
			isa = PBXCopyFilesBuildPhase;
			buildActionMask = 2147483647;
			dstPath = "";
			dstSubfolderSpec = 10;
			files = (
				0CE78F1A2C2FFEA800B4284B /* FirebaseRemoteConfig.xcframework in Embed Frameworks */,
				0CE78F242C2FFEA800B4284B /* GoogleAppMeasurementIdentitySupport.xcframework in Embed Frameworks */,
				0CE78F222C2FFEA800B4284B /* GoogleAppMeasurement.xcframework in Embed Frameworks */,
				0CE78F202C2FFEA800B4284B /* FirebaseSharedSwift.xcframework in Embed Frameworks */,
				0CE78F142C2FFEA800B4284B /* FirebaseCrashlytics.xcframework in Embed Frameworks */,
				0CE78F322C2FFEA900B4284B /* UserMessagingPlatform.xcframework in Embed Frameworks */,
				0CE78F262C2FFEA900B4284B /* GoogleDataTransport.xcframework in Embed Frameworks */,
				0CE78F2E2C2FFEA900B4284B /* nanopb.xcframework in Embed Frameworks */,
				0CE78F1C2C2FFEA800B4284B /* FirebaseRemoteConfigInterop.xcframework in Embed Frameworks */,
				0CE78F2A2C2FFEA900B4284B /* GoogleUtilities.xcframework in Embed Frameworks */,
				0CE78F282C2FFEA900B4284B /* GoogleMobileAds.xcframework in Embed Frameworks */,
				0CE78F0A2C2FFEA800B4284B /* FirebaseABTesting.xcframework in Embed Frameworks */,
				0CE78F0C2C2FFEA800B4284B /* FirebaseAnalytics.xcframework in Embed Frameworks */,
				0CE78F0E2C2FFEA800B4284B /* FirebaseCore.xcframework in Embed Frameworks */,
				0CE78F302C2FFEA900B4284B /* Promises.xcframework in Embed Frameworks */,
				0CE78F082C2FFEA800B4284B /* FBLPromises.xcframework in Embed Frameworks */,
				0CE78F062C2FFEA800B4284B /* Protobuf.framework in Embed Frameworks */,
				0CE78F102C2FFEA800B4284B /* FirebaseCoreExtension.xcframework in Embed Frameworks */,
				0CE78F2C2C2FFEA900B4284B /* Firebase.framework in Embed Frameworks */,
				0CE78F122C2FFEA800B4284B /* FirebaseCoreInternal.xcframework in Embed Frameworks */,
				0CE78F1E2C2FFEA800B4284B /* FirebaseSessions.xcframework in Embed Frameworks */,
				0CE78F162C2FFEA800B4284B /* FirebaseInstallations.xcframework in Embed Frameworks */,
				0CE78F182C2FFEA800B4284B /* FirebaseMessaging.xcframework in Embed Frameworks */,
			);
			name = "Embed Frameworks";
			runOnlyForDeploymentPostprocessing = 0;
		};
		21FFCCB22C295DF200BD543A /* Embed Frameworks */ = {
			isa = PBXCopyFilesBuildPhase;
			buildActionMask = 2147483647;
			dstPath = "";
			dstSubfolderSpec = 10;
			files = (
				21FFCCAF2C295DF200BD543A /* LonginesKit.framework in Embed Frameworks */,
				0CE78EFE2C2FFE1C00B4284B /* LongFirebase.framework in Embed Frameworks */,
			);
			name = "Embed Frameworks";
			runOnlyForDeploymentPostprocessing = 0;
		};
/* End PBXCopyFilesBuildPhase section */

/* Begin PBXFileReference section */
		0C898A7C2C2EB11B00296E0B /* LKPluggableServiceProviderProtocol.swift */ = {isa = PBXFileReference; fileEncoding = 4; lastKnownFileType = sourcecode.swift; path = LKPluggableServiceProviderProtocol.swift; sourceTree = "<group>"; };
		0C898A7D2C2EB11B00296E0B /* LKPluggableApplicationDelegate.swift */ = {isa = PBXFileReference; fileEncoding = 4; lastKnownFileType = sourcecode.swift; path = LKPluggableApplicationDelegate.swift; sourceTree = "<group>"; };
		0C898A7E2C2EB11B00296E0B /* LKPluggableApplicationDelegateService.swift */ = {isa = PBXFileReference; fileEncoding = 4; lastKnownFileType = sourcecode.swift; path = LKPluggableApplicationDelegateService.swift; sourceTree = "<group>"; };
		0C898A7F2C2EB11B00296E0B /* LKPluggableTool.swift */ = {isa = PBXFileReference; fileEncoding = 4; lastKnownFileType = sourcecode.swift; path = LKPluggableTool.swift; sourceTree = "<group>"; };
		0C898A922C2ED2C900296E0B /* LonginesFirebase.h */ = {isa = PBXFileReference; lastKnownFileType = sourcecode.c.h; path = LonginesFirebase.h; sourceTree = "<group>"; };
		0C898A932C2ED2C900296E0B /* LonginesFirebase.docc */ = {isa = PBXFileReference; lastKnownFileType = folder.documentationcatalog; path = LonginesFirebase.docc; sourceTree = "<group>"; };
		0C898AAD2C2ED2E500296E0B /* Firebase.framework */ = {isa = PBXFileReference; lastKnownFileType = wrapper.framework; path = Firebase.framework; sourceTree = "<group>"; };
		0C898AAE2C2ED2E500296E0B /* Protobuf.framework */ = {isa = PBXFileReference; lastKnownFileType = wrapper.framework; path = Protobuf.framework; sourceTree = "<group>"; };
		0C898AB02C2ED2E500296E0B /* .FirebaseAdMobBinary.version */ = {isa = PBXFileReference; lastKnownFileType = text; path = .FirebaseAdMobBinary.version; sourceTree = "<group>"; };
		0C898AB12C2ED2E500296E0B /* .FirebaseMessagingBinary.version */ = {isa = PBXFileReference; lastKnownFileType = text; path = .FirebaseMessagingBinary.version; sourceTree = "<group>"; };
		0C898AB22C2ED2E500296E0B /* .FirebaseProtobufBinary.version */ = {isa = PBXFileReference; lastKnownFileType = text; path = .FirebaseProtobufBinary.version; sourceTree = "<group>"; };
		0C898AB32C2ED2E500296E0B /* FBLPromises.xcframework */ = {isa = PBXFileReference; expectedSignature = "AppleDeveloperProgram:EQHXZ8M8AV:Google LLC"; lastKnownFileType = wrapper.xcframework; path = FBLPromises.xcframework; sourceTree = "<group>"; };
		0C898AB42C2ED2E500296E0B /* FirebaseABTesting.xcframework */ = {isa = PBXFileReference; expectedSignature = "AppleDeveloperProgram:EQHXZ8M8AV:Google LLC"; lastKnownFileType = wrapper.xcframework; path = FirebaseABTesting.xcframework; sourceTree = "<group>"; };
		0C898AB52C2ED2E500296E0B /* FirebaseCore.xcframework */ = {isa = PBXFileReference; expectedSignature = "AppleDeveloperProgram:EQHXZ8M8AV:Google LLC"; lastKnownFileType = wrapper.xcframework; path = FirebaseCore.xcframework; sourceTree = "<group>"; };
		0C898AB62C2ED2E500296E0B /* FirebaseCoreExtension.xcframework */ = {isa = PBXFileReference; expectedSignature = "AppleDeveloperProgram:EQHXZ8M8AV:Google LLC"; lastKnownFileType = wrapper.xcframework; path = FirebaseCoreExtension.xcframework; sourceTree = "<group>"; };
		0C898AB72C2ED2E500296E0B /* FirebaseInstallations.xcframework */ = {isa = PBXFileReference; expectedSignature = "AppleDeveloperProgram:EQHXZ8M8AV:Google LLC"; lastKnownFileType = wrapper.xcframework; path = FirebaseInstallations.xcframework; sourceTree = "<group>"; };
		0C898AB82C2ED2E500296E0B /* FirebaseMessaging.xcframework */ = {isa = PBXFileReference; expectedSignature = "AppleDeveloperProgram:EQHXZ8M8AV:Google LLC"; lastKnownFileType = wrapper.xcframework; path = FirebaseMessaging.xcframework; sourceTree = "<group>"; };
		0C898AB92C2ED2E500296E0B /* FirebaseRemoteConfigInterop.xcframework */ = {isa = PBXFileReference; expectedSignature = "AppleDeveloperProgram:EQHXZ8M8AV:Google LLC"; lastKnownFileType = wrapper.xcframework; path = FirebaseRemoteConfigInterop.xcframework; sourceTree = "<group>"; };
		0C898ABA2C2ED2E500296E0B /* GoogleAppMeasurement.xcframework */ = {isa = PBXFileReference; expectedSignature = "AppleDeveloperProgram:EQHXZ8M8AV:Google LLC"; lastKnownFileType = wrapper.xcframework; path = GoogleAppMeasurement.xcframework; sourceTree = "<group>"; };
		0C898ABB2C2ED2E500296E0B /* GoogleAppMeasurementIdentitySupport.xcframework */ = {isa = PBXFileReference; expectedSignature = "AppleDeveloperProgram:EQHXZ8M8AV:Google LLC"; lastKnownFileType = wrapper.xcframework; path = GoogleAppMeasurementIdentitySupport.xcframework; sourceTree = "<group>"; };
		0C898ABC2C2ED2E500296E0B /* GoogleDataTransport.xcframework */ = {isa = PBXFileReference; expectedSignature = "AppleDeveloperProgram:EQHXZ8M8AV:Google LLC"; lastKnownFileType = wrapper.xcframework; path = GoogleDataTransport.xcframework; sourceTree = "<group>"; };
		0C898ABD2C2ED2E500296E0B /* GoogleMobileAds.xcframework */ = {isa = PBXFileReference; expectedSignature = "AppleDeveloperProgram:EQHXZ8M8AV:Google LLC"; lastKnownFileType = wrapper.xcframework; path = GoogleMobileAds.xcframework; sourceTree = "<group>"; };
		0C898ABE2C2ED2E500296E0B /* GoogleUtilities.xcframework */ = {isa = PBXFileReference; expectedSignature = "AppleDeveloperProgram:EQHXZ8M8AV:Google LLC"; lastKnownFileType = wrapper.xcframework; path = GoogleUtilities.xcframework; sourceTree = "<group>"; };
		0C898ABF2C2ED2E500296E0B /* nanopb.xcframework */ = {isa = PBXFileReference; expectedSignature = "AppleDeveloperProgram:EQHXZ8M8AV:Google LLC"; lastKnownFileType = wrapper.xcframework; path = nanopb.xcframework; sourceTree = "<group>"; };
		0C898AC02C2ED2E500296E0B /* Promises.xcframework */ = {isa = PBXFileReference; expectedSignature = "AppleDeveloperProgram:EQHXZ8M8AV:Google LLC"; lastKnownFileType = wrapper.xcframework; path = Promises.xcframework; sourceTree = "<group>"; };
		0C898AC12C2ED2E500296E0B /* UserMessagingPlatform.xcframework */ = {isa = PBXFileReference; expectedSignature = "AppleDeveloperProgram:EQHXZ8M8AV:Google LLC"; lastKnownFileType = wrapper.xcframework; path = UserMessagingPlatform.xcframework; sourceTree = "<group>"; };
		0C898AE32C2F1E0100296E0B /* LKRemoteConfigPlugin.swift */ = {isa = PBXFileReference; fileEncoding = 4; lastKnownFileType = sourcecode.swift; path = LKRemoteConfigPlugin.swift; sourceTree = "<group>"; };
		0C898AE42C2F1E0100296E0B /* LKUserPropertyPlugin.swift */ = {isa = PBXFileReference; fileEncoding = 4; lastKnownFileType = sourcecode.swift; path = LKUserPropertyPlugin.swift; sourceTree = "<group>"; };
		0C898AE52C2F1E0100296E0B /* LKFirebaseConfigPlugin.swift */ = {isa = PBXFileReference; fileEncoding = 4; lastKnownFileType = sourcecode.swift; path = LKFirebaseConfigPlugin.swift; sourceTree = "<group>"; };
		0C898AEB2C2F1EBA00296E0B /* FirebaseAnalytics.xcframework */ = {isa = PBXFileReference; expectedSignature = "AppleDeveloperProgram:EQHXZ8M8AV:Google LLC"; lastKnownFileType = wrapper.xcframework; name = FirebaseAnalytics.xcframework; path = Carthage/Build/FirebaseAnalytics.xcframework; sourceTree = "<group>"; };
		0C898AF52C2F1F1300296E0B /* FirebaseRemoteConfig.xcframework */ = {isa = PBXFileReference; expectedSignature = "AppleDeveloperProgram:EQHXZ8M8AV:Google LLC"; lastKnownFileType = wrapper.xcframework; name = FirebaseRemoteConfig.xcframework; path = Carthage/Build/FirebaseRemoteConfig.xcframework; sourceTree = "<group>"; };
		0C898B4D2C2F235F00296E0B /* FirebaseSessions.xcframework */ = {isa = PBXFileReference; expectedSignature = "AppleDeveloperProgram:EQHXZ8M8AV:Google LLC"; lastKnownFileType = wrapper.xcframework; name = FirebaseSessions.xcframework; path = Carthage/Build/FirebaseSessions.xcframework; sourceTree = "<group>"; };
		0C898B4E2C2F235F00296E0B /* FirebaseCoreInternal.xcframework */ = {isa = PBXFileReference; expectedSignature = "AppleDeveloperProgram:EQHXZ8M8AV:Google LLC"; lastKnownFileType = wrapper.xcframework; name = FirebaseCoreInternal.xcframework; path = Carthage/Build/FirebaseCoreInternal.xcframework; sourceTree = "<group>"; };
		0C898B4F2C2F235F00296E0B /* FirebaseCrashlytics.xcframework */ = {isa = PBXFileReference; expectedSignature = "AppleDeveloperProgram:EQHXZ8M8AV:Google LLC"; lastKnownFileType = wrapper.xcframework; name = FirebaseCrashlytics.xcframework; path = Carthage/Build/FirebaseCrashlytics.xcframework; sourceTree = "<group>"; };
		0C898B502C2F235F00296E0B /* FirebaseSharedSwift.xcframework */ = {isa = PBXFileReference; expectedSignature = "AppleDeveloperProgram:EQHXZ8M8AV:Google LLC"; lastKnownFileType = wrapper.xcframework; name = FirebaseSharedSwift.xcframework; path = Carthage/Build/FirebaseSharedSwift.xcframework; sourceTree = "<group>"; };
		0C898B8E2C2F29D100296E0B /* libc++.tbd */ = {isa = PBXFileReference; lastKnownFileType = "sourcecode.text-based-dylib-definition"; name = "libc++.tbd"; path = "usr/lib/libc++.tbd"; sourceTree = SDKROOT; };
		0C898B902C2F29E000296E0B /* libsqlite3.tbd */ = {isa = PBXFileReference; lastKnownFileType = "sourcecode.text-based-dylib-definition"; name = libsqlite3.tbd; path = usr/lib/libsqlite3.tbd; sourceTree = SDKROOT; };
		0C898B922C2F29F000296E0B /* libz.tbd */ = {isa = PBXFileReference; lastKnownFileType = "sourcecode.text-based-dylib-definition"; name = libz.tbd; path = usr/lib/libz.tbd; sourceTree = SDKROOT; };
		0CE78EE22C2FFCE200B4284B /* LonginesFirebase.framework */ = {isa = PBXFileReference; explicitFileType = wrapper.framework; includeInIndex = 0; path = LonginesFirebase.framework; sourceTree = BUILT_PRODUCTS_DIR; };
		0CE78EE82C2FFE1C00B4284B /* LongFirebase.framework */ = {isa = PBXFileReference; explicitFileType = wrapper.framework; includeInIndex = 0; path = LongFirebase.framework; sourceTree = BUILT_PRODUCTS_DIR; };
		0CE78EEA2C2FFE1C00B4284B /* LongFirebase.h */ = {isa = PBXFileReference; lastKnownFileType = sourcecode.c.h; path = LongFirebase.h; sourceTree = "<group>"; };
		0CE78EEB2C2FFE1C00B4284B /* LongFirebase.docc */ = {isa = PBXFileReference; lastKnownFileType = folder.documentationcatalog; path = LongFirebase.docc; sourceTree = "<group>"; };
		0CE78EF12C2FFE1C00B4284B /* LongFirebaseTests.xctest */ = {isa = PBXFileReference; explicitFileType = wrapper.cfbundle; includeInIndex = 0; path = LongFirebaseTests.xctest; sourceTree = BUILT_PRODUCTS_DIR; };
		0CE78EF82C2FFE1C00B4284B /* LongFirebaseTests.swift */ = {isa = PBXFileReference; lastKnownFileType = sourcecode.swift; path = LongFirebaseTests.swift; sourceTree = "<group>"; };
		21FFCC832C29508A00BD543A /* LonginesKit.framework */ = {isa = PBXFileReference; explicitFileType = wrapper.framework; includeInIndex = 0; path = LonginesKit.framework; sourceTree = BUILT_PRODUCTS_DIR; };
		21FFCC862C29508A00BD543A /* LonginesKit.h */ = {isa = PBXFileReference; lastKnownFileType = sourcecode.c.h; path = LonginesKit.h; sourceTree = "<group>"; };
		21FFCC8F2C29510000BD543A /* LKAppAppearance.swift */ = {isa = PBXFileReference; lastKnownFileType = sourcecode.swift; path = LKAppAppearance.swift; sourceTree = "<group>"; };
		21FFCC992C295D9000BD543A /* AppSample.app */ = {isa = PBXFileReference; explicitFileType = wrapper.application; includeInIndex = 0; path = AppSample.app; sourceTree = BUILT_PRODUCTS_DIR; };
		21FFCC9B2C295D9000BD543A /* AppDelegate.swift */ = {isa = PBXFileReference; lastKnownFileType = sourcecode.swift; path = AppDelegate.swift; sourceTree = "<group>"; };
		21FFCC9F2C295D9000BD543A /* HomeViewController.swift */ = {isa = PBXFileReference; lastKnownFileType = sourcecode.swift; path = HomeViewController.swift; sourceTree = "<group>"; };
		21FFCCA42C295D9200BD543A /* Assets.xcassets */ = {isa = PBXFileReference; lastKnownFileType = folder.assetcatalog; path = Assets.xcassets; sourceTree = "<group>"; };
		21FFCCA72C295D9200BD543A /* Base */ = {isa = PBXFileReference; lastKnownFileType = file.storyboard; name = Base; path = Base.lproj/LaunchScreen.storyboard; sourceTree = "<group>"; };
		21FFCCA92C295D9200BD543A /* Info.plist */ = {isa = PBXFileReference; lastKnownFileType = text.plist.xml; path = Info.plist; sourceTree = "<group>"; };
		21FFCCB32C2964D100BD543A /* LKLoggingPrint.swift */ = {isa = PBXFileReference; fileEncoding = 4; lastKnownFileType = sourcecode.swift; path = LKLoggingPrint.swift; sourceTree = "<group>"; };
		21FFCCB52C29661200BD543A /* Bundle Ext.swift */ = {isa = PBXFileReference; lastKnownFileType = sourcecode.swift; path = "Bundle Ext.swift"; sourceTree = "<group>"; };
		21FFCCB72C2966C200BD543A /* UIColor Ext.swift */ = {isa = PBXFileReference; lastKnownFileType = sourcecode.swift; path = "UIColor Ext.swift"; sourceTree = "<group>"; };
		21FFCCB92C2967CE00BD543A /* Dictionary Ext.swift */ = {isa = PBXFileReference; lastKnownFileType = sourcecode.swift; path = "Dictionary Ext.swift"; sourceTree = "<group>"; };
		21FFCCBB2C29681400BD543A /* UIView Ext.swift */ = {isa = PBXFileReference; lastKnownFileType = sourcecode.swift; path = "UIView Ext.swift"; sourceTree = "<group>"; };
		21FFCCBD2C296A6D00BD543A /* Data Ext.swift */ = {isa = PBXFileReference; lastKnownFileType = sourcecode.swift; path = "Data Ext.swift"; sourceTree = "<group>"; };
		21FFCCBF2C296AC300BD543A /* UIViewController Ext.swift */ = {isa = PBXFileReference; lastKnownFileType = sourcecode.swift; path = "UIViewController Ext.swift"; sourceTree = "<group>"; };
		21FFCCC12C296DC900BD543A /* LKUserDefaultsWrapper.swift */ = {isa = PBXFileReference; lastKnownFileType = sourcecode.swift; path = LKUserDefaultsWrapper.swift; sourceTree = "<group>"; };
		21FFCCC32C296ED800BD543A /* UIStackView Ext.swift */ = {isa = PBXFileReference; lastKnownFileType = sourcecode.swift; path = "UIStackView Ext.swift"; sourceTree = "<group>"; };
		21FFCCC52C296FA200BD543A /* LKCell.swift */ = {isa = PBXFileReference; lastKnownFileType = sourcecode.swift; path = LKCell.swift; sourceTree = "<group>"; };
		21FFCCC82C2970DF00BD543A /* LKBaseViewController.swift */ = {isa = PBXFileReference; lastKnownFileType = sourcecode.swift; path = LKBaseViewController.swift; sourceTree = "<group>"; };
		21FFCCCB2C29717700BD543A /* LKBaseView.swift */ = {isa = PBXFileReference; fileEncoding = 4; lastKnownFileType = sourcecode.swift; path = LKBaseView.swift; sourceTree = "<group>"; };
		21FFCCCD2C29717700BD543A /* LKBaseNavigationController.swift */ = {isa = PBXFileReference; fileEncoding = 4; lastKnownFileType = sourcecode.swift; path = LKBaseNavigationController.swift; sourceTree = "<group>"; };
/* End PBXFileReference section */

/* Begin PBXFrameworksBuildPhase section */
		0CE78EC52C2FFCE200B4284B /* Frameworks */ = {
			isa = PBXFrameworksBuildPhase;
			buildActionMask = 2147483647;
			files = (
				0CE78EC62C2FFCE200B4284B /* FirebaseRemoteConfig.xcframework in Frameworks */,
				0CE78EC72C2FFCE200B4284B /* GoogleAppMeasurementIdentitySupport.xcframework in Frameworks */,
				0CE78EC82C2FFCE200B4284B /* GoogleAppMeasurement.xcframework in Frameworks */,
				0CE78EC92C2FFCE200B4284B /* nanopb.xcframework in Frameworks */,
				0CE78ECA2C2FFCE200B4284B /* FirebaseSharedSwift.xcframework in Frameworks */,
				0CE78ECB2C2FFCE200B4284B /* FirebaseCrashlytics.xcframework in Frameworks */,
				0CE78ECC2C2FFCE200B4284B /* GoogleDataTransport.xcframework in Frameworks */,
				0CE78ECD2C2FFCE200B4284B /* FirebaseRemoteConfigInterop.xcframework in Frameworks */,
				0CE78ECE2C2FFCE200B4284B /* UserMessagingPlatform.xcframework in Frameworks */,
				0CE78ECF2C2FFCE200B4284B /* GoogleUtilities.xcframework in Frameworks */,
				0CE78ED02C2FFCE200B4284B /* GoogleMobileAds.xcframework in Frameworks */,
				0CE78ED12C2FFCE200B4284B /* FirebaseABTesting.xcframework in Frameworks */,
				0CE78ED22C2FFCE200B4284B /* FirebaseAnalytics.xcframework in Frameworks */,
				0CE78ED32C2FFCE200B4284B /* FirebaseCore.xcframework in Frameworks */,
				0CE78ED42C2FFCE200B4284B /* libc++.tbd in Frameworks */,
				0CE78ED52C2FFCE200B4284B /* FBLPromises.xcframework in Frameworks */,
				0CE78ED62C2FFCE200B4284B /* Promises.xcframework in Frameworks */,
				0CE78ED72C2FFCE200B4284B /* libsqlite3.tbd in Frameworks */,
				0CE78ED82C2FFCE200B4284B /* FirebaseCoreExtension.xcframework in Frameworks */,
				0CE78ED92C2FFCE200B4284B /* FirebaseCoreInternal.xcframework in Frameworks */,
				0CE78EDA2C2FFCE200B4284B /* FirebaseSessions.xcframework in Frameworks */,
				0CE78EDB2C2FFCE200B4284B /* FirebaseInstallations.xcframework in Frameworks */,
				0CE78EDC2C2FFCE200B4284B /* FirebaseMessaging.xcframework in Frameworks */,
				0CE78EDD2C2FFCE200B4284B /* libz.tbd in Frameworks */,
			);
			runOnlyForDeploymentPostprocessing = 0;
		};
		0CE78EE52C2FFE1C00B4284B /* Frameworks */ = {
			isa = PBXFrameworksBuildPhase;
			buildActionMask = 2147483647;
			files = (
				0CE78F192C2FFEA800B4284B /* FirebaseRemoteConfig.xcframework in Frameworks */,
				0CE78F232C2FFEA800B4284B /* GoogleAppMeasurementIdentitySupport.xcframework in Frameworks */,
				0CE78F212C2FFEA800B4284B /* GoogleAppMeasurement.xcframework in Frameworks */,
				0CE78F1F2C2FFEA800B4284B /* FirebaseSharedSwift.xcframework in Frameworks */,
				0CE78F132C2FFEA800B4284B /* FirebaseCrashlytics.xcframework in Frameworks */,
				0CE78F312C2FFEA900B4284B /* UserMessagingPlatform.xcframework in Frameworks */,
				0CE78F252C2FFEA900B4284B /* GoogleDataTransport.xcframework in Frameworks */,
				0CE78F2D2C2FFEA900B4284B /* nanopb.xcframework in Frameworks */,
				0CE78F1B2C2FFEA800B4284B /* FirebaseRemoteConfigInterop.xcframework in Frameworks */,
				0CE78F292C2FFEA900B4284B /* GoogleUtilities.xcframework in Frameworks */,
				0CE78F272C2FFEA900B4284B /* GoogleMobileAds.xcframework in Frameworks */,
				0CE78F092C2FFEA800B4284B /* FirebaseABTesting.xcframework in Frameworks */,
				0CE78F0B2C2FFEA800B4284B /* FirebaseAnalytics.xcframework in Frameworks */,
				0CE78F0D2C2FFEA800B4284B /* FirebaseCore.xcframework in Frameworks */,
				0CE78F2F2C2FFEA900B4284B /* Promises.xcframework in Frameworks */,
				0CE78F072C2FFEA800B4284B /* FBLPromises.xcframework in Frameworks */,
				0CE78F052C2FFEA800B4284B /* Protobuf.framework in Frameworks */,
				0CE78F0F2C2FFEA800B4284B /* FirebaseCoreExtension.xcframework in Frameworks */,
				0CE78F2B2C2FFEA900B4284B /* Firebase.framework in Frameworks */,
				0CE78F112C2FFEA800B4284B /* FirebaseCoreInternal.xcframework in Frameworks */,
				0CE78F1D2C2FFEA800B4284B /* FirebaseSessions.xcframework in Frameworks */,
				0CE78F152C2FFEA800B4284B /* FirebaseInstallations.xcframework in Frameworks */,
				0CE78F172C2FFEA800B4284B /* FirebaseMessaging.xcframework in Frameworks */,
			);
			runOnlyForDeploymentPostprocessing = 0;
		};
		0CE78EEE2C2FFE1C00B4284B /* Frameworks */ = {
			isa = PBXFrameworksBuildPhase;
			buildActionMask = 2147483647;
			files = (
				0CE78EF22C2FFE1C00B4284B /* LongFirebase.framework in Frameworks */,
			);
			runOnlyForDeploymentPostprocessing = 0;
		};
		21FFCC802C29508A00BD543A /* Frameworks */ = {
			isa = PBXFrameworksBuildPhase;
			buildActionMask = 2147483647;
			files = (
			);
			runOnlyForDeploymentPostprocessing = 0;
		};
		21FFCC962C295D9000BD543A /* Frameworks */ = {
			isa = PBXFrameworksBuildPhase;
			buildActionMask = 2147483647;
			files = (
				21FFCCAE2C295DF200BD543A /* LonginesKit.framework in Frameworks */,
				0CE78EFD2C2FFE1C00B4284B /* LongFirebase.framework in Frameworks */,
			);
			runOnlyForDeploymentPostprocessing = 0;
		};
/* End PBXFrameworksBuildPhase section */

/* Begin PBXGroup section */
		0C898A7B2C2EB0C500296E0B /* Pluggable */ = {
			isa = PBXGroup;
			children = (
				0C898A7E2C2EB11B00296E0B /* LKPluggableApplicationDelegateService.swift */,
				0C898A7D2C2EB11B00296E0B /* LKPluggableApplicationDelegate.swift */,
				0C898A7C2C2EB11B00296E0B /* LKPluggableServiceProviderProtocol.swift */,
				0C898A7F2C2EB11B00296E0B /* LKPluggableTool.swift */,
			);
			path = Pluggable;
			sourceTree = "<group>";
		};
		0C898A912C2ED2C900296E0B /* LonginesFirebase */ = {
			isa = PBXGroup;
			children = (
				0C898A922C2ED2C900296E0B /* LonginesFirebase.h */,
				0C898A932C2ED2C900296E0B /* LonginesFirebase.docc */,
			);
			path = LonginesFirebase;
			sourceTree = "<group>";
		};
		0C898AAF2C2ED2E500296E0B /* iOS */ = {
			isa = PBXGroup;
			children = (
				0C898AAD2C2ED2E500296E0B /* Firebase.framework */,
				0C898AAE2C2ED2E500296E0B /* Protobuf.framework */,
			);
			path = iOS;
			sourceTree = "<group>";
		};
		0C898AC22C2ED2E500296E0B /* Build */ = {
			isa = PBXGroup;
			children = (
				0C898AAF2C2ED2E500296E0B /* iOS */,
				0C898AB02C2ED2E500296E0B /* .FirebaseAdMobBinary.version */,
				0C898AB12C2ED2E500296E0B /* .FirebaseMessagingBinary.version */,
				0C898AB22C2ED2E500296E0B /* .FirebaseProtobufBinary.version */,
				0C898AB32C2ED2E500296E0B /* FBLPromises.xcframework */,
				0C898AB42C2ED2E500296E0B /* FirebaseABTesting.xcframework */,
				0C898AB52C2ED2E500296E0B /* FirebaseCore.xcframework */,
				0C898AB62C2ED2E500296E0B /* FirebaseCoreExtension.xcframework */,
				0C898AB72C2ED2E500296E0B /* FirebaseInstallations.xcframework */,
				0C898AB82C2ED2E500296E0B /* FirebaseMessaging.xcframework */,
				0C898AB92C2ED2E500296E0B /* FirebaseRemoteConfigInterop.xcframework */,
				0C898ABA2C2ED2E500296E0B /* GoogleAppMeasurement.xcframework */,
				0C898ABB2C2ED2E500296E0B /* GoogleAppMeasurementIdentitySupport.xcframework */,
				0C898ABC2C2ED2E500296E0B /* GoogleDataTransport.xcframework */,
				0C898ABD2C2ED2E500296E0B /* GoogleMobileAds.xcframework */,
				0C898ABE2C2ED2E500296E0B /* GoogleUtilities.xcframework */,
				0C898ABF2C2ED2E500296E0B /* nanopb.xcframework */,
				0C898AC02C2ED2E500296E0B /* Promises.xcframework */,
				0C898AC12C2ED2E500296E0B /* UserMessagingPlatform.xcframework */,
			);
			name = Build;
			path = Carthage/Build;
			sourceTree = "<group>";
		};
		0C898AE22C2F1DEA00296E0B /* Firebase */ = {
			isa = PBXGroup;
			children = (
				0C898AE52C2F1E0100296E0B /* LKFirebaseConfigPlugin.swift */,
				0C898AE32C2F1E0100296E0B /* LKRemoteConfigPlugin.swift */,
				0C898AE42C2F1E0100296E0B /* LKUserPropertyPlugin.swift */,
			);
			path = Firebase;
			sourceTree = "<group>";
		};
		0CE78EE92C2FFE1C00B4284B /* LongFirebase */ = {
			isa = PBXGroup;
			children = (
				0CE78EEA2C2FFE1C00B4284B /* LongFirebase.h */,
				0CE78EEB2C2FFE1C00B4284B /* LongFirebase.docc */,
			);
			path = LongFirebase;
			sourceTree = "<group>";
		};
		0CE78EF72C2FFE1C00B4284B /* LongFirebaseTests */ = {
			isa = PBXGroup;
			children = (
				0CE78EF82C2FFE1C00B4284B /* LongFirebaseTests.swift */,
			);
			path = LongFirebaseTests;
			sourceTree = "<group>";
		};
		21FFCC792C29508A00BD543A = {
			isa = PBXGroup;
			children = (
				21FFCC852C29508A00BD543A /* LonginesKit */,
				21FFCC9A2C295D9000BD543A /* AppSample */,
				0C898A912C2ED2C900296E0B /* LonginesFirebase */,
				0CE78EE92C2FFE1C00B4284B /* LongFirebase */,
				0CE78EF72C2FFE1C00B4284B /* LongFirebaseTests */,
				21FFCC842C29508A00BD543A /* Products */,
				21FFCCAD2C295DF200BD543A /* Frameworks */,
			);
			sourceTree = "<group>";
		};
		21FFCC842C29508A00BD543A /* Products */ = {
			isa = PBXGroup;
			children = (
				21FFCC832C29508A00BD543A /* LonginesKit.framework */,
				21FFCC992C295D9000BD543A /* AppSample.app */,
				0CE78EE22C2FFCE200B4284B /* LonginesFirebase.framework */,
				0CE78EE82C2FFE1C00B4284B /* LongFirebase.framework */,
				0CE78EF12C2FFE1C00B4284B /* LongFirebaseTests.xctest */,
			);
			name = Products;
			sourceTree = "<group>";
		};
		21FFCC852C29508A00BD543A /* LonginesKit */ = {
			isa = PBXGroup;
			children = (
				0C898AE22C2F1DEA00296E0B /* Firebase */,
				0C898A7B2C2EB0C500296E0B /* Pluggable */,
				21FFCCC72C2970D900BD543A /* Base */,
				21FFCC862C29508A00BD543A /* LonginesKit.h */,
				21FFCC8F2C29510000BD543A /* LKAppAppearance.swift */,
				21FFCCC12C296DC900BD543A /* LKUserDefaultsWrapper.swift */,
				21FFCCB32C2964D100BD543A /* LKLoggingPrint.swift */,
				21FFCCB52C29661200BD543A /* Bundle Ext.swift */,
				21FFCCB72C2966C200BD543A /* UIColor Ext.swift */,
				21FFCCB92C2967CE00BD543A /* Dictionary Ext.swift */,
				21FFCCBB2C29681400BD543A /* UIView Ext.swift */,
				21FFCCBD2C296A6D00BD543A /* Data Ext.swift */,
				21FFCCBF2C296AC300BD543A /* UIViewController Ext.swift */,
				21FFCCC32C296ED800BD543A /* UIStackView Ext.swift */,
				21FFCCC52C296FA200BD543A /* LKCell.swift */,
			);
			path = LonginesKit;
			sourceTree = "<group>";
		};
		21FFCC9A2C295D9000BD543A /* AppSample */ = {
			isa = PBXGroup;
			children = (
				21FFCC9B2C295D9000BD543A /* AppDelegate.swift */,
				21FFCC9F2C295D9000BD543A /* HomeViewController.swift */,
				21FFCCA42C295D9200BD543A /* Assets.xcassets */,
				21FFCCA62C295D9200BD543A /* LaunchScreen.storyboard */,
				21FFCCA92C295D9200BD543A /* Info.plist */,
			);
			path = AppSample;
			sourceTree = "<group>";
		};
		21FFCCAD2C295DF200BD543A /* Frameworks */ = {
			isa = PBXGroup;
			children = (
				0C898B922C2F29F000296E0B /* libz.tbd */,
				0C898B902C2F29E000296E0B /* libsqlite3.tbd */,
				0C898B8E2C2F29D100296E0B /* libc++.tbd */,
				0C898B4E2C2F235F00296E0B /* FirebaseCoreInternal.xcframework */,
				0C898B4F2C2F235F00296E0B /* FirebaseCrashlytics.xcframework */,
				0C898B4D2C2F235F00296E0B /* FirebaseSessions.xcframework */,
				0C898B502C2F235F00296E0B /* FirebaseSharedSwift.xcframework */,
				0C898AF52C2F1F1300296E0B /* FirebaseRemoteConfig.xcframework */,
				0C898AEB2C2F1EBA00296E0B /* FirebaseAnalytics.xcframework */,
				0C898AC22C2ED2E500296E0B /* Build */,
			);
			name = Frameworks;
			sourceTree = "<group>";
		};
		21FFCCC72C2970D900BD543A /* Base */ = {
			isa = PBXGroup;
			children = (
				21FFCCCD2C29717700BD543A /* LKBaseNavigationController.swift */,
				21FFCCCB2C29717700BD543A /* LKBaseView.swift */,
				21FFCCC82C2970DF00BD543A /* LKBaseViewController.swift */,
			);
			path = Base;
			sourceTree = "<group>";
		};
/* End PBXGroup section */

/* Begin PBXHeadersBuildPhase section */
		0CE78EBD2C2FFCE200B4284B /* Headers */ = {
			isa = PBXHeadersBuildPhase;
			buildActionMask = 2147483647;
			files = (
				0CE78EBE2C2FFCE200B4284B /* LonginesFirebase.h in Headers */,
			);
			runOnlyForDeploymentPostprocessing = 0;
		};
		0CE78EE32C2FFE1C00B4284B /* Headers */ = {
			isa = PBXHeadersBuildPhase;
			buildActionMask = 2147483647;
			files = (
				0CE78EFA2C2FFE1C00B4284B /* LongFirebase.h in Headers */,
			);
			runOnlyForDeploymentPostprocessing = 0;
		};
		21FFCC7E2C29508A00BD543A /* Headers */ = {
			isa = PBXHeadersBuildPhase;
			buildActionMask = 2147483647;
			files = (
				21FFCC872C29508A00BD543A /* LonginesKit.h in Headers */,
			);
			runOnlyForDeploymentPostprocessing = 0;
		};
/* End PBXHeadersBuildPhase section */

/* Begin PBXNativeTarget section */
		0CE78EBC2C2FFCE200B4284B /* LonginesFirebase */ = {
			isa = PBXNativeTarget;
			buildConfigurationList = 0CE78EDF2C2FFCE200B4284B /* Build configuration list for PBXNativeTarget "LonginesFirebase" */;
			buildPhases = (
				0CE78EBD2C2FFCE200B4284B /* Headers */,
				0CE78EBF2C2FFCE200B4284B /* Sources */,
				0CE78EC52C2FFCE200B4284B /* Frameworks */,
				0CE78EDE2C2FFCE200B4284B /* Resources */,
			);
			buildRules = (
			);
			dependencies = (
			);
			name = LonginesFirebase;
			productName = LonginesFirebase;
			productReference = 0CE78EE22C2FFCE200B4284B /* LonginesFirebase.framework */;
			productType = "com.apple.product-type.framework";
		};
		0CE78EE72C2FFE1C00B4284B /* LongFirebase */ = {
			isa = PBXNativeTarget;
			buildConfigurationList = 0CE78EFF2C2FFE1C00B4284B /* Build configuration list for PBXNativeTarget "LongFirebase" */;
			buildPhases = (
				0CE78EE32C2FFE1C00B4284B /* Headers */,
				0CE78EE42C2FFE1C00B4284B /* Sources */,
				0CE78EE52C2FFE1C00B4284B /* Frameworks */,
				0CE78EE62C2FFE1C00B4284B /* Resources */,
				0CE78F332C2FFEA900B4284B /* Embed Frameworks */,
			);
			buildRules = (
			);
			dependencies = (
			);
			name = LongFirebase;
			productName = LongFirebase;
			productReference = 0CE78EE82C2FFE1C00B4284B /* LongFirebase.framework */;
			productType = "com.apple.product-type.framework";
		};
		0CE78EF02C2FFE1C00B4284B /* LongFirebaseTests */ = {
			isa = PBXNativeTarget;
			buildConfigurationList = 0CE78F022C2FFE1C00B4284B /* Build configuration list for PBXNativeTarget "LongFirebaseTests" */;
			buildPhases = (
				0CE78EED2C2FFE1C00B4284B /* Sources */,
				0CE78EEE2C2FFE1C00B4284B /* Frameworks */,
				0CE78EEF2C2FFE1C00B4284B /* Resources */,
			);
			buildRules = (
			);
			dependencies = (
				0CE78EF42C2FFE1C00B4284B /* PBXTargetDependency */,
				0CE78EF62C2FFE1C00B4284B /* PBXTargetDependency */,
			);
			name = LongFirebaseTests;
			productName = LongFirebaseTests;
			productReference = 0CE78EF12C2FFE1C00B4284B /* LongFirebaseTests.xctest */;
			productType = "com.apple.product-type.bundle.unit-test";
		};
		21FFCC822C29508A00BD543A /* LonginesKit */ = {
			isa = PBXNativeTarget;
			buildConfigurationList = 21FFCC8A2C29508A00BD543A /* Build configuration list for PBXNativeTarget "LonginesKit" */;
			buildPhases = (
				21FFCC7E2C29508A00BD543A /* Headers */,
				21FFCC7F2C29508A00BD543A /* Sources */,
				21FFCC802C29508A00BD543A /* Frameworks */,
				21FFCC812C29508A00BD543A /* Resources */,
			);
			buildRules = (
			);
			dependencies = (
			);
			name = LonginesKit;
			productName = LonginesKit;
			productReference = 21FFCC832C29508A00BD543A /* LonginesKit.framework */;
			productType = "com.apple.product-type.framework";
		};
		21FFCC982C295D9000BD543A /* AppSample */ = {
			isa = PBXNativeTarget;
			buildConfigurationList = 21FFCCAA2C295D9200BD543A /* Build configuration list for PBXNativeTarget "AppSample" */;
			buildPhases = (
				21FFCC952C295D9000BD543A /* Sources */,
				21FFCC962C295D9000BD543A /* Frameworks */,
				21FFCC972C295D9000BD543A /* Resources */,
				21FFCCB22C295DF200BD543A /* Embed Frameworks */,
			);
			buildRules = (
			);
			dependencies = (
				21FFCCB12C295DF200BD543A /* PBXTargetDependency */,
				0CE78EFC2C2FFE1C00B4284B /* PBXTargetDependency */,
			);
			name = AppSample;
			productName = AppSample;
			productReference = 21FFCC992C295D9000BD543A /* AppSample.app */;
			productType = "com.apple.product-type.application";
		};
/* End PBXNativeTarget section */

/* Begin PBXProject section */
		21FFCC7A2C29508A00BD543A /* Project object */ = {
			isa = PBXProject;
			attributes = {
				BuildIndependentTargetsInParallel = 1;
				LastSwiftUpdateCheck = 1530;
				LastUpgradeCheck = 1530;
				TargetAttributes = {
					0CE78EE72C2FFE1C00B4284B = {
						CreatedOnToolsVersion = 15.3;
					};
					0CE78EF02C2FFE1C00B4284B = {
						CreatedOnToolsVersion = 15.3;
						TestTargetID = 21FFCC982C295D9000BD543A;
					};
					21FFCC822C29508A00BD543A = {
						CreatedOnToolsVersion = 15.2;
						LastSwiftMigration = 1520;
					};
					21FFCC982C295D9000BD543A = {
						CreatedOnToolsVersion = 15.2;
					};
				};
			};
			buildConfigurationList = 21FFCC7D2C29508A00BD543A /* Build configuration list for PBXProject "LonginesKit" */;
			compatibilityVersion = "Xcode 14.0";
			developmentRegion = en;
			hasScannedForEncodings = 0;
			knownRegions = (
				en,
				Base,
			);
			mainGroup = 21FFCC792C29508A00BD543A;
			productRefGroup = 21FFCC842C29508A00BD543A /* Products */;
			projectDirPath = "";
			projectRoot = "";
			targets = (
				21FFCC982C295D9000BD543A /* AppSample */,
				21FFCC822C29508A00BD543A /* LonginesKit */,
				0CE78EBC2C2FFCE200B4284B /* LonginesFirebase */,
				0CE78EE72C2FFE1C00B4284B /* LongFirebase */,
				0CE78EF02C2FFE1C00B4284B /* LongFirebaseTests */,
			);
		};
/* End PBXProject section */

/* Begin PBXResourcesBuildPhase section */
		0CE78EDE2C2FFCE200B4284B /* Resources */ = {
			isa = PBXResourcesBuildPhase;
			buildActionMask = 2147483647;
			files = (
			);
			runOnlyForDeploymentPostprocessing = 0;
		};
		0CE78EE62C2FFE1C00B4284B /* Resources */ = {
			isa = PBXResourcesBuildPhase;
			buildActionMask = 2147483647;
			files = (
			);
			runOnlyForDeploymentPostprocessing = 0;
		};
		0CE78EEF2C2FFE1C00B4284B /* Resources */ = {
			isa = PBXResourcesBuildPhase;
			buildActionMask = 2147483647;
			files = (
			);
			runOnlyForDeploymentPostprocessing = 0;
		};
		21FFCC812C29508A00BD543A /* Resources */ = {
			isa = PBXResourcesBuildPhase;
			buildActionMask = 2147483647;
			files = (
			);
			runOnlyForDeploymentPostprocessing = 0;
		};
		21FFCC972C295D9000BD543A /* Resources */ = {
			isa = PBXResourcesBuildPhase;
			buildActionMask = 2147483647;
			files = (
				21FFCCA82C295D9200BD543A /* LaunchScreen.storyboard in Resources */,
				21FFCCA52C295D9200BD543A /* Assets.xcassets in Resources */,
			);
			runOnlyForDeploymentPostprocessing = 0;
		};
/* End PBXResourcesBuildPhase section */

/* Begin PBXSourcesBuildPhase section */
		0CE78EBF2C2FFCE200B4284B /* Sources */ = {
			isa = PBXSourcesBuildPhase;
			buildActionMask = 2147483647;
			files = (
				0CE78EC02C2FFCE200B4284B /* LKFirebaseConfigPlugin.swift in Sources */,
				0CE78EC12C2FFCE200B4284B /* LonginesFirebase.docc in Sources */,
				0CE78EC22C2FFCE200B4284B /* LKLoggingPrint.swift in Sources */,
				0CE78EC32C2FFCE200B4284B /* LKUserPropertyPlugin.swift in Sources */,
				0CE78EC42C2FFCE200B4284B /* LKRemoteConfigPlugin.swift in Sources */,
			);
			runOnlyForDeploymentPostprocessing = 0;
		};
		0CE78EE42C2FFE1C00B4284B /* Sources */ = {
			isa = PBXSourcesBuildPhase;
			buildActionMask = 2147483647;
			files = (
				0CE78EEC2C2FFE1C00B4284B /* LongFirebase.docc in Sources */,
			);
			runOnlyForDeploymentPostprocessing = 0;
		};
		0CE78EED2C2FFE1C00B4284B /* Sources */ = {
			isa = PBXSourcesBuildPhase;
			buildActionMask = 2147483647;
			files = (
				0CE78EF92C2FFE1C00B4284B /* LongFirebaseTests.swift in Sources */,
			);
			runOnlyForDeploymentPostprocessing = 0;
		};
		21FFCC7F2C29508A00BD543A /* Sources */ = {
			isa = PBXSourcesBuildPhase;
			buildActionMask = 2147483647;
			files = (
				21FFCCD02C29717700BD543A /* LKBaseView.swift in Sources */,
				21FFCC902C29510000BD543A /* LKAppAppearance.swift in Sources */,
				0C898A822C2EB11B00296E0B /* LKPluggableApplicationDelegateService.swift in Sources */,
				21FFCCC22C296DC900BD543A /* LKUserDefaultsWrapper.swift in Sources */,
				21FFCCC42C296ED800BD543A /* UIStackView Ext.swift in Sources */,
				21FFCCB62C29661200BD543A /* Bundle Ext.swift in Sources */,
				0C898A832C2EB11B00296E0B /* LKPluggableTool.swift in Sources */,
				21FFCCB82C2966C200BD543A /* UIColor Ext.swift in Sources */,
				21FFCCC02C296AC300BD543A /* UIViewController Ext.swift in Sources */,
				21FFCCBC2C29681400BD543A /* UIView Ext.swift in Sources */,
				0C898A812C2EB11B00296E0B /* LKPluggableApplicationDelegate.swift in Sources */,
				21FFCCB42C2964D200BD543A /* LKLoggingPrint.swift in Sources */,
				0C898A802C2EB11B00296E0B /* LKPluggableServiceProviderProtocol.swift in Sources */,
				21FFCCBE2C296A6D00BD543A /* Data Ext.swift in Sources */,
				21FFCCD22C29717700BD543A /* LKBaseNavigationController.swift in Sources */,
				21FFCCC62C296FA200BD543A /* LKCell.swift in Sources */,
				21FFCCC92C2970DF00BD543A /* LKBaseViewController.swift in Sources */,
				21FFCCBA2C2967CE00BD543A /* Dictionary Ext.swift in Sources */,
			);
			runOnlyForDeploymentPostprocessing = 0;
		};
		21FFCC952C295D9000BD543A /* Sources */ = {
			isa = PBXSourcesBuildPhase;
			buildActionMask = 2147483647;
			files = (
				21FFCCA02C295D9000BD543A /* HomeViewController.swift in Sources */,
				21FFCC9C2C295D9000BD543A /* AppDelegate.swift in Sources */,
				0C898B5A2C2F261C00296E0B /* LKLoggingPrint.swift in Sources */,
			);
			runOnlyForDeploymentPostprocessing = 0;
		};
/* End PBXSourcesBuildPhase section */

/* Begin PBXTargetDependency section */
		0CE78EF42C2FFE1C00B4284B /* PBXTargetDependency */ = {
			isa = PBXTargetDependency;
			target = 0CE78EE72C2FFE1C00B4284B /* LongFirebase */;
			targetProxy = 0CE78EF32C2FFE1C00B4284B /* PBXContainerItemProxy */;
		};
		0CE78EF62C2FFE1C00B4284B /* PBXTargetDependency */ = {
			isa = PBXTargetDependency;
			target = 21FFCC982C295D9000BD543A /* AppSample */;
			targetProxy = 0CE78EF52C2FFE1C00B4284B /* PBXContainerItemProxy */;
		};
		0CE78EFC2C2FFE1C00B4284B /* PBXTargetDependency */ = {
			isa = PBXTargetDependency;
			target = 0CE78EE72C2FFE1C00B4284B /* LongFirebase */;
			targetProxy = 0CE78EFB2C2FFE1C00B4284B /* PBXContainerItemProxy */;
		};
		21FFCCB12C295DF200BD543A /* PBXTargetDependency */ = {
			isa = PBXTargetDependency;
			target = 21FFCC822C29508A00BD543A /* LonginesKit */;
			targetProxy = 21FFCCB02C295DF200BD543A /* PBXContainerItemProxy */;
		};
/* End PBXTargetDependency section */

/* Begin PBXVariantGroup section */
		21FFCCA62C295D9200BD543A /* LaunchScreen.storyboard */ = {
			isa = PBXVariantGroup;
			children = (
				21FFCCA72C295D9200BD543A /* Base */,
			);
			name = LaunchScreen.storyboard;
			sourceTree = "<group>";
		};
/* End PBXVariantGroup section */

/* Begin XCBuildConfiguration section */
		0CE78EE02C2FFCE200B4284B /* Debug */ = {
			isa = XCBuildConfiguration;
			buildSettings = {
				BUILD_LIBRARY_FOR_DISTRIBUTION = YES;
				CODE_SIGN_STYLE = Manual;
				CURRENT_PROJECT_VERSION = 1;
				DEFINES_MODULE = YES;
				DEVELOPMENT_TEAM = "";
				DYLIB_COMPATIBILITY_VERSION = 1;
				DYLIB_CURRENT_VERSION = 1;
				DYLIB_INSTALL_NAME_BASE = "@rpath";
				ENABLE_MODULE_VERIFIER = YES;
				FRAMEWORK_SEARCH_PATHS = (
					"$(inherited)",
					"$(PROJECT_DIR)/Carthage/Build/iOS",
				);
				GENERATE_INFOPLIST_FILE = YES;
				INFOPLIST_KEY_NSHumanReadableCopyright = "";
				INSTALL_PATH = "$(LOCAL_LIBRARY_DIR)/Frameworks";
				IPHONEOS_DEPLOYMENT_TARGET = "$(inherited)";
				LD_RUNPATH_SEARCH_PATHS = (
					"$(inherited)",
					"@executable_path/Frameworks",
					"@loader_path/Frameworks",
				);
				MARKETING_VERSION = 1.0;
				MODULE_VERIFIER_SUPPORTED_LANGUAGES = "objective-c objective-c++";
				MODULE_VERIFIER_SUPPORTED_LANGUAGE_STANDARDS = "gnu17 gnu++20";
				PRODUCT_BUNDLE_IDENTIFIER = com.longines.kit.firebase;
				PRODUCT_NAME = "$(TARGET_NAME)";
				PROVISIONING_PROFILE_SPECIFIER = "";
				SKIP_INSTALL = YES;
				SUPPORTED_PLATFORMS = "iphoneos iphonesimulator";
				SUPPORTS_MACCATALYST = NO;
				SUPPORTS_MAC_DESIGNED_FOR_IPHONE_IPAD = NO;
				SUPPORTS_XR_DESIGNED_FOR_IPHONE_IPAD = NO;
				SWIFT_EMIT_LOC_STRINGS = YES;
				SWIFT_INSTALL_OBJC_HEADER = NO;
				SWIFT_VERSION = 5.0;
				TARGETED_DEVICE_FAMILY = 1;
			};
			name = Debug;
		};
		0CE78EE12C2FFCE200B4284B /* Release */ = {
			isa = XCBuildConfiguration;
			buildSettings = {
				BUILD_LIBRARY_FOR_DISTRIBUTION = YES;
				CODE_SIGN_STYLE = Manual;
				CURRENT_PROJECT_VERSION = 1;
				DEFINES_MODULE = YES;
				DEVELOPMENT_TEAM = "";
				DYLIB_COMPATIBILITY_VERSION = 1;
				DYLIB_CURRENT_VERSION = 1;
				DYLIB_INSTALL_NAME_BASE = "@rpath";
				ENABLE_MODULE_VERIFIER = YES;
				FRAMEWORK_SEARCH_PATHS = (
					"$(inherited)",
					"$(PROJECT_DIR)/Carthage/Build/iOS",
				);
				GENERATE_INFOPLIST_FILE = YES;
				INFOPLIST_KEY_NSHumanReadableCopyright = "";
				INSTALL_PATH = "$(LOCAL_LIBRARY_DIR)/Frameworks";
				IPHONEOS_DEPLOYMENT_TARGET = "$(inherited)";
				LD_RUNPATH_SEARCH_PATHS = (
					"$(inherited)",
					"@executable_path/Frameworks",
					"@loader_path/Frameworks",
				);
				MARKETING_VERSION = 1.0;
				MODULE_VERIFIER_SUPPORTED_LANGUAGES = "objective-c objective-c++";
				MODULE_VERIFIER_SUPPORTED_LANGUAGE_STANDARDS = "gnu17 gnu++20";
				PRODUCT_BUNDLE_IDENTIFIER = com.longines.kit.firebase;
				PRODUCT_NAME = "$(TARGET_NAME)";
				PROVISIONING_PROFILE_SPECIFIER = "";
				SKIP_INSTALL = YES;
				SUPPORTED_PLATFORMS = "iphoneos iphonesimulator";
				SUPPORTS_MACCATALYST = NO;
				SUPPORTS_MAC_DESIGNED_FOR_IPHONE_IPAD = NO;
				SUPPORTS_XR_DESIGNED_FOR_IPHONE_IPAD = NO;
				SWIFT_EMIT_LOC_STRINGS = YES;
				SWIFT_INSTALL_OBJC_HEADER = NO;
				SWIFT_VERSION = 5.0;
				TARGETED_DEVICE_FAMILY = 1;
			};
			name = Release;
		};
		0CE78F002C2FFE1C00B4284B /* Debug */ = {
			isa = XCBuildConfiguration;
			buildSettings = {
				BUILD_LIBRARY_FOR_DISTRIBUTION = YES;
				CODE_SIGN_STYLE = Manual;
				CURRENT_PROJECT_VERSION = 1;
				DEFINES_MODULE = YES;
				DEVELOPMENT_TEAM = "";
				DYLIB_COMPATIBILITY_VERSION = 1;
				DYLIB_CURRENT_VERSION = 1;
				DYLIB_INSTALL_NAME_BASE = "@rpath";
				ENABLE_MODULE_VERIFIER = YES;
				FRAMEWORK_SEARCH_PATHS = (
					"$(inherited)",
					"$(PROJECT_DIR)/Carthage/Build/iOS",
				);
				GENERATE_INFOPLIST_FILE = YES;
				INFOPLIST_KEY_NSHumanReadableCopyright = "";
				INSTALL_PATH = "$(LOCAL_LIBRARY_DIR)/Frameworks";
				IPHONEOS_DEPLOYMENT_TARGET = "$(inherited)";
				LD_RUNPATH_SEARCH_PATHS = (
					"$(inherited)",
					"@executable_path/Frameworks",
					"@loader_path/Frameworks",
				);
				MARKETING_VERSION = 1.0;
				MODULE_VERIFIER_SUPPORTED_LANGUAGES = "objective-c objective-c++";
				MODULE_VERIFIER_SUPPORTED_LANGUAGE_STANDARDS = "gnu17 gnu++20";
				PRODUCT_BUNDLE_IDENTIFIER = com.longines.kit.firebase;
				PRODUCT_NAME = "$(TARGET_NAME:c99extidentifier)";
				PROVISIONING_PROFILE_SPECIFIER = "";
				SKIP_INSTALL = YES;
				SWIFT_EMIT_LOC_STRINGS = YES;
				SWIFT_INSTALL_OBJC_HEADER = NO;
				SWIFT_VERSION = 5.0;
				TARGETED_DEVICE_FAMILY = "1,2";
			};
			name = Debug;
		};
		0CE78F012C2FFE1C00B4284B /* Release */ = {
			isa = XCBuildConfiguration;
			buildSettings = {
				BUILD_LIBRARY_FOR_DISTRIBUTION = YES;
				CODE_SIGN_STYLE = Manual;
				CURRENT_PROJECT_VERSION = 1;
				DEFINES_MODULE = YES;
				DEVELOPMENT_TEAM = "";
				DYLIB_COMPATIBILITY_VERSION = 1;
				DYLIB_CURRENT_VERSION = 1;
				DYLIB_INSTALL_NAME_BASE = "@rpath";
				ENABLE_MODULE_VERIFIER = YES;
				FRAMEWORK_SEARCH_PATHS = (
					"$(inherited)",
					"$(PROJECT_DIR)/Carthage/Build/iOS",
				);
				GENERATE_INFOPLIST_FILE = YES;
				INFOPLIST_KEY_NSHumanReadableCopyright = "";
				INSTALL_PATH = "$(LOCAL_LIBRARY_DIR)/Frameworks";
				IPHONEOS_DEPLOYMENT_TARGET = "$(inherited)";
				LD_RUNPATH_SEARCH_PATHS = (
					"$(inherited)",
					"@executable_path/Frameworks",
					"@loader_path/Frameworks",
				);
				MARKETING_VERSION = 1.0;
				MODULE_VERIFIER_SUPPORTED_LANGUAGES = "objective-c objective-c++";
				MODULE_VERIFIER_SUPPORTED_LANGUAGE_STANDARDS = "gnu17 gnu++20";
				PRODUCT_BUNDLE_IDENTIFIER = com.longines.kit.firebase;
				PRODUCT_NAME = "$(TARGET_NAME:c99extidentifier)";
				PROVISIONING_PROFILE_SPECIFIER = "";
				SKIP_INSTALL = YES;
				SWIFT_EMIT_LOC_STRINGS = YES;
				SWIFT_INSTALL_OBJC_HEADER = NO;
				SWIFT_VERSION = 5.0;
				TARGETED_DEVICE_FAMILY = "1,2";
			};
			name = Release;
		};
		0CE78F032C2FFE1C00B4284B /* Debug */ = {
			isa = XCBuildConfiguration;
			buildSettings = {
				ALWAYS_EMBED_SWIFT_STANDARD_LIBRARIES = YES;
				CODE_SIGN_STYLE = Automatic;
				CURRENT_PROJECT_VERSION = 1;
				DEVELOPMENT_TEAM = ZMXVCZHUH3;
				GENERATE_INFOPLIST_FILE = YES;
				IPHONEOS_DEPLOYMENT_TARGET = 17.4;
				MARKETING_VERSION = 1.0;
				PRODUCT_BUNDLE_IDENTIFIER = com.base.teleprompter.LongFirebaseTests;
				PRODUCT_NAME = "$(TARGET_NAME)";
				SWIFT_EMIT_LOC_STRINGS = NO;
				SWIFT_VERSION = 5.0;
				TARGETED_DEVICE_FAMILY = "1,2";
				TEST_HOST = "$(BUILT_PRODUCTS_DIR)/AppSample.app/$(BUNDLE_EXECUTABLE_FOLDER_PATH)/AppSample";
			};
			name = Debug;
		};
		0CE78F042C2FFE1C00B4284B /* Release */ = {
			isa = XCBuildConfiguration;
			buildSettings = {
				ALWAYS_EMBED_SWIFT_STANDARD_LIBRARIES = YES;
				CODE_SIGN_STYLE = Automatic;
				CURRENT_PROJECT_VERSION = 1;
				DEVELOPMENT_TEAM = ZMXVCZHUH3;
				GENERATE_INFOPLIST_FILE = YES;
				IPHONEOS_DEPLOYMENT_TARGET = 17.4;
				MARKETING_VERSION = 1.0;
				PRODUCT_BUNDLE_IDENTIFIER = com.base.teleprompter.LongFirebaseTests;
				PRODUCT_NAME = "$(TARGET_NAME)";
				SWIFT_EMIT_LOC_STRINGS = NO;
				SWIFT_VERSION = 5.0;
				TARGETED_DEVICE_FAMILY = "1,2";
				TEST_HOST = "$(BUILT_PRODUCTS_DIR)/AppSample.app/$(BUNDLE_EXECUTABLE_FOLDER_PATH)/AppSample";
			};
			name = Release;
		};
		21FFCC882C29508A00BD543A /* Debug */ = {
			isa = XCBuildConfiguration;
			buildSettings = {
				ALWAYS_SEARCH_USER_PATHS = NO;
				ASSETCATALOG_COMPILER_GENERATE_SWIFT_ASSET_SYMBOL_EXTENSIONS = YES;
				CLANG_ANALYZER_NONNULL = YES;
				CLANG_ANALYZER_NUMBER_OBJECT_CONVERSION = YES_AGGRESSIVE;
				CLANG_CXX_LANGUAGE_STANDARD = "gnu++20";
				CLANG_ENABLE_MODULES = YES;
				CLANG_ENABLE_OBJC_ARC = YES;
				CLANG_ENABLE_OBJC_WEAK = YES;
				CLANG_WARN_BLOCK_CAPTURE_AUTORELEASING = YES;
				CLANG_WARN_BOOL_CONVERSION = YES;
				CLANG_WARN_COMMA = YES;
				CLANG_WARN_CONSTANT_CONVERSION = YES;
				CLANG_WARN_DEPRECATED_OBJC_IMPLEMENTATIONS = YES;
				CLANG_WARN_DIRECT_OBJC_ISA_USAGE = YES_ERROR;
				CLANG_WARN_DOCUMENTATION_COMMENTS = YES;
				CLANG_WARN_EMPTY_BODY = YES;
				CLANG_WARN_ENUM_CONVERSION = YES;
				CLANG_WARN_INFINITE_RECURSION = YES;
				CLANG_WARN_INT_CONVERSION = YES;
				CLANG_WARN_NON_LITERAL_NULL_CONVERSION = YES;
				CLANG_WARN_OBJC_IMPLICIT_RETAIN_SELF = YES;
				CLANG_WARN_OBJC_LITERAL_CONVERSION = YES;
				CLANG_WARN_OBJC_ROOT_CLASS = YES_ERROR;
				CLANG_WARN_QUOTED_INCLUDE_IN_FRAMEWORK_HEADER = YES;
				CLANG_WARN_RANGE_LOOP_ANALYSIS = YES;
				CLANG_WARN_STRICT_PROTOTYPES = YES;
				CLANG_WARN_SUSPICIOUS_MOVE = YES;
				CLANG_WARN_UNGUARDED_AVAILABILITY = YES_AGGRESSIVE;
				CLANG_WARN_UNREACHABLE_CODE = YES;
				CLANG_WARN__DUPLICATE_METHOD_MATCH = YES;
				COPY_PHASE_STRIP = NO;
				CURRENT_PROJECT_VERSION = 1;
				DEBUG_INFORMATION_FORMAT = dwarf;
				ENABLE_STRICT_OBJC_MSGSEND = YES;
				ENABLE_TESTABILITY = YES;
				ENABLE_USER_SCRIPT_SANDBOXING = YES;
				GCC_C_LANGUAGE_STANDARD = gnu17;
				GCC_DYNAMIC_NO_PIC = NO;
				GCC_NO_COMMON_BLOCKS = YES;
				GCC_OPTIMIZATION_LEVEL = 0;
				GCC_PREPROCESSOR_DEFINITIONS = (
					"DEBUG=1",
					"$(inherited)",
				);
				GCC_WARN_64_TO_32_BIT_CONVERSION = YES;
				GCC_WARN_ABOUT_RETURN_TYPE = YES_ERROR;
				GCC_WARN_UNDECLARED_SELECTOR = YES;
				GCC_WARN_UNINITIALIZED_AUTOS = YES_AGGRESSIVE;
				GCC_WARN_UNUSED_FUNCTION = YES;
				GCC_WARN_UNUSED_VARIABLE = YES;
				IPHONEOS_DEPLOYMENT_TARGET = 15.0;
				LOCALIZATION_PREFERS_STRING_CATALOGS = YES;
				MTL_ENABLE_DEBUG_INFO = INCLUDE_SOURCE;
				MTL_FAST_MATH = YES;
				ONLY_ACTIVE_ARCH = YES;
				SDKROOT = iphoneos;
				SWIFT_ACTIVE_COMPILATION_CONDITIONS = "DEBUG $(inherited)";
				SWIFT_OPTIMIZATION_LEVEL = "-Onone";
				VERSIONING_SYSTEM = "apple-generic";
				VERSION_INFO_PREFIX = "";
			};
			name = Debug;
		};
		21FFCC892C29508A00BD543A /* Release */ = {
			isa = XCBuildConfiguration;
			buildSettings = {
				ALWAYS_SEARCH_USER_PATHS = NO;
				ASSETCATALOG_COMPILER_GENERATE_SWIFT_ASSET_SYMBOL_EXTENSIONS = YES;
				CLANG_ANALYZER_NONNULL = YES;
				CLANG_ANALYZER_NUMBER_OBJECT_CONVERSION = YES_AGGRESSIVE;
				CLANG_CXX_LANGUAGE_STANDARD = "gnu++20";
				CLANG_ENABLE_MODULES = YES;
				CLANG_ENABLE_OBJC_ARC = YES;
				CLANG_ENABLE_OBJC_WEAK = YES;
				CLANG_WARN_BLOCK_CAPTURE_AUTORELEASING = YES;
				CLANG_WARN_BOOL_CONVERSION = YES;
				CLANG_WARN_COMMA = YES;
				CLANG_WARN_CONSTANT_CONVERSION = YES;
				CLANG_WARN_DEPRECATED_OBJC_IMPLEMENTATIONS = YES;
				CLANG_WARN_DIRECT_OBJC_ISA_USAGE = YES_ERROR;
				CLANG_WARN_DOCUMENTATION_COMMENTS = YES;
				CLANG_WARN_EMPTY_BODY = YES;
				CLANG_WARN_ENUM_CONVERSION = YES;
				CLANG_WARN_INFINITE_RECURSION = YES;
				CLANG_WARN_INT_CONVERSION = YES;
				CLANG_WARN_NON_LITERAL_NULL_CONVERSION = YES;
				CLANG_WARN_OBJC_IMPLICIT_RETAIN_SELF = YES;
				CLANG_WARN_OBJC_LITERAL_CONVERSION = YES;
				CLANG_WARN_OBJC_ROOT_CLASS = YES_ERROR;
				CLANG_WARN_QUOTED_INCLUDE_IN_FRAMEWORK_HEADER = YES;
				CLANG_WARN_RANGE_LOOP_ANALYSIS = YES;
				CLANG_WARN_STRICT_PROTOTYPES = YES;
				CLANG_WARN_SUSPICIOUS_MOVE = YES;
				CLANG_WARN_UNGUARDED_AVAILABILITY = YES_AGGRESSIVE;
				CLANG_WARN_UNREACHABLE_CODE = YES;
				CLANG_WARN__DUPLICATE_METHOD_MATCH = YES;
				COPY_PHASE_STRIP = NO;
				CURRENT_PROJECT_VERSION = 1;
				DEBUG_INFORMATION_FORMAT = "dwarf-with-dsym";
				ENABLE_NS_ASSERTIONS = NO;
				ENABLE_STRICT_OBJC_MSGSEND = YES;
				ENABLE_USER_SCRIPT_SANDBOXING = YES;
				GCC_C_LANGUAGE_STANDARD = gnu17;
				GCC_NO_COMMON_BLOCKS = YES;
				GCC_WARN_64_TO_32_BIT_CONVERSION = YES;
				GCC_WARN_ABOUT_RETURN_TYPE = YES_ERROR;
				GCC_WARN_UNDECLARED_SELECTOR = YES;
				GCC_WARN_UNINITIALIZED_AUTOS = YES_AGGRESSIVE;
				GCC_WARN_UNUSED_FUNCTION = YES;
				GCC_WARN_UNUSED_VARIABLE = YES;
				IPHONEOS_DEPLOYMENT_TARGET = 15.0;
				LOCALIZATION_PREFERS_STRING_CATALOGS = YES;
				MTL_ENABLE_DEBUG_INFO = NO;
				MTL_FAST_MATH = YES;
				SDKROOT = iphoneos;
				SWIFT_COMPILATION_MODE = wholemodule;
				VALIDATE_PRODUCT = YES;
				VERSIONING_SYSTEM = "apple-generic";
				VERSION_INFO_PREFIX = "";
			};
			name = Release;
		};
		21FFCC8B2C29508A00BD543A /* Debug */ = {
			isa = XCBuildConfiguration;
			buildSettings = {
				BUILD_LIBRARY_FOR_DISTRIBUTION = YES;
				CLANG_ENABLE_MODULES = YES;
				CODE_SIGN_IDENTITY = "";
				CODE_SIGN_STYLE = Manual;
				CURRENT_PROJECT_VERSION = 1;
				DEFINES_MODULE = YES;
				DEVELOPMENT_TEAM = "";
				DYLIB_COMPATIBILITY_VERSION = 1;
				DYLIB_CURRENT_VERSION = 1;
				DYLIB_INSTALL_NAME_BASE = "@rpath";
				ENABLE_MODULE_VERIFIER = YES;
				GENERATE_INFOPLIST_FILE = YES;
				INFOPLIST_KEY_NSHumanReadableCopyright = "";
				INSTALL_PATH = "$(LOCAL_LIBRARY_DIR)/Frameworks";
				IPHONEOS_DEPLOYMENT_TARGET = "$(inherited)";
				LD_RUNPATH_SEARCH_PATHS = (
					"$(inherited)",
					"@executable_path/Frameworks",
					"@loader_path/Frameworks",
				);
				MARKETING_VERSION = 1.0;
				MODULE_VERIFIER_SUPPORTED_LANGUAGES = "objective-c objective-c++";
				MODULE_VERIFIER_SUPPORTED_LANGUAGE_STANDARDS = "gnu17 gnu++20";
				PRODUCT_BUNDLE_IDENTIFIER = com.longines.kit.core;
				PRODUCT_NAME = "$(TARGET_NAME:c99extidentifier)";
				PROVISIONING_PROFILE_SPECIFIER = "";
				SKIP_INSTALL = YES;
				SUPPORTED_PLATFORMS = "iphoneos iphonesimulator";
				SUPPORTS_MACCATALYST = NO;
				SUPPORTS_MAC_DESIGNED_FOR_IPHONE_IPAD = NO;
				SUPPORTS_XR_DESIGNED_FOR_IPHONE_IPAD = NO;
				SWIFT_EMIT_LOC_STRINGS = YES;
				SWIFT_OPTIMIZATION_LEVEL = "-Onone";
				SWIFT_VERSION = 5.0;
				TARGETED_DEVICE_FAMILY = 1;
			};
			name = Debug;
		};
		21FFCC8C2C29508A00BD543A /* Release */ = {
			isa = XCBuildConfiguration;
			buildSettings = {
				BUILD_LIBRARY_FOR_DISTRIBUTION = YES;
				CLANG_ENABLE_MODULES = YES;
				CODE_SIGN_IDENTITY = "";
				CODE_SIGN_STYLE = Automatic;
				CURRENT_PROJECT_VERSION = 1;
				DEFINES_MODULE = YES;
				DEVELOPMENT_TEAM = J4D7TC83XB;
				DYLIB_COMPATIBILITY_VERSION = 1;
				DYLIB_CURRENT_VERSION = 1;
				DYLIB_INSTALL_NAME_BASE = "@rpath";
				ENABLE_MODULE_VERIFIER = YES;
				GENERATE_INFOPLIST_FILE = YES;
				INFOPLIST_KEY_NSHumanReadableCopyright = "";
				INSTALL_PATH = "$(LOCAL_LIBRARY_DIR)/Frameworks";
				IPHONEOS_DEPLOYMENT_TARGET = "$(inherited)";
				LD_RUNPATH_SEARCH_PATHS = (
					"$(inherited)",
					"@executable_path/Frameworks",
					"@loader_path/Frameworks",
				);
				MARKETING_VERSION = 1.0;
				MODULE_VERIFIER_SUPPORTED_LANGUAGES = "objective-c objective-c++";
				MODULE_VERIFIER_SUPPORTED_LANGUAGE_STANDARDS = "gnu17 gnu++20";
				PRODUCT_BUNDLE_IDENTIFIER = com.longines.kit.core.LonginesKit;
				PRODUCT_NAME = "$(TARGET_NAME:c99extidentifier)";
				SKIP_INSTALL = YES;
				SUPPORTED_PLATFORMS = "iphoneos iphonesimulator";
				SUPPORTS_MACCATALYST = NO;
				SUPPORTS_MAC_DESIGNED_FOR_IPHONE_IPAD = NO;
				SUPPORTS_XR_DESIGNED_FOR_IPHONE_IPAD = NO;
				SWIFT_EMIT_LOC_STRINGS = YES;
				SWIFT_VERSION = 5.0;
				TARGETED_DEVICE_FAMILY = 1;
			};
			name = Release;
		};
		21FFCCAB2C295D9200BD543A /* Debug */ = {
			isa = XCBuildConfiguration;
			buildSettings = {
				ALWAYS_EMBED_SWIFT_STANDARD_LIBRARIES = YES;
				ASSETCATALOG_COMPILER_APPICON_NAME = AppIcon;
				ASSETCATALOG_COMPILER_GLOBAL_ACCENT_COLOR_NAME = AccentColor;
				CODE_SIGN_STYLE = Manual;
				CURRENT_PROJECT_VERSION = 1;
				DEVELOPMENT_TEAM = "";
				GENERATE_INFOPLIST_FILE = YES;
				INFOPLIST_FILE = AppSample/Info.plist;
				INFOPLIST_KEY_UIApplicationSupportsIndirectInputEvents = YES;
				INFOPLIST_KEY_UILaunchStoryboardName = LaunchScreen.storyboard;
				INFOPLIST_KEY_UISupportedInterfaceOrientations = UIInterfaceOrientationPortrait;
				INFOPLIST_KEY_UISupportedInterfaceOrientations_iPad = "UIInterfaceOrientationLandscapeLeft UIInterfaceOrientationLandscapeRight UIInterfaceOrientationPortrait UIInterfaceOrientationPortraitUpsideDown";
				IPHONEOS_DEPLOYMENT_TARGET = "$(inherited)";
				LD_RUNPATH_SEARCH_PATHS = (
					"$(inherited)",
					"@executable_path/Frameworks",
				);
				MARKETING_VERSION = 1.0;
				OTHER_LDFLAGS = "-ObjC";
				PRODUCT_BUNDLE_IDENTIFIER = com.longines.kit.core.AppSample;
				PRODUCT_NAME = "$(TARGET_NAME)";
				PROVISIONING_PROFILE_SPECIFIER = "";
				SUPPORTED_PLATFORMS = "iphoneos iphonesimulator";
				SUPPORTS_MACCATALYST = NO;
				SUPPORTS_MAC_DESIGNED_FOR_IPHONE_IPAD = NO;
				SUPPORTS_XR_DESIGNED_FOR_IPHONE_IPAD = NO;
				SWIFT_EMIT_LOC_STRINGS = YES;
				SWIFT_VERSION = 5.0;
				TARGETED_DEVICE_FAMILY = 1;
			};
			name = Debug;
		};
		21FFCCAC2C295D9200BD543A /* Release */ = {
			isa = XCBuildConfiguration;
			buildSettings = {
				ALWAYS_EMBED_SWIFT_STANDARD_LIBRARIES = YES;
				ASSETCATALOG_COMPILER_APPICON_NAME = AppIcon;
				ASSETCATALOG_COMPILER_GLOBAL_ACCENT_COLOR_NAME = AccentColor;
				CODE_SIGN_STYLE = Manual;
				CURRENT_PROJECT_VERSION = 1;
				DEVELOPMENT_TEAM = "";
				GENERATE_INFOPLIST_FILE = YES;
				INFOPLIST_FILE = AppSample/Info.plist;
				INFOPLIST_KEY_UIApplicationSupportsIndirectInputEvents = YES;
				INFOPLIST_KEY_UILaunchStoryboardName = LaunchScreen.storyboard;
				INFOPLIST_KEY_UISupportedInterfaceOrientations = UIInterfaceOrientationPortrait;
				INFOPLIST_KEY_UISupportedInterfaceOrientations_iPad = "UIInterfaceOrientationLandscapeLeft UIInterfaceOrientationLandscapeRight UIInterfaceOrientationPortrait UIInterfaceOrientationPortraitUpsideDown";
				IPHONEOS_DEPLOYMENT_TARGET = "$(inherited)";
				LD_RUNPATH_SEARCH_PATHS = (
					"$(inherited)",
					"@executable_path/Frameworks",
				);
				MARKETING_VERSION = 1.0;
				OTHER_LDFLAGS = "-ObjC";
				PRODUCT_BUNDLE_IDENTIFIER = com.longines.kit.core.AppSample;
				PRODUCT_NAME = "$(TARGET_NAME)";
				PROVISIONING_PROFILE_SPECIFIER = "";
				SUPPORTED_PLATFORMS = "iphoneos iphonesimulator";
				SUPPORTS_MACCATALYST = NO;
				SUPPORTS_MAC_DESIGNED_FOR_IPHONE_IPAD = NO;
				SUPPORTS_XR_DESIGNED_FOR_IPHONE_IPAD = NO;
				SWIFT_EMIT_LOC_STRINGS = YES;
				SWIFT_VERSION = 5.0;
				TARGETED_DEVICE_FAMILY = 1;
			};
			name = Release;
		};
/* End XCBuildConfiguration section */

/* Begin XCConfigurationList section */
		0CE78EDF2C2FFCE200B4284B /* Build configuration list for PBXNativeTarget "LonginesFirebase" */ = {
			isa = XCConfigurationList;
			buildConfigurations = (
				0CE78EE02C2FFCE200B4284B /* Debug */,
				0CE78EE12C2FFCE200B4284B /* Release */,
			);
			defaultConfigurationIsVisible = 0;
			defaultConfigurationName = Release;
		};
		0CE78EFF2C2FFE1C00B4284B /* Build configuration list for PBXNativeTarget "LongFirebase" */ = {
			isa = XCConfigurationList;
			buildConfigurations = (
				0CE78F002C2FFE1C00B4284B /* Debug */,
				0CE78F012C2FFE1C00B4284B /* Release */,
			);
			defaultConfigurationIsVisible = 0;
			defaultConfigurationName = Release;
		};
		0CE78F022C2FFE1C00B4284B /* Build configuration list for PBXNativeTarget "LongFirebaseTests" */ = {
			isa = XCConfigurationList;
			buildConfigurations = (
				0CE78F032C2FFE1C00B4284B /* Debug */,
				0CE78F042C2FFE1C00B4284B /* Release */,
			);
			defaultConfigurationIsVisible = 0;
			defaultConfigurationName = Release;
		};
		21FFCC7D2C29508A00BD543A /* Build configuration list for PBXProject "LonginesKit" */ = {
			isa = XCConfigurationList;
			buildConfigurations = (
				21FFCC882C29508A00BD543A /* Debug */,
				21FFCC892C29508A00BD543A /* Release */,
			);
			defaultConfigurationIsVisible = 0;
			defaultConfigurationName = Release;
		};
		21FFCC8A2C29508A00BD543A /* Build configuration list for PBXNativeTarget "LonginesKit" */ = {
			isa = XCConfigurationList;
			buildConfigurations = (
				21FFCC8B2C29508A00BD543A /* Debug */,
				21FFCC8C2C29508A00BD543A /* Release */,
			);
			defaultConfigurationIsVisible = 0;
			defaultConfigurationName = Release;
		};
		21FFCCAA2C295D9200BD543A /* Build configuration list for PBXNativeTarget "AppSample" */ = {
			isa = XCConfigurationList;
			buildConfigurations = (
				21FFCCAB2C295D9200BD543A /* Debug */,
				21FFCCAC2C295D9200BD543A /* Release */,
			);
			defaultConfigurationIsVisible = 0;
			defaultConfigurationName = Release;
		};
/* End XCConfigurationList section */
	};
	rootObject = 21FFCC7A2C29508A00BD543A /* Project object */;
}
